<?xml version="1.0" encoding="utf-8"?>
<Project ToolsVersion="4.0" xmlns="http://schemas.microsoft.com/developer/msbuild/2003">
  <ItemGroup>
    <Filter Include="Source Files">
      <UniqueIdentifier>{4FC737F1-C7A5-4376-A066-2A32D752A2FF}</UniqueIdentifier>
      <Extensions>cpp;c;cc;cxx;c++;cppm;ixx;def;odl;idl;hpj;bat;asm;asmx</Extensions>
    </Filter>
    <Filter Include="Header Files">
      <UniqueIdentifier>{93995380-89BD-4b04-88EB-625FBE52EBFB}</UniqueIdentifier>
      <Extensions>h;hh;hpp;hxx;h++;hm;inl;inc;ipp;xsd</Extensions>
    </Filter>
    <Filter Include="Resource Files">
      <UniqueIdentifier>{67DA6AB6-F800-4c08-8B7A-83BB121AAD01}</UniqueIdentifier>
      <Extensions>rc;ico;cur;bmp;dlg;rc2;rct;bin;rgs;gif;jpg;jpeg;jpe;resx;tiff;tif;png;wav;mfcribbon-ms</Extensions>
    </Filter>
  </ItemGroup>
  <ItemGroup>
    <ClCompile Include="Source\ING\Utils\Board\Board.cpp">
      <Filter>Source Files</Filter>
    </ClCompile>
    <ClCompile Include="Source\ING\Utils\Board\Square\Square.cpp">
      <Filter>Source Files</Filter>
    </ClCompile>
    <ClCompile Include="Source\ING\Utils\IdGenerator\IdGenerator.cpp">
      <Filter>Source Files</Filter>
    </ClCompile>
    <ClCompile Include="Source\ING\Window\Window.cpp">
      <Filter>Source Files</Filter>
    </ClCompile>
    <ClCompile Include="Source\ING\Application\Application.cpp">
      <Filter>Source Files</Filter>
    </ClCompile>
    <ClCompile Include="Source\ING\Event\Event.cpp">
      <Filter>Source Files</Filter>
    </ClCompile>
    <ClCompile Include="Source\ING\Event\Manager\Manager.cpp">
      <Filter>Source Files</Filter>
    </ClCompile>
    <ClCompile Include="Source\ING\Utils\Singleton\Singleton.cpp">
      <Filter>Source Files</Filter>
    </ClCompile>
    <ClCompile Include="Source\ING\Thread\Thread.cpp">
      <Filter>Source Files</Filter>
    </ClCompile>
    <ClCompile Include="Source\ING\Thread\Manager\Manager.cpp">
      <Filter>Source Files</Filter>
    </ClCompile>
    <ClCompile Include="EventManager.cpp">
      <Filter>Source Files</Filter>
    </ClCompile>
  </ItemGroup>
  <ItemGroup>
    <ClInclude Include="Source\ING\Utils\Board\Board.h">
      <Filter>Header Files</Filter>
    </ClInclude>
    <ClInclude Include="Source\ING\Utils\Board\Square\Square.h">
      <Filter>Header Files</Filter>
    </ClInclude>
    <ClInclude Include="Source\ING\Utils\IdGenerator\IdGenerator.h">
      <Filter>Header Files</Filter>
    </ClInclude>
    <ClInclude Include="Source\ING\Utils\MTArray\MTArray.h">
      <Filter>Header Files</Filter>
    </ClInclude>
    <ClInclude Include="Source\ING\Utils\Singleton\Singleton.h">
      <Filter>Header Files</Filter>
    </ClInclude>
    <ClInclude Include="Source\ING\Utils\Types.h">
      <Filter>Header Files</Filter>
    </ClInclude>
    <ClInclude Include="Source\ING\Utils\Utils.h">
      <Filter>Header Files</Filter>
    </ClInclude>
    <ClInclude Include="Source\ING\Window\Window.h">
      <Filter>Header Files</Filter>
    </ClInclude>
    <ClInclude Include="Source\ING\ING.h">
      <Filter>Header Files</Filter>
    </ClInclude>
    <ClInclude Include="Source\ING\Application\Application.h">
      <Filter>Header Files</Filter>
    </ClInclude>
    <ClInclude Include="Source\ING\Event\Event.h">
      <Filter>Header Files</Filter>
    </ClInclude>
    <ClInclude Include="Source\ING\Rendering\Rendering.h">
      <Filter>Header Files</Filter>
    </ClInclude>
    <ClInclude Include="Source\ING\Event\Manager\Manager.h">
      <Filter>Header Files</Filter>
    </ClInclude>
    <ClInclude Include="Source\ING\Thread\Thread.h">
      <Filter>Header Files</Filter>
    </ClInclude>
    <ClInclude Include="Source\ING\Thread\Manager\Manager.h">
      <Filter>Header Files</Filter>
    </ClInclude>
    <ClInclude Include="Source\ING\EntryPoint\EntryPoint.h">
      <Filter>Header Files</Filter>
    </ClInclude>
    <ClInclude Include="EventManager.h">
      <Filter>Header Files</Filter>
    </ClInclude>
  </ItemGroup>
  <ItemGroup>
    <None Include="Source\ING\Utils\Singleton\Singleton.tpp" />
  </ItemGroup>
</Project>