
Microsoft Visual Studio Solution File, Format Version 12.00
# Visual Studio Version 17
VisualStudioVersion = 17.1.32210.238
MinimumVisualStudioVersion = 10.0.40219.1
Project("{2150E333-8FDC-42A3-9474-1A3956D46DE8}") = "Dependencies", "Dependencies", "{9A443CB1-6864-47D4-991D-4D5DA2D8260D}"
EndProject
Project("{2150E333-8FDC-42A3-9474-1A3956D46DE8}") = "DirectXTex", "DirectXTex", "{34790377-8689-4E58-8744-DE4E66454DF6}"
EndProject
Project("{2150E333-8FDC-42A3-9474-1A3956D46DE8}") = "Demos", "Demos", "{0EAB57AD-3D4E-4B5B-A5CA-076A46B8B868}"
EndProject
Project("{2150E333-8FDC-42A3-9474-1A3956D46DE8}") = "Engine", "Engine", "{AE032D24-4B9F-45C2-AE6F-9A5203BA9A11}"
EndProject
Project("{2150E333-8FDC-42A3-9474-1A3956D46DE8}") = "Engine", "Engine", "{1B5A155F-9F81-4089-B872-B7DDF932315B}"
EndProject
Project("{8BC9CEB8-8B4A-11D0-8D11-00A0C91BC942}") = "MainDLL", "Source\Engine\MainDLL\MainDLL_VS2022.vcxproj", "{B493F4A1-CD82-465D-8212-FD99FA0145B1}"
	ProjectSection(ProjectDependencies) = postProject
		{5419D221-8EA8-4780-960A-A5A1649EF8CB} = {5419D221-8EA8-4780-960A-A5A1649EF8CB}
		{371B9FA9-4C90-4AC6-A123-ACED756D6C77} = {371B9FA9-4C90-4AC6-A123-ACED756D6C77}
	EndProjectSection
EndProject
Project("{8BC9CEB8-8B4A-11D0-8D11-00A0C91BC942}") = "DirectXTex", "Source\Dependencies\DirectXTex\DirectXTex\DirectXTex_Desktop_2022.vcxproj", "{371B9FA9-4C90-4AC6-A123-ACED756D6C77}"
EndProject
Project("{8BC9CEB8-8B4A-11D0-8D11-00A0C91BC942}") = "Runtime", "Source\Engine\Runtime\Runtime_VS2022.vcxproj", "{8C9FE286-F738-44A0-BD17-A2119EB18AB2}"
	ProjectSection(ProjectDependencies) = postProject
		{B493F4A1-CD82-465D-8212-FD99FA0145B1} = {B493F4A1-CD82-465D-8212-FD99FA0145B1}
	EndProjectSection
EndProject
Project("{2150E333-8FDC-42A3-9474-1A3956D46DE8}") = "MainDLL", "MainDLL", "{2F7DDA33-663D-4FC1-B093-BE722EE758FD}"
EndProject
Project("{8BC9CEB8-8B4A-11D0-8D11-00A0C91BC942}") = "Runtime", "Source\Demos\Engine\MainDLL\Runtime\Runtime_VS2022.vcxproj", "{90D96CED-3682-4A63-A3B8-257E81733CEF}"
	ProjectSection(ProjectDependencies) = postProject
		{8E8B6726-4DB9-4136-802F-4944D59B41B4} = {8E8B6726-4DB9-4136-802F-4944D59B41B4}
		{13030969-0A5B-46BC-8CFB-70E30ABA3CAB} = {13030969-0A5B-46BC-8CFB-70E30ABA3CAB}
		{B493F4A1-CD82-465D-8212-FD99FA0145B1} = {B493F4A1-CD82-465D-8212-FD99FA0145B1}
	EndProjectSection
EndProject
Project("{2150E333-8FDC-42A3-9474-1A3956D46DE8}") = "Scripting", "Scripting", "{F48E6D4D-DA87-4B61-8B55-5FAF0FE69626}"
EndProject
Project("{2150E333-8FDC-42A3-9474-1A3956D46DE8}") = "CSharp", "CSharp", "{E6D74FA5-4CFE-4DD3-8794-9105AD3B304C}"
EndProject
Project("{FAE04EC0-301F-11D3-BF4B-00C04F79EFBC}") = "MainDLL_VS2022", "Source\Engine\Scripting\CSharp\MainDLL\MainDLL_VS2022.csproj", "{5419D221-8EA8-4780-960A-A5A1649EF8CB}"
EndProject
Project("{2150E333-8FDC-42A3-9474-1A3956D46DE8}") = "Tools", "Tools", "{9C900B56-988E-40A3-9202-DAE527F53548}"
EndProject
Project("{FAE04EC0-301F-11D3-BF4B-00C04F79EFBC}") = "EngineBuilderCaller_VS2022", "Source\Demos\Engine\MainDLL\Builder\EngineBuilderCaller_VS2022.csproj", "{8E8B6726-4DB9-4136-802F-4944D59B41B4}"
	ProjectSection(ProjectDependencies) = postProject
		{34E6F887-48A7-4707-BAAD-FCA78B55E136} = {34E6F887-48A7-4707-BAAD-FCA78B55E136}
		{B493F4A1-CD82-465D-8212-FD99FA0145B1} = {B493F4A1-CD82-465D-8212-FD99FA0145B1}
	EndProjectSection
EndProject
Project("{8BC9CEB8-8B4A-11D0-8D11-00A0C91BC942}") = "EngineBuilder", "Source\Tools\EngineBuilder\EngineBuilder_VS2022.vcxproj", "{34E6F887-48A7-4707-BAAD-FCA78B55E136}"
EndProject
Project("{FAE04EC0-301F-11D3-BF4B-00C04F79EFBC}") = "CSharpScripting_VS2022", "Source\Demos\Engine\MainDLL\CSharpScripting\CSharpScripting_VS2022.csproj", "{13030969-0A5B-46BC-8CFB-70E30ABA3CAB}"
	ProjectSection(ProjectDependencies) = postProject
		{5419D221-8EA8-4780-960A-A5A1649EF8CB} = {5419D221-8EA8-4780-960A-A5A1649EF8CB}
	EndProjectSection
EndProject
Global
	GlobalSection(SolutionConfigurationPlatforms) = preSolution
		Debug|Any CPU = Debug|Any CPU
		Debug|x64 = Debug|x64
		Debug|x86 = Debug|x86
		Profile|Any CPU = Profile|Any CPU
		Profile|x64 = Profile|x64
		Profile|x86 = Profile|x86
		Release|Any CPU = Release|Any CPU
		Release|x64 = Release|x64
		Release|x86 = Release|x86
	EndGlobalSection
	GlobalSection(ProjectConfigurationPlatforms) = postSolution
		{B493F4A1-CD82-465D-8212-FD99FA0145B1}.Debug|Any CPU.ActiveCfg = Debug|x64
		{B493F4A1-CD82-465D-8212-FD99FA0145B1}.Debug|Any CPU.Build.0 = Debug|x64
		{B493F4A1-CD82-465D-8212-FD99FA0145B1}.Debug|x64.ActiveCfg = Debug|x64
		{B493F4A1-CD82-465D-8212-FD99FA0145B1}.Debug|x64.Build.0 = Debug|x64
		{B493F4A1-CD82-465D-8212-FD99FA0145B1}.Debug|x86.ActiveCfg = Debug|Win32
		{B493F4A1-CD82-465D-8212-FD99FA0145B1}.Debug|x86.Build.0 = Debug|Win32
		{B493F4A1-CD82-465D-8212-FD99FA0145B1}.Profile|Any CPU.ActiveCfg = Release|Win32
		{B493F4A1-CD82-465D-8212-FD99FA0145B1}.Profile|Any CPU.Build.0 = Release|Win32
		{B493F4A1-CD82-465D-8212-FD99FA0145B1}.Profile|x64.ActiveCfg = Debug2|x64
		{B493F4A1-CD82-465D-8212-FD99FA0145B1}.Profile|x64.Build.0 = Debug2|x64
		{B493F4A1-CD82-465D-8212-FD99FA0145B1}.Profile|x86.ActiveCfg = Debug|Win32
		{B493F4A1-CD82-465D-8212-FD99FA0145B1}.Profile|x86.Build.0 = Debug|Win32
		{B493F4A1-CD82-465D-8212-FD99FA0145B1}.Release|Any CPU.ActiveCfg = Release|x64
		{B493F4A1-CD82-465D-8212-FD99FA0145B1}.Release|Any CPU.Build.0 = Release|x64
		{B493F4A1-CD82-465D-8212-FD99FA0145B1}.Release|x64.ActiveCfg = Release|x64
		{B493F4A1-CD82-465D-8212-FD99FA0145B1}.Release|x64.Build.0 = Release|x64
		{B493F4A1-CD82-465D-8212-FD99FA0145B1}.Release|x86.ActiveCfg = Release|Win32
		{B493F4A1-CD82-465D-8212-FD99FA0145B1}.Release|x86.Build.0 = Release|Win32
		{371B9FA9-4C90-4AC6-A123-ACED756D6C77}.Debug|Any CPU.ActiveCfg = Debug|x64
		{371B9FA9-4C90-4AC6-A123-ACED756D6C77}.Debug|Any CPU.Build.0 = Debug|x64
		{371B9FA9-4C90-4AC6-A123-ACED756D6C77}.Debug|x64.ActiveCfg = Debug|x64
		{371B9FA9-4C90-4AC6-A123-ACED756D6C77}.Debug|x64.Build.0 = Debug|x64
		{371B9FA9-4C90-4AC6-A123-ACED756D6C77}.Debug|x86.ActiveCfg = Debug|Win32
		{371B9FA9-4C90-4AC6-A123-ACED756D6C77}.Debug|x86.Build.0 = Debug|Win32
		{371B9FA9-4C90-4AC6-A123-ACED756D6C77}.Profile|Any CPU.ActiveCfg = Profile|x64
		{371B9FA9-4C90-4AC6-A123-ACED756D6C77}.Profile|Any CPU.Build.0 = Profile|x64
		{371B9FA9-4C90-4AC6-A123-ACED756D6C77}.Profile|x64.ActiveCfg = Profile|x64
		{371B9FA9-4C90-4AC6-A123-ACED756D6C77}.Profile|x64.Build.0 = Profile|x64
		{371B9FA9-4C90-4AC6-A123-ACED756D6C77}.Profile|x86.ActiveCfg = Profile|Win32
		{371B9FA9-4C90-4AC6-A123-ACED756D6C77}.Profile|x86.Build.0 = Profile|Win32
		{371B9FA9-4C90-4AC6-A123-ACED756D6C77}.Release|Any CPU.ActiveCfg = Release|x64
		{371B9FA9-4C90-4AC6-A123-ACED756D6C77}.Release|Any CPU.Build.0 = Release|x64
		{371B9FA9-4C90-4AC6-A123-ACED756D6C77}.Release|x64.ActiveCfg = Release|x64
		{371B9FA9-4C90-4AC6-A123-ACED756D6C77}.Release|x64.Build.0 = Release|x64
		{371B9FA9-4C90-4AC6-A123-ACED756D6C77}.Release|x86.ActiveCfg = Release|Win32
		{371B9FA9-4C90-4AC6-A123-ACED756D6C77}.Release|x86.Build.0 = Release|Win32
		{8C9FE286-F738-44A0-BD17-A2119EB18AB2}.Debug|Any CPU.ActiveCfg = Debug|x64
		{8C9FE286-F738-44A0-BD17-A2119EB18AB2}.Debug|Any CPU.Build.0 = Debug|x64
		{8C9FE286-F738-44A0-BD17-A2119EB18AB2}.Debug|x64.ActiveCfg = Debug|x64
		{8C9FE286-F738-44A0-BD17-A2119EB18AB2}.Debug|x64.Build.0 = Debug|x64
		{8C9FE286-F738-44A0-BD17-A2119EB18AB2}.Debug|x86.ActiveCfg = Debug|Win32
		{8C9FE286-F738-44A0-BD17-A2119EB18AB2}.Debug|x86.Build.0 = Debug|Win32
		{8C9FE286-F738-44A0-BD17-A2119EB18AB2}.Profile|Any CPU.ActiveCfg = Release|Win32
		{8C9FE286-F738-44A0-BD17-A2119EB18AB2}.Profile|Any CPU.Build.0 = Release|Win32
		{8C9FE286-F738-44A0-BD17-A2119EB18AB2}.Profile|x64.ActiveCfg = Debug2|x64
		{8C9FE286-F738-44A0-BD17-A2119EB18AB2}.Profile|x64.Build.0 = Debug2|x64
		{8C9FE286-F738-44A0-BD17-A2119EB18AB2}.Profile|x86.ActiveCfg = Debug2|Win32
		{8C9FE286-F738-44A0-BD17-A2119EB18AB2}.Profile|x86.Build.0 = Debug2|Win32
		{8C9FE286-F738-44A0-BD17-A2119EB18AB2}.Release|Any CPU.ActiveCfg = Release|x64
		{8C9FE286-F738-44A0-BD17-A2119EB18AB2}.Release|Any CPU.Build.0 = Release|x64
		{8C9FE286-F738-44A0-BD17-A2119EB18AB2}.Release|x64.ActiveCfg = Release|x64
		{8C9FE286-F738-44A0-BD17-A2119EB18AB2}.Release|x64.Build.0 = Release|x64
		{8C9FE286-F738-44A0-BD17-A2119EB18AB2}.Release|x86.ActiveCfg = Release|Win32
		{8C9FE286-F738-44A0-BD17-A2119EB18AB2}.Release|x86.Build.0 = Release|Win32
		{90D96CED-3682-4A63-A3B8-257E81733CEF}.Debug|Any CPU.ActiveCfg = Debug|x64
		{90D96CED-3682-4A63-A3B8-257E81733CEF}.Debug|Any CPU.Build.0 = Debug|x64
		{90D96CED-3682-4A63-A3B8-257E81733CEF}.Debug|x64.ActiveCfg = Debug|x64
		{90D96CED-3682-4A63-A3B8-257E81733CEF}.Debug|x64.Build.0 = Debug|x64
		{90D96CED-3682-4A63-A3B8-257E81733CEF}.Debug|x86.ActiveCfg = Debug|Win32
		{90D96CED-3682-4A63-A3B8-257E81733CEF}.Debug|x86.Build.0 = Debug|Win32
		{90D96CED-3682-4A63-A3B8-257E81733CEF}.Profile|Any CPU.ActiveCfg = Debug|Win32
		{90D96CED-3682-4A63-A3B8-257E81733CEF}.Profile|Any CPU.Build.0 = Debug|Win32
		{90D96CED-3682-4A63-A3B8-257E81733CEF}.Profile|x64.ActiveCfg = Debug2|x64
		{90D96CED-3682-4A63-A3B8-257E81733CEF}.Profile|x64.Build.0 = Debug2|x64
		{90D96CED-3682-4A63-A3B8-257E81733CEF}.Profile|x86.ActiveCfg = Debug|Win32
		{90D96CED-3682-4A63-A3B8-257E81733CEF}.Profile|x86.Build.0 = Debug|Win32
		{90D96CED-3682-4A63-A3B8-257E81733CEF}.Release|Any CPU.ActiveCfg = Release|x64
		{90D96CED-3682-4A63-A3B8-257E81733CEF}.Release|Any CPU.Build.0 = Release|x64
		{90D96CED-3682-4A63-A3B8-257E81733CEF}.Release|x64.ActiveCfg = Release|x64
		{90D96CED-3682-4A63-A3B8-257E81733CEF}.Release|x64.Build.0 = Release|x64
		{90D96CED-3682-4A63-A3B8-257E81733CEF}.Release|x86.ActiveCfg = Release|Win32
		{90D96CED-3682-4A63-A3B8-257E81733CEF}.Release|x86.Build.0 = Release|Win32
		{5419D221-8EA8-4780-960A-A5A1649EF8CB}.Debug|Any CPU.ActiveCfg = Debug|Any CPU
		{5419D221-8EA8-4780-960A-A5A1649EF8CB}.Debug|Any CPU.Build.0 = Debug|Any CPU
		{5419D221-8EA8-4780-960A-A5A1649EF8CB}.Debug|x64.ActiveCfg = Debug|x64
		{5419D221-8EA8-4780-960A-A5A1649EF8CB}.Debug|x64.Build.0 = Debug|x64
		{5419D221-8EA8-4780-960A-A5A1649EF8CB}.Debug|x86.ActiveCfg = Debug|x86
		{5419D221-8EA8-4780-960A-A5A1649EF8CB}.Debug|x86.Build.0 = Debug|x86
		{5419D221-8EA8-4780-960A-A5A1649EF8CB}.Profile|Any CPU.ActiveCfg = Debug|Any CPU
		{5419D221-8EA8-4780-960A-A5A1649EF8CB}.Profile|Any CPU.Build.0 = Debug|Any CPU
		{5419D221-8EA8-4780-960A-A5A1649EF8CB}.Profile|x64.ActiveCfg = Debug|Any CPU
		{5419D221-8EA8-4780-960A-A5A1649EF8CB}.Profile|x64.Build.0 = Debug|Any CPU
		{5419D221-8EA8-4780-960A-A5A1649EF8CB}.Profile|x86.ActiveCfg = Debug|Any CPU
		{5419D221-8EA8-4780-960A-A5A1649EF8CB}.Profile|x86.Build.0 = Debug|Any CPU
		{5419D221-8EA8-4780-960A-A5A1649EF8CB}.Release|Any CPU.ActiveCfg = Release|Any CPU
		{5419D221-8EA8-4780-960A-A5A1649EF8CB}.Release|Any CPU.Build.0 = Release|Any CPU
		{5419D221-8EA8-4780-960A-A5A1649EF8CB}.Release|x64.ActiveCfg = Release|Any CPU
		{5419D221-8EA8-4780-960A-A5A1649EF8CB}.Release|x64.Build.0 = Release|Any CPU
		{5419D221-8EA8-4780-960A-A5A1649EF8CB}.Release|x86.ActiveCfg = Release|Any CPU
		{5419D221-8EA8-4780-960A-A5A1649EF8CB}.Release|x86.Build.0 = Release|Any CPU
		{8E8B6726-4DB9-4136-802F-4944D59B41B4}.Debug|Any CPU.ActiveCfg = Debug|Any CPU
		{8E8B6726-4DB9-4136-802F-4944D59B41B4}.Debug|Any CPU.Build.0 = Debug|Any CPU
		{8E8B6726-4DB9-4136-802F-4944D59B41B4}.Debug|x64.ActiveCfg = Debug|x64
		{8E8B6726-4DB9-4136-802F-4944D59B41B4}.Debug|x64.Build.0 = Debug|x64
		{8E8B6726-4DB9-4136-802F-4944D59B41B4}.Debug|x86.ActiveCfg = Debug|x86
		{8E8B6726-4DB9-4136-802F-4944D59B41B4}.Debug|x86.Build.0 = Debug|x86
		{8E8B6726-4DB9-4136-802F-4944D59B41B4}.Profile|Any CPU.ActiveCfg = Debug|Any CPU
		{8E8B6726-4DB9-4136-802F-4944D59B41B4}.Profile|Any CPU.Build.0 = Debug|Any CPU
		{8E8B6726-4DB9-4136-802F-4944D59B41B4}.Profile|x64.ActiveCfg = Debug|Any CPU
		{8E8B6726-4DB9-4136-802F-4944D59B41B4}.Profile|x64.Build.0 = Debug|Any CPU
		{8E8B6726-4DB9-4136-802F-4944D59B41B4}.Profile|x86.ActiveCfg = Debug|Any CPU
		{8E8B6726-4DB9-4136-802F-4944D59B41B4}.Profile|x86.Build.0 = Debug|Any CPU
		{8E8B6726-4DB9-4136-802F-4944D59B41B4}.Release|Any CPU.ActiveCfg = Release|Any CPU
		{8E8B6726-4DB9-4136-802F-4944D59B41B4}.Release|Any CPU.Build.0 = Release|Any CPU
		{8E8B6726-4DB9-4136-802F-4944D59B41B4}.Release|x64.ActiveCfg = Release|Any CPU
		{8E8B6726-4DB9-4136-802F-4944D59B41B4}.Release|x64.Build.0 = Release|Any CPU
		{8E8B6726-4DB9-4136-802F-4944D59B41B4}.Release|x86.ActiveCfg = Release|Any CPU
		{8E8B6726-4DB9-4136-802F-4944D59B41B4}.Release|x86.Build.0 = Release|Any CPU
		{34E6F887-48A7-4707-BAAD-FCA78B55E136}.Debug|Any CPU.ActiveCfg = Debug|x64
		{34E6F887-48A7-4707-BAAD-FCA78B55E136}.Debug|Any CPU.Build.0 = Debug|x64
		{34E6F887-48A7-4707-BAAD-FCA78B55E136}.Debug|x64.ActiveCfg = Debug|x64
		{34E6F887-48A7-4707-BAAD-FCA78B55E136}.Debug|x64.Build.0 = Debug|x64
		{34E6F887-48A7-4707-BAAD-FCA78B55E136}.Debug|x86.ActiveCfg = Debug|Win32
		{34E6F887-48A7-4707-BAAD-FCA78B55E136}.Debug|x86.Build.0 = Debug|Win32
		{34E6F887-48A7-4707-BAAD-FCA78B55E136}.Profile|Any CPU.ActiveCfg = Debug|Win32
		{34E6F887-48A7-4707-BAAD-FCA78B55E136}.Profile|Any CPU.Build.0 = Debug|Win32
		{34E6F887-48A7-4707-BAAD-FCA78B55E136}.Profile|x64.ActiveCfg = Debug|x64
		{34E6F887-48A7-4707-BAAD-FCA78B55E136}.Profile|x64.Build.0 = Debug|x64
		{34E6F887-48A7-4707-BAAD-FCA78B55E136}.Profile|x86.ActiveCfg = Debug|Win32
		{34E6F887-48A7-4707-BAAD-FCA78B55E136}.Profile|x86.Build.0 = Debug|Win32
		{34E6F887-48A7-4707-BAAD-FCA78B55E136}.Release|Any CPU.ActiveCfg = Release|x64
		{34E6F887-48A7-4707-BAAD-FCA78B55E136}.Release|Any CPU.Build.0 = Release|x64
		{34E6F887-48A7-4707-BAAD-FCA78B55E136}.Release|x64.ActiveCfg = Release|x64
		{34E6F887-48A7-4707-BAAD-FCA78B55E136}.Release|x64.Build.0 = Release|x64
		{34E6F887-48A7-4707-BAAD-FCA78B55E136}.Release|x86.ActiveCfg = Release|Win32
		{34E6F887-48A7-4707-BAAD-FCA78B55E136}.Release|x86.Build.0 = Release|Win32
		{13030969-0A5B-46BC-8CFB-70E30ABA3CAB}.Debug|Any CPU.ActiveCfg = Debug|x64
		{13030969-0A5B-46BC-8CFB-70E30ABA3CAB}.Debug|Any CPU.Build.0 = Debug|x64
		{13030969-0A5B-46BC-8CFB-70E30ABA3CAB}.Debug|x64.ActiveCfg = Debug|x64
		{13030969-0A5B-46BC-8CFB-70E30ABA3CAB}.Debug|x64.Build.0 = Debug|x64
		{13030969-0A5B-46BC-8CFB-70E30ABA3CAB}.Debug|x86.ActiveCfg = Debug|x86
		{13030969-0A5B-46BC-8CFB-70E30ABA3CAB}.Debug|x86.Build.0 = Debug|x86
		{13030969-0A5B-46BC-8CFB-70E30ABA3CAB}.Profile|Any CPU.ActiveCfg = Debug|x64
		{13030969-0A5B-46BC-8CFB-70E30ABA3CAB}.Profile|Any CPU.Build.0 = Debug|x64
		{13030969-0A5B-46BC-8CFB-70E30ABA3CAB}.Profile|x64.ActiveCfg = Debug|x64
		{13030969-0A5B-46BC-8CFB-70E30ABA3CAB}.Profile|x64.Build.0 = Debug|x64
		{13030969-0A5B-46BC-8CFB-70E30ABA3CAB}.Profile|x86.ActiveCfg = Debug|x86
		{13030969-0A5B-46BC-8CFB-70E30ABA3CAB}.Profile|x86.Build.0 = Debug|x86
		{13030969-0A5B-46BC-8CFB-70E30ABA3CAB}.Release|Any CPU.ActiveCfg = Release|x64
		{13030969-0A5B-46BC-8CFB-70E30ABA3CAB}.Release|Any CPU.Build.0 = Release|x64
		{13030969-0A5B-46BC-8CFB-70E30ABA3CAB}.Release|x64.ActiveCfg = Release|x64
		{13030969-0A5B-46BC-8CFB-70E30ABA3CAB}.Release|x64.Build.0 = Release|x64
		{13030969-0A5B-46BC-8CFB-70E30ABA3CAB}.Release|x86.ActiveCfg = Release|x86
		{13030969-0A5B-46BC-8CFB-70E30ABA3CAB}.Release|x86.Build.0 = Release|x86
	EndGlobalSection
	GlobalSection(SolutionProperties) = preSolution
		HideSolutionNode = FALSE
	EndGlobalSection
	GlobalSection(NestedProjects) = preSolution
		{34790377-8689-4E58-8744-DE4E66454DF6} = {9A443CB1-6864-47D4-991D-4D5DA2D8260D}
		{1B5A155F-9F81-4089-B872-B7DDF932315B} = {0EAB57AD-3D4E-4B5B-A5CA-076A46B8B868}
		{B493F4A1-CD82-465D-8212-FD99FA0145B1} = {AE032D24-4B9F-45C2-AE6F-9A5203BA9A11}
		{371B9FA9-4C90-4AC6-A123-ACED756D6C77} = {34790377-8689-4E58-8744-DE4E66454DF6}
		{8C9FE286-F738-44A0-BD17-A2119EB18AB2} = {AE032D24-4B9F-45C2-AE6F-9A5203BA9A11}
		{2F7DDA33-663D-4FC1-B093-BE722EE758FD} = {1B5A155F-9F81-4089-B872-B7DDF932315B}
		{90D96CED-3682-4A63-A3B8-257E81733CEF} = {2F7DDA33-663D-4FC1-B093-BE722EE758FD}
		{F48E6D4D-DA87-4B61-8B55-5FAF0FE69626} = {AE032D24-4B9F-45C2-AE6F-9A5203BA9A11}
		{E6D74FA5-4CFE-4DD3-8794-9105AD3B304C} = {F48E6D4D-DA87-4B61-8B55-5FAF0FE69626}
		{5419D221-8EA8-4780-960A-A5A1649EF8CB} = {E6D74FA5-4CFE-4DD3-8794-9105AD3B304C}
		{8E8B6726-4DB9-4136-802F-4944D59B41B4} = {2F7DDA33-663D-4FC1-B093-BE722EE758FD}
		{34E6F887-48A7-4707-BAAD-FCA78B55E136} = {9C900B56-988E-40A3-9202-DAE527F53548}
		{13030969-0A5B-46BC-8CFB-70E30ABA3CAB} = {2F7DDA33-663D-4FC1-B093-BE722EE758FD}
	EndGlobalSection
	GlobalSection(ExtensibilityGlobals) = postSolution
		SolutionGuid = {46D85E63-7E12-4E3D-8B5C-E5E2CFD04116}
	EndGlobalSection
EndGlobal
