
Microsoft Visual Studio Solution File, Format Version 12.00
# Visual Studio Version 17
VisualStudioVersion = 17.1.32210.238
MinimumVisualStudioVersion = 10.0.40219.1
Project("{2150E333-8FDC-42A3-9474-1A3956D46DE8}") = "Dependencies", "Dependencies", "{9A443CB1-6864-47D4-991D-4D5DA2D8260D}"
EndProject
Project("{2150E333-8FDC-42A3-9474-1A3956D46DE8}") = "DirectXTex", "DirectXTex", "{34790377-8689-4E58-8744-DE4E66454DF6}"
EndProject
Project("{2150E333-8FDC-42A3-9474-1A3956D46DE8}") = "Demos", "Demos", "{0EAB57AD-3D4E-4B5B-A5CA-076A46B8B868}"
EndProject
Project("{2150E333-8FDC-42A3-9474-1A3956D46DE8}") = "Engine", "Engine", "{AE032D24-4B9F-45C2-AE6F-9A5203BA9A11}"
EndProject
Project("{2150E333-8FDC-42A3-9474-1A3956D46DE8}") = "Engine", "Engine", "{1B5A155F-9F81-4089-B872-B7DDF932315B}"
EndProject
Project("{8BC9CEB8-8B4A-11D0-8D11-00A0C91BC942}") = "MainDLL", "Source\Demos\Engine\MainDLL\MainDLL_VS2022.vcxproj", "{90D96CED-3682-4A63-A3B8-257E81733CEF}"
	ProjectSection(ProjectDependencies) = postProject
		{B493F4A1-CD82-465D-8212-FD99FA0145B1} = {B493F4A1-CD82-465D-8212-FD99FA0145B1}
	EndProjectSection
EndProject
Project("{8BC9CEB8-8B4A-11D0-8D11-00A0C91BC942}") = "MainDLL", "Source\Engine\MainDLL\MainDLL_VS2022.vcxproj", "{B493F4A1-CD82-465D-8212-FD99FA0145B1}"
	ProjectSection(ProjectDependencies) = postProject
		{371B9FA9-4C90-4AC6-A123-ACED756D6C77} = {371B9FA9-4C90-4AC6-A123-ACED756D6C77}
	EndProjectSection
EndProject
Project("{8BC9CEB8-8B4A-11D0-8D11-00A0C91BC942}") = "DirectXTex", "Source\Dependencies\DirectXTex\DirectXTex\DirectXTex_Desktop_2022.vcxproj", "{371B9FA9-4C90-4AC6-A123-ACED756D6C77}"
EndProject
Project("{8BC9CEB8-8B4A-11D0-8D11-00A0C91BC942}") = "Runtime", "Source\Engine\Runtime\Runtime_VS2022.vcxproj", "{8C9FE286-F738-44A0-BD17-A2119EB18AB2}"
	ProjectSection(ProjectDependencies) = postProject
		{B493F4A1-CD82-465D-8212-FD99FA0145B1} = {B493F4A1-CD82-465D-8212-FD99FA0145B1}
	EndProjectSection
EndProject
Global
	GlobalSection(SolutionConfigurationPlatforms) = preSolution
		Debug|x64 = Debug|x64
		Debug|x86 = Debug|x86
		Debug2|x64 = Debug2|x64
		Debug2|x86 = Debug2|x86
		Profile|x64 = Profile|x64
		Profile|x86 = Profile|x86
		Release|x64 = Release|x64
		Release|x86 = Release|x86
	EndGlobalSection
	GlobalSection(ProjectConfigurationPlatforms) = postSolution
		{90D96CED-3682-4A63-A3B8-257E81733CEF}.Debug|x64.ActiveCfg = Debug|x64
		{90D96CED-3682-4A63-A3B8-257E81733CEF}.Debug|x64.Build.0 = Debug|x64
		{90D96CED-3682-4A63-A3B8-257E81733CEF}.Debug|x86.ActiveCfg = Debug|Win32
		{90D96CED-3682-4A63-A3B8-257E81733CEF}.Debug|x86.Build.0 = Debug|Win32
		{90D96CED-3682-4A63-A3B8-257E81733CEF}.Debug2|x64.ActiveCfg = Debug2|x64
		{90D96CED-3682-4A63-A3B8-257E81733CEF}.Debug2|x64.Build.0 = Debug2|x64
		{90D96CED-3682-4A63-A3B8-257E81733CEF}.Debug2|x86.ActiveCfg = Debug2|Win32
		{90D96CED-3682-4A63-A3B8-257E81733CEF}.Debug2|x86.Build.0 = Debug2|Win32
		{90D96CED-3682-4A63-A3B8-257E81733CEF}.Profile|x64.ActiveCfg = Debug2|x64
		{90D96CED-3682-4A63-A3B8-257E81733CEF}.Profile|x64.Build.0 = Debug2|x64
		{90D96CED-3682-4A63-A3B8-257E81733CEF}.Profile|x86.ActiveCfg = Debug|Win32
		{90D96CED-3682-4A63-A3B8-257E81733CEF}.Profile|x86.Build.0 = Debug|Win32
		{90D96CED-3682-4A63-A3B8-257E81733CEF}.Release|x64.ActiveCfg = Release|x64
		{90D96CED-3682-4A63-A3B8-257E81733CEF}.Release|x64.Build.0 = Release|x64
		{90D96CED-3682-4A63-A3B8-257E81733CEF}.Release|x86.ActiveCfg = Release|Win32
		{90D96CED-3682-4A63-A3B8-257E81733CEF}.Release|x86.Build.0 = Release|Win32
		{B493F4A1-CD82-465D-8212-FD99FA0145B1}.Debug|x64.ActiveCfg = Debug|x64
		{B493F4A1-CD82-465D-8212-FD99FA0145B1}.Debug|x64.Build.0 = Debug|x64
		{B493F4A1-CD82-465D-8212-FD99FA0145B1}.Debug|x86.ActiveCfg = Debug|Win32
		{B493F4A1-CD82-465D-8212-FD99FA0145B1}.Debug|x86.Build.0 = Debug|Win32
		{B493F4A1-CD82-465D-8212-FD99FA0145B1}.Debug2|x64.ActiveCfg = Debug2|x64
		{B493F4A1-CD82-465D-8212-FD99FA0145B1}.Debug2|x64.Build.0 = Debug2|x64
		{B493F4A1-CD82-465D-8212-FD99FA0145B1}.Debug2|x86.ActiveCfg = Debug2|Win32
		{B493F4A1-CD82-465D-8212-FD99FA0145B1}.Debug2|x86.Build.0 = Debug2|Win32
		{B493F4A1-CD82-465D-8212-FD99FA0145B1}.Profile|x64.ActiveCfg = Debug2|x64
		{B493F4A1-CD82-465D-8212-FD99FA0145B1}.Profile|x64.Build.0 = Debug2|x64
		{B493F4A1-CD82-465D-8212-FD99FA0145B1}.Profile|x86.ActiveCfg = Debug|Win32
		{B493F4A1-CD82-465D-8212-FD99FA0145B1}.Profile|x86.Build.0 = Debug|Win32
		{B493F4A1-CD82-465D-8212-FD99FA0145B1}.Release|x64.ActiveCfg = Release|x64
		{B493F4A1-CD82-465D-8212-FD99FA0145B1}.Release|x64.Build.0 = Release|x64
		{B493F4A1-CD82-465D-8212-FD99FA0145B1}.Release|x86.ActiveCfg = Release|Win32
		{B493F4A1-CD82-465D-8212-FD99FA0145B1}.Release|x86.Build.0 = Release|Win32
		{371B9FA9-4C90-4AC6-A123-ACED756D6C77}.Debug|x64.ActiveCfg = Debug|x64
		{371B9FA9-4C90-4AC6-A123-ACED756D6C77}.Debug|x64.Build.0 = Debug|x64
		{371B9FA9-4C90-4AC6-A123-ACED756D6C77}.Debug|x86.ActiveCfg = Debug|Win32
		{371B9FA9-4C90-4AC6-A123-ACED756D6C77}.Debug|x86.Build.0 = Debug|Win32
		{371B9FA9-4C90-4AC6-A123-ACED756D6C77}.Debug2|x64.ActiveCfg = Debug|x64
		{371B9FA9-4C90-4AC6-A123-ACED756D6C77}.Debug2|x64.Build.0 = Debug|x64
		{371B9FA9-4C90-4AC6-A123-ACED756D6C77}.Debug2|x86.ActiveCfg = Debug|Win32
		{371B9FA9-4C90-4AC6-A123-ACED756D6C77}.Debug2|x86.Build.0 = Debug|Win32
		{371B9FA9-4C90-4AC6-A123-ACED756D6C77}.Profile|x64.ActiveCfg = Profile|x64
		{371B9FA9-4C90-4AC6-A123-ACED756D6C77}.Profile|x64.Build.0 = Profile|x64
		{371B9FA9-4C90-4AC6-A123-ACED756D6C77}.Profile|x86.ActiveCfg = Profile|Win32
		{371B9FA9-4C90-4AC6-A123-ACED756D6C77}.Profile|x86.Build.0 = Profile|Win32
		{371B9FA9-4C90-4AC6-A123-ACED756D6C77}.Release|x64.ActiveCfg = Release|x64
		{371B9FA9-4C90-4AC6-A123-ACED756D6C77}.Release|x64.Build.0 = Release|x64
		{371B9FA9-4C90-4AC6-A123-ACED756D6C77}.Release|x86.ActiveCfg = Release|Win32
		{371B9FA9-4C90-4AC6-A123-ACED756D6C77}.Release|x86.Build.0 = Release|Win32
		{8C9FE286-F738-44A0-BD17-A2119EB18AB2}.Debug|x64.ActiveCfg = Debug|x64
		{8C9FE286-F738-44A0-BD17-A2119EB18AB2}.Debug|x64.Build.0 = Debug|x64
		{8C9FE286-F738-44A0-BD17-A2119EB18AB2}.Debug|x86.ActiveCfg = Debug|Win32
		{8C9FE286-F738-44A0-BD17-A2119EB18AB2}.Debug|x86.Build.0 = Debug|Win32
		{8C9FE286-F738-44A0-BD17-A2119EB18AB2}.Debug2|x64.ActiveCfg = Debug2|x64
		{8C9FE286-F738-44A0-BD17-A2119EB18AB2}.Debug2|x64.Build.0 = Debug2|x64
		{8C9FE286-F738-44A0-BD17-A2119EB18AB2}.Debug2|x86.ActiveCfg = Debug2|Win32
		{8C9FE286-F738-44A0-BD17-A2119EB18AB2}.Debug2|x86.Build.0 = Debug2|Win32
		{8C9FE286-F738-44A0-BD17-A2119EB18AB2}.Profile|x64.ActiveCfg = Debug2|x64
		{8C9FE286-F738-44A0-BD17-A2119EB18AB2}.Profile|x64.Build.0 = Debug2|x64
		{8C9FE286-F738-44A0-BD17-A2119EB18AB2}.Profile|x86.ActiveCfg = Debug2|Win32
		{8C9FE286-F738-44A0-BD17-A2119EB18AB2}.Profile|x86.Build.0 = Debug2|Win32
		{8C9FE286-F738-44A0-BD17-A2119EB18AB2}.Release|x64.ActiveCfg = Release|x64
		{8C9FE286-F738-44A0-BD17-A2119EB18AB2}.Release|x64.Build.0 = Release|x64
		{8C9FE286-F738-44A0-BD17-A2119EB18AB2}.Release|x86.ActiveCfg = Release|Win32
		{8C9FE286-F738-44A0-BD17-A2119EB18AB2}.Release|x86.Build.0 = Release|Win32
	EndGlobalSection
	GlobalSection(SolutionProperties) = preSolution
		HideSolutionNode = FALSE
	EndGlobalSection
	GlobalSection(NestedProjects) = preSolution
		{34790377-8689-4E58-8744-DE4E66454DF6} = {9A443CB1-6864-47D4-991D-4D5DA2D8260D}
		{1B5A155F-9F81-4089-B872-B7DDF932315B} = {0EAB57AD-3D4E-4B5B-A5CA-076A46B8B868}
		{90D96CED-3682-4A63-A3B8-257E81733CEF} = {1B5A155F-9F81-4089-B872-B7DDF932315B}
		{B493F4A1-CD82-465D-8212-FD99FA0145B1} = {AE032D24-4B9F-45C2-AE6F-9A5203BA9A11}
		{371B9FA9-4C90-4AC6-A123-ACED756D6C77} = {34790377-8689-4E58-8744-DE4E66454DF6}
		{8C9FE286-F738-44A0-BD17-A2119EB18AB2} = {AE032D24-4B9F-45C2-AE6F-9A5203BA9A11}
	EndGlobalSection
	GlobalSection(ExtensibilityGlobals) = postSolution
		SolutionGuid = {46D85E63-7E12-4E3D-8B5C-E5E2CFD04116}
	EndGlobalSection
EndGlobal
