
Microsoft Visual Studio Solution File, Format Version 12.00
# Visual Studio Version 17
VisualStudioVersion = 17.1.32210.238
MinimumVisualStudioVersion = 10.0.40219.1
Project("{2150E333-8FDC-42A3-9474-1A3956D46DE8}") = "Dependencies", "Dependencies", "{9A443CB1-6864-47D4-991D-4D5DA2D8260D}"
EndProject
Project("{2150E333-8FDC-42A3-9474-1A3956D46DE8}") = "DirectXTex", "DirectXTex", "{34790377-8689-4E58-8744-DE4E66454DF6}"
EndProject
Project("{8BC9CEB8-8B4A-11D0-8D11-00A0C91BC942}") = "DirectXTex", "Source\Dependencies\DirectXTex\DirectXTex\DirectXTex_Desktop_2022.vcxproj", "{371B9FA9-4C90-4AC6-A123-ACED756D6C77}"
EndProject
Project("{2150E333-8FDC-42A3-9474-1A3956D46DE8}") = "Scripting", "Scripting", "{F48E6D4D-DA87-4B61-8B55-5FAF0FE69626}"
EndProject
Project("{2150E333-8FDC-42A3-9474-1A3956D46DE8}") = "CSharp", "CSharp", "{E6D74FA5-4CFE-4DD3-8794-9105AD3B304C}"
EndProject
Project("{2150E333-8FDC-42A3-9474-1A3956D46DE8}") = "Tools", "Tools", "{9C900B56-988E-40A3-9202-DAE527F53548}"
EndProject
Project("{FAE04EC0-301F-11D3-BF4B-00C04F79EFBC}") = "ING.Scripting.CSharp_VS2022", "Source\Engine\Scripting\CSharp\ING.Scripting.CSharp\ING.Scripting.CSharp_VS2022.csproj", "{5419D221-8EA8-4780-960A-A5A1649EF8CB}"
EndProject
Project("{8BC9CEB8-8B4A-11D0-8D11-00A0C91BC942}") = "ING", "Source\Engine\ING\ING_VS2022.vcxproj", "{B493F4A1-CD82-465D-8212-FD99FA0145B1}"
	ProjectSection(ProjectDependencies) = postProject
		{371B9FA9-4C90-4AC6-A123-ACED756D6C77} = {371B9FA9-4C90-4AC6-A123-ACED756D6C77}
		{5419D221-8EA8-4780-960A-A5A1649EF8CB} = {5419D221-8EA8-4780-960A-A5A1649EF8CB}
	EndProjectSection
EndProject
Project("{8BC9CEB8-8B4A-11D0-8D11-00A0C91BC942}") = "ING.Runtime", "Source\Engine\ING.Runtime\ING.Runtime_VS2022.vcxproj", "{8C9FE286-F738-44A0-BD17-A2119EB18AB2}"
	ProjectSection(ProjectDependencies) = postProject
		{33658550-9D05-4DEE-9D56-ACA77CCF5A62} = {33658550-9D05-4DEE-9D56-ACA77CCF5A62}
		{77CC56D8-07A1-4131-8C9A-F09635464226} = {77CC56D8-07A1-4131-8C9A-F09635464226}
		{B493F4A1-CD82-465D-8212-FD99FA0145B1} = {B493F4A1-CD82-465D-8212-FD99FA0145B1}
		{DAF84F24-DD60-4A71-87F3-337B3B0ECB13} = {DAF84F24-DD60-4A71-87F3-337B3B0ECB13}
	EndProjectSection
EndProject
Project("{2150E333-8FDC-42A3-9474-1A3956D46DE8}") = "Games", "Games", "{8484B63D-938B-4B8D-9E84-89F2CFB034EB}"
EndProject
Project("{2150E333-8FDC-42A3-9474-1A3956D46DE8}") = "Engine", "Engine", "{BE096686-7ECB-4175-9B7D-3EF80AE98F35}"
EndProject
Project("{2150E333-8FDC-42A3-9474-1A3956D46DE8}") = "Editor", "Editor", "{13EFBC24-FA08-4A5E-85CC-BF4F7BD7EC04}"
EndProject
Project("{8BC9CEB8-8B4A-11D0-8D11-00A0C91BC942}") = "ING.Editor.Runtime", "Source\Editor\ING.Editor.Runtime\ING.Editor.Runtime_VS2022.vcxproj", "{6C6DC6F9-D2E2-4334-82AF-8213316BFAAB}"
	ProjectSection(ProjectDependencies) = postProject
		{2976EC1D-6716-4C8F-9BAD-261FF9489D14} = {2976EC1D-6716-4C8F-9BAD-261FF9489D14}
		{35A31032-3CE1-440D-9976-EA963C5916CB} = {35A31032-3CE1-440D-9976-EA963C5916CB}
		{B493F4A1-CD82-465D-8212-FD99FA0145B1} = {B493F4A1-CD82-465D-8212-FD99FA0145B1}
	EndProjectSection
EndProject
Project("{FAE04EC0-301F-11D3-BF4B-00C04F79EFBC}") = "BuildEvents_VS2022", "Source\Editor\BuildEvents\BuildEvents_VS2022.csproj", "{2976EC1D-6716-4C8F-9BAD-261FF9489D14}"
	ProjectSection(ProjectDependencies) = postProject
		{0A9FC356-8438-49D9-91E5-5AD2F1DF2863} = {0A9FC356-8438-49D9-91E5-5AD2F1DF2863}
		{35A31032-3CE1-440D-9976-EA963C5916CB} = {35A31032-3CE1-440D-9976-EA963C5916CB}
	EndProjectSection
EndProject
Project("{2150E333-8FDC-42A3-9474-1A3956D46DE8}") = "Plugins", "Plugins", "{AFC01DC0-AF57-475E-A2E1-6F35B165E4D3}"
EndProject
Project("{8BC9CEB8-8B4A-11D0-8D11-00A0C91BC942}") = "ING.Editor", "Source\Editor\Plugins\ING.Editor\ING.Editor_VS2022.vcxproj", "{35A31032-3CE1-440D-9976-EA963C5916CB}"
	ProjectSection(ProjectDependencies) = postProject
		{0A9FC356-8438-49D9-91E5-5AD2F1DF2863} = {0A9FC356-8438-49D9-91E5-5AD2F1DF2863}
	EndProjectSection
EndProject
Project("{2150E333-8FDC-42A3-9474-1A3956D46DE8}") = "Plugins", "Plugins", "{EDB0D3F2-7605-4C28-AE9C-85C3A532EEEC}"
EndProject
Project("{8BC9CEB8-8B4A-11D0-8D11-00A0C91BC942}") = "ING.Full", "Source\Engine\ING.Full\ING.Full.vcxproj", "{0A9FC356-8438-49D9-91E5-5AD2F1DF2863}"
	ProjectSection(ProjectDependencies) = postProject
		{8C9FE286-F738-44A0-BD17-A2119EB18AB2} = {8C9FE286-F738-44A0-BD17-A2119EB18AB2}
	EndProjectSection
EndProject
Project("{2150E333-8FDC-42A3-9474-1A3956D46DE8}") = "ProjectBuilder", "ProjectBuilder", "{EAC2DA07-F691-4C7F-A1EF-C547B9328CC9}"
EndProject
Project("{8BC9CEB8-8B4A-11D0-8D11-00A0C91BC942}") = "ING.Tools.ProjectBuilder.Runtime", "Source\Tools\ProjectBuilder\ING.Tools.ProjectBuilder.Runtime\ING.Tools.ProjectBuilder.Runtime_VS2022.vcxproj", "{73A169C8-D6DE-49FC-A80F-55A11C59EBEB}"
	ProjectSection(ProjectDependencies) = postProject
		{B6D6FCA5-7922-45D3-9F38-2745161CDCA0} = {B6D6FCA5-7922-45D3-9F38-2745161CDCA0}
	EndProjectSection
EndProject
Project("{FAE04EC0-301F-11D3-BF4B-00C04F79EFBC}") = "BuildEvents_VS2022", "Source\Tools\ProjectBuilder\BuildEvents\BuildEvents_VS2022.csproj", "{B6D6FCA5-7922-45D3-9F38-2745161CDCA0}"
	ProjectSection(ProjectDependencies) = postProject
		{B493F4A1-CD82-465D-8212-FD99FA0145B1} = {B493F4A1-CD82-465D-8212-FD99FA0145B1}
	EndProjectSection
EndProject
Project("{2150E333-8FDC-42A3-9474-1A3956D46DE8}") = "SDK", "SDK", "{544F6A09-7876-4077-A09C-E7EFB8FB46DD}"
EndProject
Project("{FAE04EC0-301F-11D3-BF4B-00C04F79EFBC}") = "BuildEvents_VS2022", "Source\SDK\BuildEvents\BuildEvents_VS2022.csproj", "{B9853A49-D19E-43AD-9840-5252757FA386}"
	ProjectSection(ProjectDependencies) = postProject
		{0A9FC356-8438-49D9-91E5-5AD2F1DF2863} = {0A9FC356-8438-49D9-91E5-5AD2F1DF2863}
		{6C6DC6F9-D2E2-4334-82AF-8213316BFAAB} = {6C6DC6F9-D2E2-4334-82AF-8213316BFAAB}
		{73A169C8-D6DE-49FC-A80F-55A11C59EBEB} = {73A169C8-D6DE-49FC-A80F-55A11C59EBEB}
	EndProjectSection
EndProject
Project("{8BC9CEB8-8B4A-11D0-8D11-00A0C91BC942}") = "ING.Standalone", "Source\Engine\Plugins\ING.Standalone\ING.Standalone_VS2022.vcxproj", "{77CC56D8-07A1-4131-8C9A-F09635464226}"
	ProjectSection(ProjectDependencies) = postProject
		{B493F4A1-CD82-465D-8212-FD99FA0145B1} = {B493F4A1-CD82-465D-8212-FD99FA0145B1}
	EndProjectSection
EndProject
Project("{8BC9CEB8-8B4A-11D0-8D11-00A0C91BC942}") = "ING.Rendering.StandardRP", "Source\Engine\Plugins\ING.Rendering.StandardRP\ING.Rendering.StandardRP_VS2022.vcxproj", "{33658550-9D05-4DEE-9D56-ACA77CCF5A62}"
	ProjectSection(ProjectDependencies) = postProject
		{B493F4A1-CD82-465D-8212-FD99FA0145B1} = {B493F4A1-CD82-465D-8212-FD99FA0145B1}
	EndProjectSection
EndProject
Project("{8BC9CEB8-8B4A-11D0-8D11-00A0C91BC942}") = "ING.OpenWorld", "Source\Engine\Plugins\ING.OpenWorld\ING.OpenWorld_VS2022.vcxproj", "{DAF84F24-DD60-4A71-87F3-337B3B0ECB13}"
	ProjectSection(ProjectDependencies) = postProject
		{B493F4A1-CD82-465D-8212-FD99FA0145B1} = {B493F4A1-CD82-465D-8212-FD99FA0145B1}
	EndProjectSection
EndProject
Global
	GlobalSection(SolutionConfigurationPlatforms) = preSolution
		Debug.NonSIMD|Any CPU = Debug.NonSIMD|Any CPU
		Debug.NonSIMD|x64 = Debug.NonSIMD|x64
		Debug.NonSIMD|x86 = Debug.NonSIMD|x86
		Debug|Any CPU = Debug|Any CPU
		Debug|x64 = Debug|x64
		Debug|x86 = Debug|x86
		Profile|Any CPU = Profile|Any CPU
		Profile|x64 = Profile|x64
		Profile|x86 = Profile|x86
		Release|Any CPU = Release|Any CPU
		Release|x64 = Release|x64
		Release|x86 = Release|x86
	EndGlobalSection
	GlobalSection(ProjectConfigurationPlatforms) = postSolution
		{371B9FA9-4C90-4AC6-A123-ACED756D6C77}.Debug.NonSIMD|Any CPU.ActiveCfg = Debug.NonSIMD|x64
		{371B9FA9-4C90-4AC6-A123-ACED756D6C77}.Debug.NonSIMD|Any CPU.Build.0 = Debug.NonSIMD|x64
		{371B9FA9-4C90-4AC6-A123-ACED756D6C77}.Debug.NonSIMD|x64.ActiveCfg = Debug.NonSIMD|x64
		{371B9FA9-4C90-4AC6-A123-ACED756D6C77}.Debug.NonSIMD|x64.Build.0 = Debug.NonSIMD|x64
		{371B9FA9-4C90-4AC6-A123-ACED756D6C77}.Debug.NonSIMD|x86.ActiveCfg = Debug.NonSIMD|Win32
		{371B9FA9-4C90-4AC6-A123-ACED756D6C77}.Debug.NonSIMD|x86.Build.0 = Debug.NonSIMD|Win32
		{371B9FA9-4C90-4AC6-A123-ACED756D6C77}.Debug|Any CPU.ActiveCfg = Debug|x64
		{371B9FA9-4C90-4AC6-A123-ACED756D6C77}.Debug|Any CPU.Build.0 = Debug|x64
		{371B9FA9-4C90-4AC6-A123-ACED756D6C77}.Debug|x64.ActiveCfg = Debug|x64
		{371B9FA9-4C90-4AC6-A123-ACED756D6C77}.Debug|x64.Build.0 = Debug|x64
		{371B9FA9-4C90-4AC6-A123-ACED756D6C77}.Debug|x86.ActiveCfg = Debug|Win32
		{371B9FA9-4C90-4AC6-A123-ACED756D6C77}.Debug|x86.Build.0 = Debug|Win32
		{371B9FA9-4C90-4AC6-A123-ACED756D6C77}.Profile|Any CPU.ActiveCfg = Profile|x64
		{371B9FA9-4C90-4AC6-A123-ACED756D6C77}.Profile|Any CPU.Build.0 = Profile|x64
		{371B9FA9-4C90-4AC6-A123-ACED756D6C77}.Profile|x64.ActiveCfg = Profile|x64
		{371B9FA9-4C90-4AC6-A123-ACED756D6C77}.Profile|x64.Build.0 = Profile|x64
		{371B9FA9-4C90-4AC6-A123-ACED756D6C77}.Profile|x86.ActiveCfg = Profile|Win32
		{371B9FA9-4C90-4AC6-A123-ACED756D6C77}.Profile|x86.Build.0 = Profile|Win32
		{371B9FA9-4C90-4AC6-A123-ACED756D6C77}.Release|Any CPU.ActiveCfg = Release|x64
		{371B9FA9-4C90-4AC6-A123-ACED756D6C77}.Release|Any CPU.Build.0 = Release|x64
		{371B9FA9-4C90-4AC6-A123-ACED756D6C77}.Release|x64.ActiveCfg = Release|x64
		{371B9FA9-4C90-4AC6-A123-ACED756D6C77}.Release|x64.Build.0 = Release|x64
		{371B9FA9-4C90-4AC6-A123-ACED756D6C77}.Release|x86.ActiveCfg = Release|Win32
		{371B9FA9-4C90-4AC6-A123-ACED756D6C77}.Release|x86.Build.0 = Release|Win32
		{5419D221-8EA8-4780-960A-A5A1649EF8CB}.Debug.NonSIMD|Any CPU.ActiveCfg = Debug.NonSIMD|x64
		{5419D221-8EA8-4780-960A-A5A1649EF8CB}.Debug.NonSIMD|Any CPU.Build.0 = Debug.NonSIMD|x64
		{5419D221-8EA8-4780-960A-A5A1649EF8CB}.Debug.NonSIMD|x64.ActiveCfg = Debug.NonSIMD|x64
		{5419D221-8EA8-4780-960A-A5A1649EF8CB}.Debug.NonSIMD|x64.Build.0 = Debug.NonSIMD|x64
		{5419D221-8EA8-4780-960A-A5A1649EF8CB}.Debug.NonSIMD|x86.ActiveCfg = Debug.NonSIMD|x86
		{5419D221-8EA8-4780-960A-A5A1649EF8CB}.Debug.NonSIMD|x86.Build.0 = Debug.NonSIMD|x86
		{5419D221-8EA8-4780-960A-A5A1649EF8CB}.Debug|Any CPU.ActiveCfg = Debug|x64
		{5419D221-8EA8-4780-960A-A5A1649EF8CB}.Debug|Any CPU.Build.0 = Debug|x64
		{5419D221-8EA8-4780-960A-A5A1649EF8CB}.Debug|x64.ActiveCfg = Debug|x64
		{5419D221-8EA8-4780-960A-A5A1649EF8CB}.Debug|x64.Build.0 = Debug|x64
		{5419D221-8EA8-4780-960A-A5A1649EF8CB}.Debug|x86.ActiveCfg = Debug|x86
		{5419D221-8EA8-4780-960A-A5A1649EF8CB}.Debug|x86.Build.0 = Debug|x86
		{5419D221-8EA8-4780-960A-A5A1649EF8CB}.Profile|Any CPU.ActiveCfg = Release|x86
		{5419D221-8EA8-4780-960A-A5A1649EF8CB}.Profile|Any CPU.Build.0 = Release|x86
		{5419D221-8EA8-4780-960A-A5A1649EF8CB}.Profile|x64.ActiveCfg = Debug|x64
		{5419D221-8EA8-4780-960A-A5A1649EF8CB}.Profile|x64.Build.0 = Debug|x64
		{5419D221-8EA8-4780-960A-A5A1649EF8CB}.Profile|x86.ActiveCfg = Debug|x86
		{5419D221-8EA8-4780-960A-A5A1649EF8CB}.Profile|x86.Build.0 = Debug|x86
		{5419D221-8EA8-4780-960A-A5A1649EF8CB}.Release|Any CPU.ActiveCfg = Release|x64
		{5419D221-8EA8-4780-960A-A5A1649EF8CB}.Release|Any CPU.Build.0 = Release|x64
		{5419D221-8EA8-4780-960A-A5A1649EF8CB}.Release|x64.ActiveCfg = Release|x64
		{5419D221-8EA8-4780-960A-A5A1649EF8CB}.Release|x64.Build.0 = Release|x64
		{5419D221-8EA8-4780-960A-A5A1649EF8CB}.Release|x86.ActiveCfg = Release|x86
		{5419D221-8EA8-4780-960A-A5A1649EF8CB}.Release|x86.Build.0 = Release|x86
		{B493F4A1-CD82-465D-8212-FD99FA0145B1}.Debug.NonSIMD|Any CPU.ActiveCfg = Debug.NonSIMD|x64
		{B493F4A1-CD82-465D-8212-FD99FA0145B1}.Debug.NonSIMD|Any CPU.Build.0 = Debug.NonSIMD|x64
		{B493F4A1-CD82-465D-8212-FD99FA0145B1}.Debug.NonSIMD|x64.ActiveCfg = Debug.NonSIMD|x64
		{B493F4A1-CD82-465D-8212-FD99FA0145B1}.Debug.NonSIMD|x64.Build.0 = Debug.NonSIMD|x64
		{B493F4A1-CD82-465D-8212-FD99FA0145B1}.Debug.NonSIMD|x86.ActiveCfg = Debug.NonSIMD|Win32
		{B493F4A1-CD82-465D-8212-FD99FA0145B1}.Debug.NonSIMD|x86.Build.0 = Debug.NonSIMD|Win32
		{B493F4A1-CD82-465D-8212-FD99FA0145B1}.Debug|Any CPU.ActiveCfg = Debug|x64
		{B493F4A1-CD82-465D-8212-FD99FA0145B1}.Debug|Any CPU.Build.0 = Debug|x64
		{B493F4A1-CD82-465D-8212-FD99FA0145B1}.Debug|x64.ActiveCfg = Debug|x64
		{B493F4A1-CD82-465D-8212-FD99FA0145B1}.Debug|x64.Build.0 = Debug|x64
		{B493F4A1-CD82-465D-8212-FD99FA0145B1}.Debug|x86.ActiveCfg = Debug|Win32
		{B493F4A1-CD82-465D-8212-FD99FA0145B1}.Debug|x86.Build.0 = Debug|Win32
		{B493F4A1-CD82-465D-8212-FD99FA0145B1}.Profile|Any CPU.ActiveCfg = Release|Win32
		{B493F4A1-CD82-465D-8212-FD99FA0145B1}.Profile|Any CPU.Build.0 = Release|Win32
		{B493F4A1-CD82-465D-8212-FD99FA0145B1}.Profile|x64.ActiveCfg = Debug|x64
		{B493F4A1-CD82-465D-8212-FD99FA0145B1}.Profile|x64.Build.0 = Debug|x64
		{B493F4A1-CD82-465D-8212-FD99FA0145B1}.Profile|x86.ActiveCfg = Debug|Win32
		{B493F4A1-CD82-465D-8212-FD99FA0145B1}.Profile|x86.Build.0 = Debug|Win32
		{B493F4A1-CD82-465D-8212-FD99FA0145B1}.Release|Any CPU.ActiveCfg = Release|x64
		{B493F4A1-CD82-465D-8212-FD99FA0145B1}.Release|Any CPU.Build.0 = Release|x64
		{B493F4A1-CD82-465D-8212-FD99FA0145B1}.Release|x64.ActiveCfg = Release|x64
		{B493F4A1-CD82-465D-8212-FD99FA0145B1}.Release|x64.Build.0 = Release|x64
		{B493F4A1-CD82-465D-8212-FD99FA0145B1}.Release|x86.ActiveCfg = Release|Win32
		{B493F4A1-CD82-465D-8212-FD99FA0145B1}.Release|x86.Build.0 = Release|Win32
		{8C9FE286-F738-44A0-BD17-A2119EB18AB2}.Debug.NonSIMD|Any CPU.ActiveCfg = Debug.NonSIMD|x64
		{8C9FE286-F738-44A0-BD17-A2119EB18AB2}.Debug.NonSIMD|Any CPU.Build.0 = Debug.NonSIMD|x64
		{8C9FE286-F738-44A0-BD17-A2119EB18AB2}.Debug.NonSIMD|x64.ActiveCfg = Debug.NonSIMD|x64
		{8C9FE286-F738-44A0-BD17-A2119EB18AB2}.Debug.NonSIMD|x64.Build.0 = Debug.NonSIMD|x64
		{8C9FE286-F738-44A0-BD17-A2119EB18AB2}.Debug.NonSIMD|x86.ActiveCfg = Debug.NonSIMD|Win32
		{8C9FE286-F738-44A0-BD17-A2119EB18AB2}.Debug.NonSIMD|x86.Build.0 = Debug.NonSIMD|Win32
		{8C9FE286-F738-44A0-BD17-A2119EB18AB2}.Debug|Any CPU.ActiveCfg = Debug|x64
		{8C9FE286-F738-44A0-BD17-A2119EB18AB2}.Debug|Any CPU.Build.0 = Debug|x64
		{8C9FE286-F738-44A0-BD17-A2119EB18AB2}.Debug|x64.ActiveCfg = Debug|x64
		{8C9FE286-F738-44A0-BD17-A2119EB18AB2}.Debug|x64.Build.0 = Debug|x64
		{8C9FE286-F738-44A0-BD17-A2119EB18AB2}.Debug|x86.ActiveCfg = Debug|Win32
		{8C9FE286-F738-44A0-BD17-A2119EB18AB2}.Debug|x86.Build.0 = Debug|Win32
		{8C9FE286-F738-44A0-BD17-A2119EB18AB2}.Profile|Any CPU.ActiveCfg = Release|Win32
		{8C9FE286-F738-44A0-BD17-A2119EB18AB2}.Profile|Any CPU.Build.0 = Release|Win32
		{8C9FE286-F738-44A0-BD17-A2119EB18AB2}.Profile|x64.ActiveCfg = Debug|x64
		{8C9FE286-F738-44A0-BD17-A2119EB18AB2}.Profile|x64.Build.0 = Debug|x64
		{8C9FE286-F738-44A0-BD17-A2119EB18AB2}.Profile|x86.ActiveCfg = Debug|Win32
		{8C9FE286-F738-44A0-BD17-A2119EB18AB2}.Profile|x86.Build.0 = Debug|Win32
		{8C9FE286-F738-44A0-BD17-A2119EB18AB2}.Release|Any CPU.ActiveCfg = Release|x64
		{8C9FE286-F738-44A0-BD17-A2119EB18AB2}.Release|Any CPU.Build.0 = Release|x64
		{8C9FE286-F738-44A0-BD17-A2119EB18AB2}.Release|x64.ActiveCfg = Release|x64
		{8C9FE286-F738-44A0-BD17-A2119EB18AB2}.Release|x64.Build.0 = Release|x64
		{8C9FE286-F738-44A0-BD17-A2119EB18AB2}.Release|x86.ActiveCfg = Release|Win32
		{8C9FE286-F738-44A0-BD17-A2119EB18AB2}.Release|x86.Build.0 = Release|Win32
		{6C6DC6F9-D2E2-4334-82AF-8213316BFAAB}.Debug.NonSIMD|Any CPU.ActiveCfg = Debug.NonSIMD|x64
		{6C6DC6F9-D2E2-4334-82AF-8213316BFAAB}.Debug.NonSIMD|Any CPU.Build.0 = Debug.NonSIMD|x64
		{6C6DC6F9-D2E2-4334-82AF-8213316BFAAB}.Debug.NonSIMD|x64.ActiveCfg = Debug.NonSIMD|x64
		{6C6DC6F9-D2E2-4334-82AF-8213316BFAAB}.Debug.NonSIMD|x64.Build.0 = Debug.NonSIMD|x64
		{6C6DC6F9-D2E2-4334-82AF-8213316BFAAB}.Debug.NonSIMD|x86.ActiveCfg = Debug.NonSIMD|Win32
		{6C6DC6F9-D2E2-4334-82AF-8213316BFAAB}.Debug.NonSIMD|x86.Build.0 = Debug.NonSIMD|Win32
		{6C6DC6F9-D2E2-4334-82AF-8213316BFAAB}.Debug|Any CPU.ActiveCfg = Debug|x64
		{6C6DC6F9-D2E2-4334-82AF-8213316BFAAB}.Debug|Any CPU.Build.0 = Debug|x64
		{6C6DC6F9-D2E2-4334-82AF-8213316BFAAB}.Debug|x64.ActiveCfg = Debug|x64
		{6C6DC6F9-D2E2-4334-82AF-8213316BFAAB}.Debug|x64.Build.0 = Debug|x64
		{6C6DC6F9-D2E2-4334-82AF-8213316BFAAB}.Debug|x86.ActiveCfg = Debug|Win32
		{6C6DC6F9-D2E2-4334-82AF-8213316BFAAB}.Debug|x86.Build.0 = Debug|Win32
		{6C6DC6F9-D2E2-4334-82AF-8213316BFAAB}.Profile|Any CPU.ActiveCfg = Debug|Win32
		{6C6DC6F9-D2E2-4334-82AF-8213316BFAAB}.Profile|Any CPU.Build.0 = Debug|Win32
		{6C6DC6F9-D2E2-4334-82AF-8213316BFAAB}.Profile|x64.ActiveCfg = Debug|x64
		{6C6DC6F9-D2E2-4334-82AF-8213316BFAAB}.Profile|x64.Build.0 = Debug|x64
		{6C6DC6F9-D2E2-4334-82AF-8213316BFAAB}.Profile|x86.ActiveCfg = Debug|Win32
		{6C6DC6F9-D2E2-4334-82AF-8213316BFAAB}.Profile|x86.Build.0 = Debug|Win32
		{6C6DC6F9-D2E2-4334-82AF-8213316BFAAB}.Release|Any CPU.ActiveCfg = Release|x64
		{6C6DC6F9-D2E2-4334-82AF-8213316BFAAB}.Release|Any CPU.Build.0 = Release|x64
		{6C6DC6F9-D2E2-4334-82AF-8213316BFAAB}.Release|x64.ActiveCfg = Release|x64
		{6C6DC6F9-D2E2-4334-82AF-8213316BFAAB}.Release|x64.Build.0 = Release|x64
		{6C6DC6F9-D2E2-4334-82AF-8213316BFAAB}.Release|x86.ActiveCfg = Release|Win32
		{6C6DC6F9-D2E2-4334-82AF-8213316BFAAB}.Release|x86.Build.0 = Release|Win32
		{2976EC1D-6716-4C8F-9BAD-261FF9489D14}.Debug.NonSIMD|Any CPU.ActiveCfg = Debug.NonSIMD|x64
		{2976EC1D-6716-4C8F-9BAD-261FF9489D14}.Debug.NonSIMD|Any CPU.Build.0 = Debug.NonSIMD|x64
		{2976EC1D-6716-4C8F-9BAD-261FF9489D14}.Debug.NonSIMD|x64.ActiveCfg = Debug.NonSIMD|x64
		{2976EC1D-6716-4C8F-9BAD-261FF9489D14}.Debug.NonSIMD|x64.Build.0 = Debug.NonSIMD|x64
		{2976EC1D-6716-4C8F-9BAD-261FF9489D14}.Debug.NonSIMD|x86.ActiveCfg = Debug.NonSIMD|Win32
		{2976EC1D-6716-4C8F-9BAD-261FF9489D14}.Debug.NonSIMD|x86.Build.0 = Debug.NonSIMD|Win32
		{2976EC1D-6716-4C8F-9BAD-261FF9489D14}.Debug|Any CPU.ActiveCfg = Debug|x64
		{2976EC1D-6716-4C8F-9BAD-261FF9489D14}.Debug|Any CPU.Build.0 = Debug|x64
		{2976EC1D-6716-4C8F-9BAD-261FF9489D14}.Debug|x64.ActiveCfg = Debug|x64
		{2976EC1D-6716-4C8F-9BAD-261FF9489D14}.Debug|x64.Build.0 = Debug|x64
		{2976EC1D-6716-4C8F-9BAD-261FF9489D14}.Debug|x86.ActiveCfg = Debug|Win32
		{2976EC1D-6716-4C8F-9BAD-261FF9489D14}.Debug|x86.Build.0 = Debug|Win32
		{2976EC1D-6716-4C8F-9BAD-261FF9489D14}.Profile|Any CPU.ActiveCfg = Debug|x64
		{2976EC1D-6716-4C8F-9BAD-261FF9489D14}.Profile|Any CPU.Build.0 = Debug|x64
		{2976EC1D-6716-4C8F-9BAD-261FF9489D14}.Profile|x64.ActiveCfg = Debug|x64
		{2976EC1D-6716-4C8F-9BAD-261FF9489D14}.Profile|x64.Build.0 = Debug|x64
		{2976EC1D-6716-4C8F-9BAD-261FF9489D14}.Profile|x86.ActiveCfg = Debug|Win32
		{2976EC1D-6716-4C8F-9BAD-261FF9489D14}.Profile|x86.Build.0 = Debug|Win32
		{2976EC1D-6716-4C8F-9BAD-261FF9489D14}.Release|Any CPU.ActiveCfg = Release|x64
		{2976EC1D-6716-4C8F-9BAD-261FF9489D14}.Release|Any CPU.Build.0 = Release|x64
		{2976EC1D-6716-4C8F-9BAD-261FF9489D14}.Release|x64.ActiveCfg = Release|x64
		{2976EC1D-6716-4C8F-9BAD-261FF9489D14}.Release|x64.Build.0 = Release|x64
		{2976EC1D-6716-4C8F-9BAD-261FF9489D14}.Release|x86.ActiveCfg = Release|Win32
		{2976EC1D-6716-4C8F-9BAD-261FF9489D14}.Release|x86.Build.0 = Release|Win32
		{35A31032-3CE1-440D-9976-EA963C5916CB}.Debug.NonSIMD|Any CPU.ActiveCfg = Debug.NonSIMD|x64
		{35A31032-3CE1-440D-9976-EA963C5916CB}.Debug.NonSIMD|Any CPU.Build.0 = Debug.NonSIMD|x64
		{35A31032-3CE1-440D-9976-EA963C5916CB}.Debug.NonSIMD|x64.ActiveCfg = Debug.NonSIMD|x64
		{35A31032-3CE1-440D-9976-EA963C5916CB}.Debug.NonSIMD|x64.Build.0 = Debug.NonSIMD|x64
		{35A31032-3CE1-440D-9976-EA963C5916CB}.Debug.NonSIMD|x86.ActiveCfg = Debug.NonSIMD|Win32
		{35A31032-3CE1-440D-9976-EA963C5916CB}.Debug.NonSIMD|x86.Build.0 = Debug.NonSIMD|Win32
		{35A31032-3CE1-440D-9976-EA963C5916CB}.Debug|Any CPU.ActiveCfg = Debug|x64
		{35A31032-3CE1-440D-9976-EA963C5916CB}.Debug|Any CPU.Build.0 = Debug|x64
		{35A31032-3CE1-440D-9976-EA963C5916CB}.Debug|x64.ActiveCfg = Debug|x64
		{35A31032-3CE1-440D-9976-EA963C5916CB}.Debug|x64.Build.0 = Debug|x64
		{35A31032-3CE1-440D-9976-EA963C5916CB}.Debug|x86.ActiveCfg = Debug|Win32
		{35A31032-3CE1-440D-9976-EA963C5916CB}.Debug|x86.Build.0 = Debug|Win32
		{35A31032-3CE1-440D-9976-EA963C5916CB}.Profile|Any CPU.ActiveCfg = Debug|x64
		{35A31032-3CE1-440D-9976-EA963C5916CB}.Profile|Any CPU.Build.0 = Debug|x64
		{35A31032-3CE1-440D-9976-EA963C5916CB}.Profile|x64.ActiveCfg = Debug|x64
		{35A31032-3CE1-440D-9976-EA963C5916CB}.Profile|x64.Build.0 = Debug|x64
		{35A31032-3CE1-440D-9976-EA963C5916CB}.Profile|x86.ActiveCfg = Debug|Win32
		{35A31032-3CE1-440D-9976-EA963C5916CB}.Profile|x86.Build.0 = Debug|Win32
		{35A31032-3CE1-440D-9976-EA963C5916CB}.Release|Any CPU.ActiveCfg = Release|x64
		{35A31032-3CE1-440D-9976-EA963C5916CB}.Release|Any CPU.Build.0 = Release|x64
		{35A31032-3CE1-440D-9976-EA963C5916CB}.Release|x64.ActiveCfg = Release|x64
		{35A31032-3CE1-440D-9976-EA963C5916CB}.Release|x64.Build.0 = Release|x64
		{35A31032-3CE1-440D-9976-EA963C5916CB}.Release|x86.ActiveCfg = Release|Win32
		{35A31032-3CE1-440D-9976-EA963C5916CB}.Release|x86.Build.0 = Release|Win32
		{0A9FC356-8438-49D9-91E5-5AD2F1DF2863}.Debug.NonSIMD|Any CPU.ActiveCfg = Debug.NonSIMD|x64
		{0A9FC356-8438-49D9-91E5-5AD2F1DF2863}.Debug.NonSIMD|Any CPU.Build.0 = Debug.NonSIMD|x64
		{0A9FC356-8438-49D9-91E5-5AD2F1DF2863}.Debug.NonSIMD|x64.ActiveCfg = Debug.NonSIMD|x64
		{0A9FC356-8438-49D9-91E5-5AD2F1DF2863}.Debug.NonSIMD|x64.Build.0 = Debug.NonSIMD|x64
		{0A9FC356-8438-49D9-91E5-5AD2F1DF2863}.Debug.NonSIMD|x86.ActiveCfg = Debug.NonSIMD|Win32
		{0A9FC356-8438-49D9-91E5-5AD2F1DF2863}.Debug.NonSIMD|x86.Build.0 = Debug.NonSIMD|Win32
		{0A9FC356-8438-49D9-91E5-5AD2F1DF2863}.Debug|Any CPU.ActiveCfg = Debug|x64
		{0A9FC356-8438-49D9-91E5-5AD2F1DF2863}.Debug|Any CPU.Build.0 = Debug|x64
		{0A9FC356-8438-49D9-91E5-5AD2F1DF2863}.Debug|x64.ActiveCfg = Debug|x64
		{0A9FC356-8438-49D9-91E5-5AD2F1DF2863}.Debug|x64.Build.0 = Debug|x64
		{0A9FC356-8438-49D9-91E5-5AD2F1DF2863}.Debug|x86.ActiveCfg = Debug|Win32
		{0A9FC356-8438-49D9-91E5-5AD2F1DF2863}.Debug|x86.Build.0 = Debug|Win32
		{0A9FC356-8438-49D9-91E5-5AD2F1DF2863}.Profile|Any CPU.ActiveCfg = Debug|x64
		{0A9FC356-8438-49D9-91E5-5AD2F1DF2863}.Profile|Any CPU.Build.0 = Debug|x64
		{0A9FC356-8438-49D9-91E5-5AD2F1DF2863}.Profile|x64.ActiveCfg = Debug|x64
		{0A9FC356-8438-49D9-91E5-5AD2F1DF2863}.Profile|x64.Build.0 = Debug|x64
		{0A9FC356-8438-49D9-91E5-5AD2F1DF2863}.Profile|x86.ActiveCfg = Debug.NonSIMD|Win32
		{0A9FC356-8438-49D9-91E5-5AD2F1DF2863}.Profile|x86.Build.0 = Debug.NonSIMD|Win32
		{0A9FC356-8438-49D9-91E5-5AD2F1DF2863}.Release|Any CPU.ActiveCfg = Release|x64
		{0A9FC356-8438-49D9-91E5-5AD2F1DF2863}.Release|Any CPU.Build.0 = Release|x64
		{0A9FC356-8438-49D9-91E5-5AD2F1DF2863}.Release|x64.ActiveCfg = Release|x64
		{0A9FC356-8438-49D9-91E5-5AD2F1DF2863}.Release|x64.Build.0 = Release|x64
		{0A9FC356-8438-49D9-91E5-5AD2F1DF2863}.Release|x86.ActiveCfg = Release|Win32
		{0A9FC356-8438-49D9-91E5-5AD2F1DF2863}.Release|x86.Build.0 = Release|Win32
		{73A169C8-D6DE-49FC-A80F-55A11C59EBEB}.Debug.NonSIMD|Any CPU.ActiveCfg = Debug.NonSIMD|x64
		{73A169C8-D6DE-49FC-A80F-55A11C59EBEB}.Debug.NonSIMD|Any CPU.Build.0 = Debug.NonSIMD|x64
		{73A169C8-D6DE-49FC-A80F-55A11C59EBEB}.Debug.NonSIMD|x64.ActiveCfg = Debug.NonSIMD|x64
		{73A169C8-D6DE-49FC-A80F-55A11C59EBEB}.Debug.NonSIMD|x64.Build.0 = Debug.NonSIMD|x64
		{73A169C8-D6DE-49FC-A80F-55A11C59EBEB}.Debug.NonSIMD|x86.ActiveCfg = Debug.NonSIMD|Win32
		{73A169C8-D6DE-49FC-A80F-55A11C59EBEB}.Debug.NonSIMD|x86.Build.0 = Debug.NonSIMD|Win32
		{73A169C8-D6DE-49FC-A80F-55A11C59EBEB}.Debug|Any CPU.ActiveCfg = Debug|x64
		{73A169C8-D6DE-49FC-A80F-55A11C59EBEB}.Debug|Any CPU.Build.0 = Debug|x64
		{73A169C8-D6DE-49FC-A80F-55A11C59EBEB}.Debug|x64.ActiveCfg = Debug|x64
		{73A169C8-D6DE-49FC-A80F-55A11C59EBEB}.Debug|x64.Build.0 = Debug|x64
		{73A169C8-D6DE-49FC-A80F-55A11C59EBEB}.Debug|x86.ActiveCfg = Debug|Win32
		{73A169C8-D6DE-49FC-A80F-55A11C59EBEB}.Debug|x86.Build.0 = Debug|Win32
		{73A169C8-D6DE-49FC-A80F-55A11C59EBEB}.Profile|Any CPU.ActiveCfg = Debug.NonSIMD|x64
		{73A169C8-D6DE-49FC-A80F-55A11C59EBEB}.Profile|Any CPU.Build.0 = Debug.NonSIMD|x64
		{73A169C8-D6DE-49FC-A80F-55A11C59EBEB}.Profile|x64.ActiveCfg = Debug.NonSIMD|x64
		{73A169C8-D6DE-49FC-A80F-55A11C59EBEB}.Profile|x64.Build.0 = Debug.NonSIMD|x64
		{73A169C8-D6DE-49FC-A80F-55A11C59EBEB}.Profile|x86.ActiveCfg = Debug|Win32
		{73A169C8-D6DE-49FC-A80F-55A11C59EBEB}.Profile|x86.Build.0 = Debug|Win32
		{73A169C8-D6DE-49FC-A80F-55A11C59EBEB}.Release|Any CPU.ActiveCfg = Release|x64
		{73A169C8-D6DE-49FC-A80F-55A11C59EBEB}.Release|Any CPU.Build.0 = Release|x64
		{73A169C8-D6DE-49FC-A80F-55A11C59EBEB}.Release|x64.ActiveCfg = Release|x64
		{73A169C8-D6DE-49FC-A80F-55A11C59EBEB}.Release|x64.Build.0 = Release|x64
		{73A169C8-D6DE-49FC-A80F-55A11C59EBEB}.Release|x86.ActiveCfg = Release|Win32
		{73A169C8-D6DE-49FC-A80F-55A11C59EBEB}.Release|x86.Build.0 = Release|Win32
		{B6D6FCA5-7922-45D3-9F38-2745161CDCA0}.Debug.NonSIMD|Any CPU.ActiveCfg = Debug.NonSIMD|x64
		{B6D6FCA5-7922-45D3-9F38-2745161CDCA0}.Debug.NonSIMD|Any CPU.Build.0 = Debug.NonSIMD|x64
		{B6D6FCA5-7922-45D3-9F38-2745161CDCA0}.Debug.NonSIMD|x64.ActiveCfg = Debug.NonSIMD|x64
		{B6D6FCA5-7922-45D3-9F38-2745161CDCA0}.Debug.NonSIMD|x64.Build.0 = Debug.NonSIMD|x64
		{B6D6FCA5-7922-45D3-9F38-2745161CDCA0}.Debug.NonSIMD|x86.ActiveCfg = Debug.NonSIMD|Win32
		{B6D6FCA5-7922-45D3-9F38-2745161CDCA0}.Debug.NonSIMD|x86.Build.0 = Debug.NonSIMD|Win32
		{B6D6FCA5-7922-45D3-9F38-2745161CDCA0}.Debug|Any CPU.ActiveCfg = Debug|x64
		{B6D6FCA5-7922-45D3-9F38-2745161CDCA0}.Debug|Any CPU.Build.0 = Debug|x64
		{B6D6FCA5-7922-45D3-9F38-2745161CDCA0}.Debug|x64.ActiveCfg = Debug|x64
		{B6D6FCA5-7922-45D3-9F38-2745161CDCA0}.Debug|x64.Build.0 = Debug|x64
		{B6D6FCA5-7922-45D3-9F38-2745161CDCA0}.Debug|x86.ActiveCfg = Debug|Win32
		{B6D6FCA5-7922-45D3-9F38-2745161CDCA0}.Debug|x86.Build.0 = Debug|Win32
		{B6D6FCA5-7922-45D3-9F38-2745161CDCA0}.Profile|Any CPU.ActiveCfg = Debug|x64
		{B6D6FCA5-7922-45D3-9F38-2745161CDCA0}.Profile|Any CPU.Build.0 = Debug|x64
		{B6D6FCA5-7922-45D3-9F38-2745161CDCA0}.Profile|x64.ActiveCfg = Debug|x64
		{B6D6FCA5-7922-45D3-9F38-2745161CDCA0}.Profile|x64.Build.0 = Debug|x64
		{B6D6FCA5-7922-45D3-9F38-2745161CDCA0}.Profile|x86.ActiveCfg = Debug|Win32
		{B6D6FCA5-7922-45D3-9F38-2745161CDCA0}.Profile|x86.Build.0 = Debug|Win32
		{B6D6FCA5-7922-45D3-9F38-2745161CDCA0}.Release|Any CPU.ActiveCfg = Release|x64
		{B6D6FCA5-7922-45D3-9F38-2745161CDCA0}.Release|Any CPU.Build.0 = Release|x64
		{B6D6FCA5-7922-45D3-9F38-2745161CDCA0}.Release|x64.ActiveCfg = Release|x64
		{B6D6FCA5-7922-45D3-9F38-2745161CDCA0}.Release|x64.Build.0 = Release|x64
		{B6D6FCA5-7922-45D3-9F38-2745161CDCA0}.Release|x86.ActiveCfg = Release|Win32
		{B6D6FCA5-7922-45D3-9F38-2745161CDCA0}.Release|x86.Build.0 = Release|Win32
		{B9853A49-D19E-43AD-9840-5252757FA386}.Debug.NonSIMD|Any CPU.ActiveCfg = Debug.NonSIMD|x64
		{B9853A49-D19E-43AD-9840-5252757FA386}.Debug.NonSIMD|Any CPU.Build.0 = Debug.NonSIMD|x64
		{B9853A49-D19E-43AD-9840-5252757FA386}.Debug.NonSIMD|x64.ActiveCfg = Debug.NonSIMD|x64
		{B9853A49-D19E-43AD-9840-5252757FA386}.Debug.NonSIMD|x64.Build.0 = Debug.NonSIMD|x64
		{B9853A49-D19E-43AD-9840-5252757FA386}.Debug.NonSIMD|x86.ActiveCfg = Debug.NonSIMD|Win32
		{B9853A49-D19E-43AD-9840-5252757FA386}.Debug.NonSIMD|x86.Build.0 = Debug.NonSIMD|Win32
		{B9853A49-D19E-43AD-9840-5252757FA386}.Debug|Any CPU.ActiveCfg = Debug|x64
		{B9853A49-D19E-43AD-9840-5252757FA386}.Debug|Any CPU.Build.0 = Debug|x64
		{B9853A49-D19E-43AD-9840-5252757FA386}.Debug|x64.ActiveCfg = Debug|x64
		{B9853A49-D19E-43AD-9840-5252757FA386}.Debug|x64.Build.0 = Debug|x64
		{B9853A49-D19E-43AD-9840-5252757FA386}.Debug|x86.ActiveCfg = Debug|Win32
		{B9853A49-D19E-43AD-9840-5252757FA386}.Debug|x86.Build.0 = Debug|Win32
		{B9853A49-D19E-43AD-9840-5252757FA386}.Profile|Any CPU.ActiveCfg = Debug|x64
		{B9853A49-D19E-43AD-9840-5252757FA386}.Profile|Any CPU.Build.0 = Debug|x64
		{B9853A49-D19E-43AD-9840-5252757FA386}.Profile|x64.ActiveCfg = Debug|x64
		{B9853A49-D19E-43AD-9840-5252757FA386}.Profile|x64.Build.0 = Debug|x64
		{B9853A49-D19E-43AD-9840-5252757FA386}.Profile|x86.ActiveCfg = Debug|Win32
		{B9853A49-D19E-43AD-9840-5252757FA386}.Profile|x86.Build.0 = Debug|Win32
		{B9853A49-D19E-43AD-9840-5252757FA386}.Release|Any CPU.ActiveCfg = Release|x64
		{B9853A49-D19E-43AD-9840-5252757FA386}.Release|Any CPU.Build.0 = Release|x64
		{B9853A49-D19E-43AD-9840-5252757FA386}.Release|x64.ActiveCfg = Release|x64
		{B9853A49-D19E-43AD-9840-5252757FA386}.Release|x64.Build.0 = Release|x64
		{B9853A49-D19E-43AD-9840-5252757FA386}.Release|x86.ActiveCfg = Release|Win32
		{B9853A49-D19E-43AD-9840-5252757FA386}.Release|x86.Build.0 = Release|Win32
		{77CC56D8-07A1-4131-8C9A-F09635464226}.Debug.NonSIMD|Any CPU.ActiveCfg = Debug.NonSIMD|x64
		{77CC56D8-07A1-4131-8C9A-F09635464226}.Debug.NonSIMD|Any CPU.Build.0 = Debug.NonSIMD|x64
		{77CC56D8-07A1-4131-8C9A-F09635464226}.Debug.NonSIMD|x64.ActiveCfg = Debug.NonSIMD|x64
		{77CC56D8-07A1-4131-8C9A-F09635464226}.Debug.NonSIMD|x64.Build.0 = Debug.NonSIMD|x64
		{77CC56D8-07A1-4131-8C9A-F09635464226}.Debug.NonSIMD|x86.ActiveCfg = Debug.NonSIMD|Win32
		{77CC56D8-07A1-4131-8C9A-F09635464226}.Debug.NonSIMD|x86.Build.0 = Debug.NonSIMD|Win32
		{77CC56D8-07A1-4131-8C9A-F09635464226}.Debug|Any CPU.ActiveCfg = Debug|x64
		{77CC56D8-07A1-4131-8C9A-F09635464226}.Debug|Any CPU.Build.0 = Debug|x64
		{77CC56D8-07A1-4131-8C9A-F09635464226}.Debug|x64.ActiveCfg = Debug|x64
		{77CC56D8-07A1-4131-8C9A-F09635464226}.Debug|x64.Build.0 = Debug|x64
		{77CC56D8-07A1-4131-8C9A-F09635464226}.Debug|x86.ActiveCfg = Debug|Win32
		{77CC56D8-07A1-4131-8C9A-F09635464226}.Debug|x86.Build.0 = Debug|Win32
		{77CC56D8-07A1-4131-8C9A-F09635464226}.Profile|Any CPU.ActiveCfg = Debug.NonSIMD|x64
		{77CC56D8-07A1-4131-8C9A-F09635464226}.Profile|Any CPU.Build.0 = Debug.NonSIMD|x64
		{77CC56D8-07A1-4131-8C9A-F09635464226}.Profile|x64.ActiveCfg = Debug.NonSIMD|x64
		{77CC56D8-07A1-4131-8C9A-F09635464226}.Profile|x64.Build.0 = Debug.NonSIMD|x64
		{77CC56D8-07A1-4131-8C9A-F09635464226}.Profile|x86.ActiveCfg = Debug|Win32
		{77CC56D8-07A1-4131-8C9A-F09635464226}.Profile|x86.Build.0 = Debug|Win32
		{77CC56D8-07A1-4131-8C9A-F09635464226}.Release|Any CPU.ActiveCfg = Release|x64
		{77CC56D8-07A1-4131-8C9A-F09635464226}.Release|Any CPU.Build.0 = Release|x64
		{77CC56D8-07A1-4131-8C9A-F09635464226}.Release|x64.ActiveCfg = Release|x64
		{77CC56D8-07A1-4131-8C9A-F09635464226}.Release|x64.Build.0 = Release|x64
		{77CC56D8-07A1-4131-8C9A-F09635464226}.Release|x86.ActiveCfg = Release|Win32
		{77CC56D8-07A1-4131-8C9A-F09635464226}.Release|x86.Build.0 = Release|Win32
		{33658550-9D05-4DEE-9D56-ACA77CCF5A62}.Debug.NonSIMD|Any CPU.ActiveCfg = Debug.NonSIMD|x64
		{33658550-9D05-4DEE-9D56-ACA77CCF5A62}.Debug.NonSIMD|Any CPU.Build.0 = Debug.NonSIMD|x64
		{33658550-9D05-4DEE-9D56-ACA77CCF5A62}.Debug.NonSIMD|x64.ActiveCfg = Debug.NonSIMD|x64
		{33658550-9D05-4DEE-9D56-ACA77CCF5A62}.Debug.NonSIMD|x64.Build.0 = Debug.NonSIMD|x64
		{33658550-9D05-4DEE-9D56-ACA77CCF5A62}.Debug.NonSIMD|x86.ActiveCfg = Debug.NonSIMD|Win32
		{33658550-9D05-4DEE-9D56-ACA77CCF5A62}.Debug.NonSIMD|x86.Build.0 = Debug.NonSIMD|Win32
		{33658550-9D05-4DEE-9D56-ACA77CCF5A62}.Debug|Any CPU.ActiveCfg = Debug|x64
		{33658550-9D05-4DEE-9D56-ACA77CCF5A62}.Debug|Any CPU.Build.0 = Debug|x64
		{33658550-9D05-4DEE-9D56-ACA77CCF5A62}.Debug|x64.ActiveCfg = Debug|x64
		{33658550-9D05-4DEE-9D56-ACA77CCF5A62}.Debug|x64.Build.0 = Debug|x64
		{33658550-9D05-4DEE-9D56-ACA77CCF5A62}.Debug|x86.ActiveCfg = Debug|Win32
		{33658550-9D05-4DEE-9D56-ACA77CCF5A62}.Debug|x86.Build.0 = Debug|Win32
		{33658550-9D05-4DEE-9D56-ACA77CCF5A62}.Profile|Any CPU.ActiveCfg = Debug.NonSIMD|x64
		{33658550-9D05-4DEE-9D56-ACA77CCF5A62}.Profile|Any CPU.Build.0 = Debug.NonSIMD|x64
		{33658550-9D05-4DEE-9D56-ACA77CCF5A62}.Profile|x64.ActiveCfg = Debug.NonSIMD|x64
		{33658550-9D05-4DEE-9D56-ACA77CCF5A62}.Profile|x64.Build.0 = Debug.NonSIMD|x64
		{33658550-9D05-4DEE-9D56-ACA77CCF5A62}.Profile|x86.ActiveCfg = Debug|Win32
		{33658550-9D05-4DEE-9D56-ACA77CCF5A62}.Profile|x86.Build.0 = Debug|Win32
		{33658550-9D05-4DEE-9D56-ACA77CCF5A62}.Release|Any CPU.ActiveCfg = Release|x64
		{33658550-9D05-4DEE-9D56-ACA77CCF5A62}.Release|Any CPU.Build.0 = Release|x64
		{33658550-9D05-4DEE-9D56-ACA77CCF5A62}.Release|x64.ActiveCfg = Release|x64
		{33658550-9D05-4DEE-9D56-ACA77CCF5A62}.Release|x64.Build.0 = Release|x64
		{33658550-9D05-4DEE-9D56-ACA77CCF5A62}.Release|x86.ActiveCfg = Release|Win32
		{33658550-9D05-4DEE-9D56-ACA77CCF5A62}.Release|x86.Build.0 = Release|Win32
		{DAF84F24-DD60-4A71-87F3-337B3B0ECB13}.Debug.NonSIMD|Any CPU.ActiveCfg = Debug.NonSIMD|x64
		{DAF84F24-DD60-4A71-87F3-337B3B0ECB13}.Debug.NonSIMD|Any CPU.Build.0 = Debug.NonSIMD|x64
		{DAF84F24-DD60-4A71-87F3-337B3B0ECB13}.Debug.NonSIMD|x64.ActiveCfg = Debug.NonSIMD|x64
		{DAF84F24-DD60-4A71-87F3-337B3B0ECB13}.Debug.NonSIMD|x64.Build.0 = Debug.NonSIMD|x64
		{DAF84F24-DD60-4A71-87F3-337B3B0ECB13}.Debug.NonSIMD|x86.ActiveCfg = Debug.NonSIMD|Win32
		{DAF84F24-DD60-4A71-87F3-337B3B0ECB13}.Debug.NonSIMD|x86.Build.0 = Debug.NonSIMD|Win32
		{DAF84F24-DD60-4A71-87F3-337B3B0ECB13}.Debug|Any CPU.ActiveCfg = Debug|x64
		{DAF84F24-DD60-4A71-87F3-337B3B0ECB13}.Debug|Any CPU.Build.0 = Debug|x64
		{DAF84F24-DD60-4A71-87F3-337B3B0ECB13}.Debug|x64.ActiveCfg = Debug|x64
		{DAF84F24-DD60-4A71-87F3-337B3B0ECB13}.Debug|x64.Build.0 = Debug|x64
		{DAF84F24-DD60-4A71-87F3-337B3B0ECB13}.Debug|x86.ActiveCfg = Debug|Win32
		{DAF84F24-DD60-4A71-87F3-337B3B0ECB13}.Debug|x86.Build.0 = Debug|Win32
		{DAF84F24-DD60-4A71-87F3-337B3B0ECB13}.Profile|Any CPU.ActiveCfg = Debug|x64
		{DAF84F24-DD60-4A71-87F3-337B3B0ECB13}.Profile|Any CPU.Build.0 = Debug|x64
		{DAF84F24-DD60-4A71-87F3-337B3B0ECB13}.Profile|x64.ActiveCfg = Debug|x64
		{DAF84F24-DD60-4A71-87F3-337B3B0ECB13}.Profile|x64.Build.0 = Debug|x64
		{DAF84F24-DD60-4A71-87F3-337B3B0ECB13}.Profile|x86.ActiveCfg = Debug.NonSIMD|Win32
		{DAF84F24-DD60-4A71-87F3-337B3B0ECB13}.Profile|x86.Build.0 = Debug.NonSIMD|Win32
		{DAF84F24-DD60-4A71-87F3-337B3B0ECB13}.Release|Any CPU.ActiveCfg = Release|x64
		{DAF84F24-DD60-4A71-87F3-337B3B0ECB13}.Release|Any CPU.Build.0 = Release|x64
		{DAF84F24-DD60-4A71-87F3-337B3B0ECB13}.Release|x64.ActiveCfg = Release|x64
		{DAF84F24-DD60-4A71-87F3-337B3B0ECB13}.Release|x64.Build.0 = Release|x64
		{DAF84F24-DD60-4A71-87F3-337B3B0ECB13}.Release|x86.ActiveCfg = Release|Win32
		{DAF84F24-DD60-4A71-87F3-337B3B0ECB13}.Release|x86.Build.0 = Release|Win32
	EndGlobalSection
	GlobalSection(SolutionProperties) = preSolution
		HideSolutionNode = FALSE
	EndGlobalSection
	GlobalSection(NestedProjects) = preSolution
		{34790377-8689-4E58-8744-DE4E66454DF6} = {9A443CB1-6864-47D4-991D-4D5DA2D8260D}
		{371B9FA9-4C90-4AC6-A123-ACED756D6C77} = {34790377-8689-4E58-8744-DE4E66454DF6}
		{F48E6D4D-DA87-4B61-8B55-5FAF0FE69626} = {BE096686-7ECB-4175-9B7D-3EF80AE98F35}
		{E6D74FA5-4CFE-4DD3-8794-9105AD3B304C} = {F48E6D4D-DA87-4B61-8B55-5FAF0FE69626}
		{5419D221-8EA8-4780-960A-A5A1649EF8CB} = {E6D74FA5-4CFE-4DD3-8794-9105AD3B304C}
		{B493F4A1-CD82-465D-8212-FD99FA0145B1} = {BE096686-7ECB-4175-9B7D-3EF80AE98F35}
		{8C9FE286-F738-44A0-BD17-A2119EB18AB2} = {BE096686-7ECB-4175-9B7D-3EF80AE98F35}
		{6C6DC6F9-D2E2-4334-82AF-8213316BFAAB} = {13EFBC24-FA08-4A5E-85CC-BF4F7BD7EC04}
		{2976EC1D-6716-4C8F-9BAD-261FF9489D14} = {13EFBC24-FA08-4A5E-85CC-BF4F7BD7EC04}
		{AFC01DC0-AF57-475E-A2E1-6F35B165E4D3} = {13EFBC24-FA08-4A5E-85CC-BF4F7BD7EC04}
		{35A31032-3CE1-440D-9976-EA963C5916CB} = {AFC01DC0-AF57-475E-A2E1-6F35B165E4D3}
		{EDB0D3F2-7605-4C28-AE9C-85C3A532EEEC} = {BE096686-7ECB-4175-9B7D-3EF80AE98F35}
		{0A9FC356-8438-49D9-91E5-5AD2F1DF2863} = {BE096686-7ECB-4175-9B7D-3EF80AE98F35}
		{EAC2DA07-F691-4C7F-A1EF-C547B9328CC9} = {9C900B56-988E-40A3-9202-DAE527F53548}
		{73A169C8-D6DE-49FC-A80F-55A11C59EBEB} = {EAC2DA07-F691-4C7F-A1EF-C547B9328CC9}
		{B6D6FCA5-7922-45D3-9F38-2745161CDCA0} = {EAC2DA07-F691-4C7F-A1EF-C547B9328CC9}
		{B9853A49-D19E-43AD-9840-5252757FA386} = {544F6A09-7876-4077-A09C-E7EFB8FB46DD}
		{77CC56D8-07A1-4131-8C9A-F09635464226} = {EDB0D3F2-7605-4C28-AE9C-85C3A532EEEC}
		{33658550-9D05-4DEE-9D56-ACA77CCF5A62} = {EDB0D3F2-7605-4C28-AE9C-85C3A532EEEC}
		{DAF84F24-DD60-4A71-87F3-337B3B0ECB13} = {EDB0D3F2-7605-4C28-AE9C-85C3A532EEEC}
	EndGlobalSection
	GlobalSection(ExtensibilityGlobals) = postSolution
		SolutionGuid = {46D85E63-7E12-4E3D-8B5C-E5E2CFD04116}
	EndGlobalSection
EndGlobal
