
Microsoft Visual Studio Solution File, Format Version 12.00
# Visual Studio Version 16
VisualStudioVersion = 16.0.31515.178
MinimumVisualStudioVersion = 10.0.40219.1
Project("{2150E333-8FDC-42A3-9474-1A3956D46DE8}") = "Examples", "Examples", "{BEEDEADD-59C0-41CE-B168-8033D6D28B71}"
EndProject
Project("{2150E333-8FDC-42A3-9474-1A3956D46DE8}") = "ING", "ING", "{101A304B-456D-446E-B9D3-8ADEF7E7FE40}"
EndProject
Project("{2150E333-8FDC-42A3-9474-1A3956D46DE8}") = "Dependencies", "Dependencies", "{9A443CB1-6864-47D4-991D-4D5DA2D8260D}"
EndProject
Project("{8BC9CEB8-8B4A-11D0-8D11-00A0C91BC942}") = "ING", "ING\ING\ING.vcxproj", "{B493F4A1-CD82-465D-8212-FD99FA0145B1}"
	ProjectSection(ProjectDependencies) = postProject
		{371B9FA9-4C90-4AC6-A123-ACED756D6C77} = {371B9FA9-4C90-4AC6-A123-ACED756D6C77}
	EndProjectSection
EndProject
Project("{2150E333-8FDC-42A3-9474-1A3956D46DE8}") = "DirectXTex", "DirectXTex", "{34790377-8689-4E58-8744-DE4E66454DF6}"
EndProject
Project("{8BC9CEB8-8B4A-11D0-8D11-00A0C91BC942}") = "DirectXTex", "ING\Dependencies\DirectXTex\DirectXTex\DirectXTex_Desktop_2019.vcxproj", "{371B9FA9-4C90-4AC6-A123-ACED756D6C77}"
EndProject
Project("{8BC9CEB8-8B4A-11D0-8D11-00A0C91BC942}") = "INGEditor", "ING\INGEditor\INGEditor.vcxproj", "{9CF3CAC7-ABFA-4B01-88C3-646827263A73}"
	ProjectSection(ProjectDependencies) = postProject
		{D9086C44-19F8-40D3-8088-382CD11D7A36} = {D9086C44-19F8-40D3-8088-382CD11D7A36}
		{C3FE204D-1C94-4D30-8F1B-8ECAD255DBD5} = {C3FE204D-1C94-4D30-8F1B-8ECAD255DBD5}
		{B493F4A1-CD82-465D-8212-FD99FA0145B1} = {B493F4A1-CD82-465D-8212-FD99FA0145B1}
	EndProjectSection
EndProject
Project("{8BC9CEB8-8B4A-11D0-8D11-00A0C91BC942}") = "EventExample", "Examples\EventExample\EventExample.vcxproj", "{9A425136-C4D1-48B9-ABAA-E9AA04DC1B2C}"
	ProjectSection(ProjectDependencies) = postProject
		{B493F4A1-CD82-465D-8212-FD99FA0145B1} = {B493F4A1-CD82-465D-8212-FD99FA0145B1}
	EndProjectSection
EndProject
Project("{8BC9CEB8-8B4A-11D0-8D11-00A0C91BC942}") = "FirstExample", "Examples\FirstExample\FirstExample.vcxproj", "{494BB523-139D-4782-9878-D09D012BBEA1}"
	ProjectSection(ProjectDependencies) = postProject
		{B493F4A1-CD82-465D-8212-FD99FA0145B1} = {B493F4A1-CD82-465D-8212-FD99FA0145B1}
	EndProjectSection
EndProject
Project("{2150E333-8FDC-42A3-9474-1A3956D46DE8}") = "Dependencies", "Dependencies", "{6C796121-EB21-4338-9A77-3328B1734820}"
EndProject
Project("{2150E333-8FDC-42A3-9474-1A3956D46DE8}") = "UtilityExmaples", "UtilityExmaples", "{58162956-50B1-428B-9464-713AF5CB33A6}"
EndProject
Project("{8BC9CEB8-8B4A-11D0-8D11-00A0C91BC942}") = "SharedPtrExample", "Examples\UtilityExmaples\SharedPtrExample\SharedPtrExample.vcxproj", "{1FC082AF-8F2D-4D6C-A126-C01B8F6BF4B4}"
EndProject
Project("{8BC9CEB8-8B4A-11D0-8D11-00A0C91BC942}") = "UniquePtrExample", "Examples\UtilityExmaples\UniquePtrExample\UniquePtrExample.vcxproj", "{EE4E7C07-8457-4F21-8C81-DF489FD1FBA7}"
EndProject
Project("{2150E333-8FDC-42A3-9474-1A3956D46DE8}") = "AnimationExamples", "AnimationExamples", "{AE960E0C-1BAD-4D99-8868-CF3A9A69AF68}"
EndProject
Project("{2150E333-8FDC-42A3-9474-1A3956D46DE8}") = "RenderingExamples", "RenderingExamples", "{8ABDB339-15E0-4349-93DE-2DBEF07F4AAB}"
EndProject
Project("{8BC9CEB8-8B4A-11D0-8D11-00A0C91BC942}") = "BoardExample", "Examples\UtilityExmaples\BoardExample\BoardExample.vcxproj", "{F8A1077F-69C5-41A6-9318-748D9AD184FE}"
EndProject
Project("{8BC9CEB8-8B4A-11D0-8D11-00A0C91BC942}") = "SingletonExample", "Examples\UtilityExmaples\SingletonExample\SingletonExample.vcxproj", "{5E8E7AE1-9987-4775-A9C6-853A357869DE}"
EndProject
Project("{2150E333-8FDC-42A3-9474-1A3956D46DE8}") = "INGSDK", "INGSDK", "{B8687A6E-5ADF-485E-8BF9-A6E823E44076}"
EndProject
Project("{8BC9CEB8-8B4A-11D0-8D11-00A0C91BC942}") = "Lib", "ING\INGSDK\Lib\Lib.vcxproj", "{C3FE204D-1C94-4D30-8F1B-8ECAD255DBD5}"
EndProject
Project("{8BC9CEB8-8B4A-11D0-8D11-00A0C91BC942}") = "Runtime", "ING\INGSDK\Runtime\Runtime.vcxproj", "{D9086C44-19F8-40D3-8088-382CD11D7A36}"
	ProjectSection(ProjectDependencies) = postProject
		{C3FE204D-1C94-4D30-8F1B-8ECAD255DBD5} = {C3FE204D-1C94-4D30-8F1B-8ECAD255DBD5}
	EndProjectSection
EndProject
Project("{2150E333-8FDC-42A3-9474-1A3956D46DE8}") = "INGShaderCompiler", "INGShaderCompiler", "{5208E612-251D-45FC-B5C5-BFEA687ABAEF}"
EndProject
Project("{8BC9CEB8-8B4A-11D0-8D11-00A0C91BC942}") = "Lib", "ING\INGShaderCompiler\Lib\Lib.vcxproj", "{3C5AA5ED-DCC2-450C-A89B-B2EAA2CA5A3B}"
EndProject
Project("{8BC9CEB8-8B4A-11D0-8D11-00A0C91BC942}") = "Runtime", "ING\INGShaderCompiler\Runtime\Runtime.vcxproj", "{1A7AFE1F-2F41-42CE-AC21-AE84CE31BBEE}"
	ProjectSection(ProjectDependencies) = postProject
		{3C5AA5ED-DCC2-450C-A89B-B2EAA2CA5A3B} = {3C5AA5ED-DCC2-450C-A89B-B2EAA2CA5A3B}
	EndProjectSection
EndProject
Project("{2150E333-8FDC-42A3-9474-1A3956D46DE8}") = "SDKExamples", "SDKExamples", "{B9CFE826-2A2F-4CE2-9B0D-4CE0EE8BBB13}"
EndProject
Project("{2150E333-8FDC-42A3-9474-1A3956D46DE8}") = "ShaderCompilerExamples", "ShaderCompilerExamples", "{BF3E5DD9-823A-4DCE-8CB2-064A57621B24}"
EndProject
Project("{8BC9CEB8-8B4A-11D0-8D11-00A0C91BC942}") = "IdGeneratorExample", "Examples\UtilityExmaples\IdGeneratorExample\IdGeneratorExample.vcxproj", "{CE1E3885-CC18-4926-AD19-F60840C6BADD}"
EndProject
Project("{2150E333-8FDC-42A3-9474-1A3956D46DE8}") = "ThreadingExamples", "ThreadingExamples", "{3B8F1E4E-78EA-4E7E-B8FB-B4A86D509481}"
EndProject
Project("{8BC9CEB8-8B4A-11D0-8D11-00A0C91BC942}") = "BasicExample", "Examples\ThreadingExamples\BasicExample\BasicExample.vcxproj", "{BCB1F173-8FF9-401B-8A15-2DDF6303D583}"
EndProject
Project("{2150E333-8FDC-42A3-9474-1A3956D46DE8}") = "MultiTypeArrayExamples", "MultiTypeArrayExamples", "{99091645-3443-4B07-8664-EE5F48DF9EC5}"
EndProject
Project("{2150E333-8FDC-42A3-9474-1A3956D46DE8}") = "NoDuplicatesListExamples", "NoDuplicatesListExamples", "{684700A1-79E9-4656-BA44-89B45ADAE58F}"
EndProject
Project("{2150E333-8FDC-42A3-9474-1A3956D46DE8}") = "ListExamples", "ListExamples", "{53592266-EA1B-4B14-8289-963CEB5675C5}"
EndProject
Project("{8BC9CEB8-8B4A-11D0-8D11-00A0C91BC942}") = "ListExample", "Examples\UtilityExmaples\ListExamples\ListExample\ListExample.vcxproj", "{86DDBCCA-E0DD-4BBD-BF00-0712E2C0DF3E}"
EndProject
Project("{8BC9CEB8-8B4A-11D0-8D11-00A0C91BC942}") = "ListRefExample", "Examples\UtilityExmaples\ListExamples\ListRefExample\ListRefExample.vcxproj", "{1B13CC32-ABD0-415C-BDDE-DD7029B2FF7B}"
EndProject
Project("{8BC9CEB8-8B4A-11D0-8D11-00A0C91BC942}") = "MultiTypeArrayExample", "Examples\UtilityExmaples\MultiTypeArrayExamples\MultiTypeArrayExample\MultiTypeArrayExample.vcxproj", "{8AB97135-69D8-4452-81CE-407CC6D9CC7C}"
EndProject
Project("{8BC9CEB8-8B4A-11D0-8D11-00A0C91BC942}") = "MultiTypeArrayRefExample", "Examples\UtilityExmaples\MultiTypeArrayExamples\MultiTypeArrayRefExample\MultiTypeArrayRefExample.vcxproj", "{454B4344-F953-4C74-9302-D3D26DEE5ADB}"
EndProject
Project("{8BC9CEB8-8B4A-11D0-8D11-00A0C91BC942}") = "NoDuplicatesListExample", "Examples\UtilityExmaples\NoDuplicatesListExamples\NoDuplicatesListExample\NoDuplicatesListExample.vcxproj", "{5C95EC5A-716F-4127-AA24-7272D634D5CA}"
EndProject
Project("{8BC9CEB8-8B4A-11D0-8D11-00A0C91BC942}") = "NoDuplicatesListRefExample", "Examples\UtilityExmaples\NoDuplicatesListExamples\NoDuplicatesListRefExample\NoDuplicatesListRefExample.vcxproj", "{95E13445-69F2-4B71-8391-194F5C97BBC8}"
EndProject
Project("{8BC9CEB8-8B4A-11D0-8D11-00A0C91BC942}") = "AutoListExample", "Examples\UtilityExmaples\ListExamples\AutoListExample\AutoListExample.vcxproj", "{DB3BA344-0825-4947-B41F-F3868A64DCC3}"
EndProject
Project("{8BC9CEB8-8B4A-11D0-8D11-00A0C91BC942}") = "AutoExample", "Examples\UtilityExmaples\AutoExample\AutoExample.vcxproj", "{02AF0CC6-64A7-42D2-AB84-32BABDDBB4D0}"
EndProject
Project("{8BC9CEB8-8B4A-11D0-8D11-00A0C91BC942}") = "NoDestructorExample", "Examples\UtilityExmaples\NoDestructorExample\NoDestructorExample.vcxproj", "{FBFEED7D-12E7-4A8B-B4AC-2FF891C330C0}"
EndProject
Global
	GlobalSection(SolutionConfigurationPlatforms) = preSolution
		Debug|x64 = Debug|x64
		Debug|x86 = Debug|x86
		Profile|x64 = Profile|x64
		Profile|x86 = Profile|x86
		Release|x64 = Release|x64
		Release|x86 = Release|x86
	EndGlobalSection
	GlobalSection(ProjectConfigurationPlatforms) = postSolution
		{B493F4A1-CD82-465D-8212-FD99FA0145B1}.Debug|x64.ActiveCfg = Debug|x64
		{B493F4A1-CD82-465D-8212-FD99FA0145B1}.Debug|x64.Build.0 = Debug|x64
		{B493F4A1-CD82-465D-8212-FD99FA0145B1}.Debug|x86.ActiveCfg = Debug|Win32
		{B493F4A1-CD82-465D-8212-FD99FA0145B1}.Debug|x86.Build.0 = Debug|Win32
		{B493F4A1-CD82-465D-8212-FD99FA0145B1}.Profile|x64.ActiveCfg = Debug|x64
		{B493F4A1-CD82-465D-8212-FD99FA0145B1}.Profile|x64.Build.0 = Debug|x64
		{B493F4A1-CD82-465D-8212-FD99FA0145B1}.Profile|x86.ActiveCfg = Debug|Win32
		{B493F4A1-CD82-465D-8212-FD99FA0145B1}.Profile|x86.Build.0 = Debug|Win32
		{B493F4A1-CD82-465D-8212-FD99FA0145B1}.Release|x64.ActiveCfg = Release|x64
		{B493F4A1-CD82-465D-8212-FD99FA0145B1}.Release|x64.Build.0 = Release|x64
		{B493F4A1-CD82-465D-8212-FD99FA0145B1}.Release|x86.ActiveCfg = Release|Win32
		{B493F4A1-CD82-465D-8212-FD99FA0145B1}.Release|x86.Build.0 = Release|Win32
		{371B9FA9-4C90-4AC6-A123-ACED756D6C77}.Debug|x64.ActiveCfg = Debug|x64
		{371B9FA9-4C90-4AC6-A123-ACED756D6C77}.Debug|x64.Build.0 = Debug|x64
		{371B9FA9-4C90-4AC6-A123-ACED756D6C77}.Debug|x86.ActiveCfg = Debug|Win32
		{371B9FA9-4C90-4AC6-A123-ACED756D6C77}.Debug|x86.Build.0 = Debug|Win32
		{371B9FA9-4C90-4AC6-A123-ACED756D6C77}.Profile|x64.ActiveCfg = Profile|x64
		{371B9FA9-4C90-4AC6-A123-ACED756D6C77}.Profile|x64.Build.0 = Profile|x64
		{371B9FA9-4C90-4AC6-A123-ACED756D6C77}.Profile|x86.ActiveCfg = Profile|Win32
		{371B9FA9-4C90-4AC6-A123-ACED756D6C77}.Profile|x86.Build.0 = Profile|Win32
		{371B9FA9-4C90-4AC6-A123-ACED756D6C77}.Release|x64.ActiveCfg = Release|x64
		{371B9FA9-4C90-4AC6-A123-ACED756D6C77}.Release|x64.Build.0 = Release|x64
		{371B9FA9-4C90-4AC6-A123-ACED756D6C77}.Release|x86.ActiveCfg = Release|Win32
		{371B9FA9-4C90-4AC6-A123-ACED756D6C77}.Release|x86.Build.0 = Release|Win32
		{9CF3CAC7-ABFA-4B01-88C3-646827263A73}.Debug|x64.ActiveCfg = Debug|x64
		{9CF3CAC7-ABFA-4B01-88C3-646827263A73}.Debug|x64.Build.0 = Debug|x64
		{9CF3CAC7-ABFA-4B01-88C3-646827263A73}.Debug|x86.ActiveCfg = Debug|Win32
		{9CF3CAC7-ABFA-4B01-88C3-646827263A73}.Debug|x86.Build.0 = Debug|Win32
		{9CF3CAC7-ABFA-4B01-88C3-646827263A73}.Profile|x64.ActiveCfg = Debug|x64
		{9CF3CAC7-ABFA-4B01-88C3-646827263A73}.Profile|x64.Build.0 = Debug|x64
		{9CF3CAC7-ABFA-4B01-88C3-646827263A73}.Profile|x86.ActiveCfg = Debug|Win32
		{9CF3CAC7-ABFA-4B01-88C3-646827263A73}.Profile|x86.Build.0 = Debug|Win32
		{9CF3CAC7-ABFA-4B01-88C3-646827263A73}.Release|x64.ActiveCfg = Release|x64
		{9CF3CAC7-ABFA-4B01-88C3-646827263A73}.Release|x64.Build.0 = Release|x64
		{9CF3CAC7-ABFA-4B01-88C3-646827263A73}.Release|x86.ActiveCfg = Release|Win32
		{9CF3CAC7-ABFA-4B01-88C3-646827263A73}.Release|x86.Build.0 = Release|Win32
		{9A425136-C4D1-48B9-ABAA-E9AA04DC1B2C}.Debug|x64.ActiveCfg = Debug|x64
		{9A425136-C4D1-48B9-ABAA-E9AA04DC1B2C}.Debug|x64.Build.0 = Debug|x64
		{9A425136-C4D1-48B9-ABAA-E9AA04DC1B2C}.Debug|x86.ActiveCfg = Debug|Win32
		{9A425136-C4D1-48B9-ABAA-E9AA04DC1B2C}.Debug|x86.Build.0 = Debug|Win32
		{9A425136-C4D1-48B9-ABAA-E9AA04DC1B2C}.Profile|x64.ActiveCfg = Debug|x64
		{9A425136-C4D1-48B9-ABAA-E9AA04DC1B2C}.Profile|x64.Build.0 = Debug|x64
		{9A425136-C4D1-48B9-ABAA-E9AA04DC1B2C}.Profile|x86.ActiveCfg = Debug|Win32
		{9A425136-C4D1-48B9-ABAA-E9AA04DC1B2C}.Profile|x86.Build.0 = Debug|Win32
		{9A425136-C4D1-48B9-ABAA-E9AA04DC1B2C}.Release|x64.ActiveCfg = Release|x64
		{9A425136-C4D1-48B9-ABAA-E9AA04DC1B2C}.Release|x64.Build.0 = Release|x64
		{9A425136-C4D1-48B9-ABAA-E9AA04DC1B2C}.Release|x86.ActiveCfg = Release|Win32
		{9A425136-C4D1-48B9-ABAA-E9AA04DC1B2C}.Release|x86.Build.0 = Release|Win32
		{494BB523-139D-4782-9878-D09D012BBEA1}.Debug|x64.ActiveCfg = Debug|x64
		{494BB523-139D-4782-9878-D09D012BBEA1}.Debug|x64.Build.0 = Debug|x64
		{494BB523-139D-4782-9878-D09D012BBEA1}.Debug|x86.ActiveCfg = Debug|Win32
		{494BB523-139D-4782-9878-D09D012BBEA1}.Debug|x86.Build.0 = Debug|Win32
		{494BB523-139D-4782-9878-D09D012BBEA1}.Profile|x64.ActiveCfg = Debug|x64
		{494BB523-139D-4782-9878-D09D012BBEA1}.Profile|x64.Build.0 = Debug|x64
		{494BB523-139D-4782-9878-D09D012BBEA1}.Profile|x86.ActiveCfg = Debug|Win32
		{494BB523-139D-4782-9878-D09D012BBEA1}.Profile|x86.Build.0 = Debug|Win32
		{494BB523-139D-4782-9878-D09D012BBEA1}.Release|x64.ActiveCfg = Release|x64
		{494BB523-139D-4782-9878-D09D012BBEA1}.Release|x64.Build.0 = Release|x64
		{494BB523-139D-4782-9878-D09D012BBEA1}.Release|x86.ActiveCfg = Release|Win32
		{494BB523-139D-4782-9878-D09D012BBEA1}.Release|x86.Build.0 = Release|Win32
		{1FC082AF-8F2D-4D6C-A126-C01B8F6BF4B4}.Debug|x64.ActiveCfg = Debug|x64
		{1FC082AF-8F2D-4D6C-A126-C01B8F6BF4B4}.Debug|x64.Build.0 = Debug|x64
		{1FC082AF-8F2D-4D6C-A126-C01B8F6BF4B4}.Debug|x86.ActiveCfg = Debug|Win32
		{1FC082AF-8F2D-4D6C-A126-C01B8F6BF4B4}.Debug|x86.Build.0 = Debug|Win32
		{1FC082AF-8F2D-4D6C-A126-C01B8F6BF4B4}.Profile|x64.ActiveCfg = Debug|x64
		{1FC082AF-8F2D-4D6C-A126-C01B8F6BF4B4}.Profile|x64.Build.0 = Debug|x64
		{1FC082AF-8F2D-4D6C-A126-C01B8F6BF4B4}.Profile|x86.ActiveCfg = Debug|Win32
		{1FC082AF-8F2D-4D6C-A126-C01B8F6BF4B4}.Profile|x86.Build.0 = Debug|Win32
		{1FC082AF-8F2D-4D6C-A126-C01B8F6BF4B4}.Release|x64.ActiveCfg = Release|x64
		{1FC082AF-8F2D-4D6C-A126-C01B8F6BF4B4}.Release|x64.Build.0 = Release|x64
		{1FC082AF-8F2D-4D6C-A126-C01B8F6BF4B4}.Release|x86.ActiveCfg = Release|Win32
		{1FC082AF-8F2D-4D6C-A126-C01B8F6BF4B4}.Release|x86.Build.0 = Release|Win32
		{EE4E7C07-8457-4F21-8C81-DF489FD1FBA7}.Debug|x64.ActiveCfg = Debug|x64
		{EE4E7C07-8457-4F21-8C81-DF489FD1FBA7}.Debug|x64.Build.0 = Debug|x64
		{EE4E7C07-8457-4F21-8C81-DF489FD1FBA7}.Debug|x86.ActiveCfg = Debug|Win32
		{EE4E7C07-8457-4F21-8C81-DF489FD1FBA7}.Debug|x86.Build.0 = Debug|Win32
		{EE4E7C07-8457-4F21-8C81-DF489FD1FBA7}.Profile|x64.ActiveCfg = Debug|x64
		{EE4E7C07-8457-4F21-8C81-DF489FD1FBA7}.Profile|x64.Build.0 = Debug|x64
		{EE4E7C07-8457-4F21-8C81-DF489FD1FBA7}.Profile|x86.ActiveCfg = Debug|Win32
		{EE4E7C07-8457-4F21-8C81-DF489FD1FBA7}.Profile|x86.Build.0 = Debug|Win32
		{EE4E7C07-8457-4F21-8C81-DF489FD1FBA7}.Release|x64.ActiveCfg = Release|x64
		{EE4E7C07-8457-4F21-8C81-DF489FD1FBA7}.Release|x64.Build.0 = Release|x64
		{EE4E7C07-8457-4F21-8C81-DF489FD1FBA7}.Release|x86.ActiveCfg = Release|Win32
		{EE4E7C07-8457-4F21-8C81-DF489FD1FBA7}.Release|x86.Build.0 = Release|Win32
		{F8A1077F-69C5-41A6-9318-748D9AD184FE}.Debug|x64.ActiveCfg = Debug|x64
		{F8A1077F-69C5-41A6-9318-748D9AD184FE}.Debug|x64.Build.0 = Debug|x64
		{F8A1077F-69C5-41A6-9318-748D9AD184FE}.Debug|x86.ActiveCfg = Debug|Win32
		{F8A1077F-69C5-41A6-9318-748D9AD184FE}.Debug|x86.Build.0 = Debug|Win32
		{F8A1077F-69C5-41A6-9318-748D9AD184FE}.Profile|x64.ActiveCfg = Debug|x64
		{F8A1077F-69C5-41A6-9318-748D9AD184FE}.Profile|x64.Build.0 = Debug|x64
		{F8A1077F-69C5-41A6-9318-748D9AD184FE}.Profile|x86.ActiveCfg = Debug|Win32
		{F8A1077F-69C5-41A6-9318-748D9AD184FE}.Profile|x86.Build.0 = Debug|Win32
		{F8A1077F-69C5-41A6-9318-748D9AD184FE}.Release|x64.ActiveCfg = Release|x64
		{F8A1077F-69C5-41A6-9318-748D9AD184FE}.Release|x64.Build.0 = Release|x64
		{F8A1077F-69C5-41A6-9318-748D9AD184FE}.Release|x86.ActiveCfg = Release|Win32
		{F8A1077F-69C5-41A6-9318-748D9AD184FE}.Release|x86.Build.0 = Release|Win32
		{5E8E7AE1-9987-4775-A9C6-853A357869DE}.Debug|x64.ActiveCfg = Debug|x64
		{5E8E7AE1-9987-4775-A9C6-853A357869DE}.Debug|x64.Build.0 = Debug|x64
		{5E8E7AE1-9987-4775-A9C6-853A357869DE}.Debug|x86.ActiveCfg = Debug|Win32
		{5E8E7AE1-9987-4775-A9C6-853A357869DE}.Debug|x86.Build.0 = Debug|Win32
		{5E8E7AE1-9987-4775-A9C6-853A357869DE}.Profile|x64.ActiveCfg = Debug|x64
		{5E8E7AE1-9987-4775-A9C6-853A357869DE}.Profile|x64.Build.0 = Debug|x64
		{5E8E7AE1-9987-4775-A9C6-853A357869DE}.Profile|x86.ActiveCfg = Debug|Win32
		{5E8E7AE1-9987-4775-A9C6-853A357869DE}.Profile|x86.Build.0 = Debug|Win32
		{5E8E7AE1-9987-4775-A9C6-853A357869DE}.Release|x64.ActiveCfg = Release|x64
		{5E8E7AE1-9987-4775-A9C6-853A357869DE}.Release|x64.Build.0 = Release|x64
		{5E8E7AE1-9987-4775-A9C6-853A357869DE}.Release|x86.ActiveCfg = Release|Win32
		{5E8E7AE1-9987-4775-A9C6-853A357869DE}.Release|x86.Build.0 = Release|Win32
		{C3FE204D-1C94-4D30-8F1B-8ECAD255DBD5}.Debug|x64.ActiveCfg = Debug|x64
		{C3FE204D-1C94-4D30-8F1B-8ECAD255DBD5}.Debug|x64.Build.0 = Debug|x64
		{C3FE204D-1C94-4D30-8F1B-8ECAD255DBD5}.Debug|x86.ActiveCfg = Debug|Win32
		{C3FE204D-1C94-4D30-8F1B-8ECAD255DBD5}.Debug|x86.Build.0 = Debug|Win32
		{C3FE204D-1C94-4D30-8F1B-8ECAD255DBD5}.Profile|x64.ActiveCfg = Debug|x64
		{C3FE204D-1C94-4D30-8F1B-8ECAD255DBD5}.Profile|x64.Build.0 = Debug|x64
		{C3FE204D-1C94-4D30-8F1B-8ECAD255DBD5}.Profile|x86.ActiveCfg = Debug|Win32
		{C3FE204D-1C94-4D30-8F1B-8ECAD255DBD5}.Profile|x86.Build.0 = Debug|Win32
		{C3FE204D-1C94-4D30-8F1B-8ECAD255DBD5}.Release|x64.ActiveCfg = Release|x64
		{C3FE204D-1C94-4D30-8F1B-8ECAD255DBD5}.Release|x64.Build.0 = Release|x64
		{C3FE204D-1C94-4D30-8F1B-8ECAD255DBD5}.Release|x86.ActiveCfg = Release|Win32
		{C3FE204D-1C94-4D30-8F1B-8ECAD255DBD5}.Release|x86.Build.0 = Release|Win32
		{D9086C44-19F8-40D3-8088-382CD11D7A36}.Debug|x64.ActiveCfg = Debug|x64
		{D9086C44-19F8-40D3-8088-382CD11D7A36}.Debug|x64.Build.0 = Debug|x64
		{D9086C44-19F8-40D3-8088-382CD11D7A36}.Debug|x86.ActiveCfg = Debug|Win32
		{D9086C44-19F8-40D3-8088-382CD11D7A36}.Debug|x86.Build.0 = Debug|Win32
		{D9086C44-19F8-40D3-8088-382CD11D7A36}.Profile|x64.ActiveCfg = Debug|x64
		{D9086C44-19F8-40D3-8088-382CD11D7A36}.Profile|x64.Build.0 = Debug|x64
		{D9086C44-19F8-40D3-8088-382CD11D7A36}.Profile|x86.ActiveCfg = Debug|Win32
		{D9086C44-19F8-40D3-8088-382CD11D7A36}.Profile|x86.Build.0 = Debug|Win32
		{D9086C44-19F8-40D3-8088-382CD11D7A36}.Release|x64.ActiveCfg = Release|x64
		{D9086C44-19F8-40D3-8088-382CD11D7A36}.Release|x64.Build.0 = Release|x64
		{D9086C44-19F8-40D3-8088-382CD11D7A36}.Release|x86.ActiveCfg = Release|Win32
		{D9086C44-19F8-40D3-8088-382CD11D7A36}.Release|x86.Build.0 = Release|Win32
		{3C5AA5ED-DCC2-450C-A89B-B2EAA2CA5A3B}.Debug|x64.ActiveCfg = Debug|x64
		{3C5AA5ED-DCC2-450C-A89B-B2EAA2CA5A3B}.Debug|x64.Build.0 = Debug|x64
		{3C5AA5ED-DCC2-450C-A89B-B2EAA2CA5A3B}.Debug|x86.ActiveCfg = Debug|Win32
		{3C5AA5ED-DCC2-450C-A89B-B2EAA2CA5A3B}.Debug|x86.Build.0 = Debug|Win32
		{3C5AA5ED-DCC2-450C-A89B-B2EAA2CA5A3B}.Profile|x64.ActiveCfg = Debug|x64
		{3C5AA5ED-DCC2-450C-A89B-B2EAA2CA5A3B}.Profile|x64.Build.0 = Debug|x64
		{3C5AA5ED-DCC2-450C-A89B-B2EAA2CA5A3B}.Profile|x86.ActiveCfg = Debug|Win32
		{3C5AA5ED-DCC2-450C-A89B-B2EAA2CA5A3B}.Profile|x86.Build.0 = Debug|Win32
		{3C5AA5ED-DCC2-450C-A89B-B2EAA2CA5A3B}.Release|x64.ActiveCfg = Release|x64
		{3C5AA5ED-DCC2-450C-A89B-B2EAA2CA5A3B}.Release|x64.Build.0 = Release|x64
		{3C5AA5ED-DCC2-450C-A89B-B2EAA2CA5A3B}.Release|x86.ActiveCfg = Release|Win32
		{3C5AA5ED-DCC2-450C-A89B-B2EAA2CA5A3B}.Release|x86.Build.0 = Release|Win32
		{1A7AFE1F-2F41-42CE-AC21-AE84CE31BBEE}.Debug|x64.ActiveCfg = Debug|x64
		{1A7AFE1F-2F41-42CE-AC21-AE84CE31BBEE}.Debug|x64.Build.0 = Debug|x64
		{1A7AFE1F-2F41-42CE-AC21-AE84CE31BBEE}.Debug|x86.ActiveCfg = Debug|Win32
		{1A7AFE1F-2F41-42CE-AC21-AE84CE31BBEE}.Debug|x86.Build.0 = Debug|Win32
		{1A7AFE1F-2F41-42CE-AC21-AE84CE31BBEE}.Profile|x64.ActiveCfg = Debug|x64
		{1A7AFE1F-2F41-42CE-AC21-AE84CE31BBEE}.Profile|x64.Build.0 = Debug|x64
		{1A7AFE1F-2F41-42CE-AC21-AE84CE31BBEE}.Profile|x86.ActiveCfg = Debug|Win32
		{1A7AFE1F-2F41-42CE-AC21-AE84CE31BBEE}.Profile|x86.Build.0 = Debug|Win32
		{1A7AFE1F-2F41-42CE-AC21-AE84CE31BBEE}.Release|x64.ActiveCfg = Release|x64
		{1A7AFE1F-2F41-42CE-AC21-AE84CE31BBEE}.Release|x64.Build.0 = Release|x64
		{1A7AFE1F-2F41-42CE-AC21-AE84CE31BBEE}.Release|x86.ActiveCfg = Release|Win32
		{1A7AFE1F-2F41-42CE-AC21-AE84CE31BBEE}.Release|x86.Build.0 = Release|Win32
		{CE1E3885-CC18-4926-AD19-F60840C6BADD}.Debug|x64.ActiveCfg = Debug|x64
		{CE1E3885-CC18-4926-AD19-F60840C6BADD}.Debug|x64.Build.0 = Debug|x64
		{CE1E3885-CC18-4926-AD19-F60840C6BADD}.Debug|x86.ActiveCfg = Debug|Win32
		{CE1E3885-CC18-4926-AD19-F60840C6BADD}.Debug|x86.Build.0 = Debug|Win32
		{CE1E3885-CC18-4926-AD19-F60840C6BADD}.Profile|x64.ActiveCfg = Debug|x64
		{CE1E3885-CC18-4926-AD19-F60840C6BADD}.Profile|x64.Build.0 = Debug|x64
		{CE1E3885-CC18-4926-AD19-F60840C6BADD}.Profile|x86.ActiveCfg = Debug|Win32
		{CE1E3885-CC18-4926-AD19-F60840C6BADD}.Profile|x86.Build.0 = Debug|Win32
		{CE1E3885-CC18-4926-AD19-F60840C6BADD}.Release|x64.ActiveCfg = Release|x64
		{CE1E3885-CC18-4926-AD19-F60840C6BADD}.Release|x64.Build.0 = Release|x64
		{CE1E3885-CC18-4926-AD19-F60840C6BADD}.Release|x86.ActiveCfg = Release|Win32
		{CE1E3885-CC18-4926-AD19-F60840C6BADD}.Release|x86.Build.0 = Release|Win32
		{BCB1F173-8FF9-401B-8A15-2DDF6303D583}.Debug|x64.ActiveCfg = Debug|x64
		{BCB1F173-8FF9-401B-8A15-2DDF6303D583}.Debug|x64.Build.0 = Debug|x64
		{BCB1F173-8FF9-401B-8A15-2DDF6303D583}.Debug|x86.ActiveCfg = Debug|Win32
		{BCB1F173-8FF9-401B-8A15-2DDF6303D583}.Debug|x86.Build.0 = Debug|Win32
		{BCB1F173-8FF9-401B-8A15-2DDF6303D583}.Profile|x64.ActiveCfg = Debug|x64
		{BCB1F173-8FF9-401B-8A15-2DDF6303D583}.Profile|x64.Build.0 = Debug|x64
		{BCB1F173-8FF9-401B-8A15-2DDF6303D583}.Profile|x86.ActiveCfg = Debug|Win32
		{BCB1F173-8FF9-401B-8A15-2DDF6303D583}.Profile|x86.Build.0 = Debug|Win32
		{BCB1F173-8FF9-401B-8A15-2DDF6303D583}.Release|x64.ActiveCfg = Release|x64
		{BCB1F173-8FF9-401B-8A15-2DDF6303D583}.Release|x64.Build.0 = Release|x64
		{BCB1F173-8FF9-401B-8A15-2DDF6303D583}.Release|x86.ActiveCfg = Release|Win32
		{BCB1F173-8FF9-401B-8A15-2DDF6303D583}.Release|x86.Build.0 = Release|Win32
		{86DDBCCA-E0DD-4BBD-BF00-0712E2C0DF3E}.Debug|x64.ActiveCfg = Debug|x64
		{86DDBCCA-E0DD-4BBD-BF00-0712E2C0DF3E}.Debug|x64.Build.0 = Debug|x64
		{86DDBCCA-E0DD-4BBD-BF00-0712E2C0DF3E}.Debug|x86.ActiveCfg = Debug|Win32
		{86DDBCCA-E0DD-4BBD-BF00-0712E2C0DF3E}.Debug|x86.Build.0 = Debug|Win32
		{86DDBCCA-E0DD-4BBD-BF00-0712E2C0DF3E}.Profile|x64.ActiveCfg = Debug|x64
		{86DDBCCA-E0DD-4BBD-BF00-0712E2C0DF3E}.Profile|x64.Build.0 = Debug|x64
		{86DDBCCA-E0DD-4BBD-BF00-0712E2C0DF3E}.Profile|x86.ActiveCfg = Debug|Win32
		{86DDBCCA-E0DD-4BBD-BF00-0712E2C0DF3E}.Profile|x86.Build.0 = Debug|Win32
		{86DDBCCA-E0DD-4BBD-BF00-0712E2C0DF3E}.Release|x64.ActiveCfg = Release|x64
		{86DDBCCA-E0DD-4BBD-BF00-0712E2C0DF3E}.Release|x64.Build.0 = Release|x64
		{86DDBCCA-E0DD-4BBD-BF00-0712E2C0DF3E}.Release|x86.ActiveCfg = Release|Win32
		{86DDBCCA-E0DD-4BBD-BF00-0712E2C0DF3E}.Release|x86.Build.0 = Release|Win32
		{1B13CC32-ABD0-415C-BDDE-DD7029B2FF7B}.Debug|x64.ActiveCfg = Debug|x64
		{1B13CC32-ABD0-415C-BDDE-DD7029B2FF7B}.Debug|x64.Build.0 = Debug|x64
		{1B13CC32-ABD0-415C-BDDE-DD7029B2FF7B}.Debug|x86.ActiveCfg = Debug|Win32
		{1B13CC32-ABD0-415C-BDDE-DD7029B2FF7B}.Debug|x86.Build.0 = Debug|Win32
		{1B13CC32-ABD0-415C-BDDE-DD7029B2FF7B}.Profile|x64.ActiveCfg = Debug|x64
		{1B13CC32-ABD0-415C-BDDE-DD7029B2FF7B}.Profile|x64.Build.0 = Debug|x64
		{1B13CC32-ABD0-415C-BDDE-DD7029B2FF7B}.Profile|x86.ActiveCfg = Debug|Win32
		{1B13CC32-ABD0-415C-BDDE-DD7029B2FF7B}.Profile|x86.Build.0 = Debug|Win32
		{1B13CC32-ABD0-415C-BDDE-DD7029B2FF7B}.Release|x64.ActiveCfg = Release|x64
		{1B13CC32-ABD0-415C-BDDE-DD7029B2FF7B}.Release|x64.Build.0 = Release|x64
		{1B13CC32-ABD0-415C-BDDE-DD7029B2FF7B}.Release|x86.ActiveCfg = Release|Win32
		{1B13CC32-ABD0-415C-BDDE-DD7029B2FF7B}.Release|x86.Build.0 = Release|Win32
		{8AB97135-69D8-4452-81CE-407CC6D9CC7C}.Debug|x64.ActiveCfg = Debug|x64
		{8AB97135-69D8-4452-81CE-407CC6D9CC7C}.Debug|x64.Build.0 = Debug|x64
		{8AB97135-69D8-4452-81CE-407CC6D9CC7C}.Debug|x86.ActiveCfg = Debug|Win32
		{8AB97135-69D8-4452-81CE-407CC6D9CC7C}.Debug|x86.Build.0 = Debug|Win32
		{8AB97135-69D8-4452-81CE-407CC6D9CC7C}.Profile|x64.ActiveCfg = Debug|x64
		{8AB97135-69D8-4452-81CE-407CC6D9CC7C}.Profile|x64.Build.0 = Debug|x64
		{8AB97135-69D8-4452-81CE-407CC6D9CC7C}.Profile|x86.ActiveCfg = Debug|Win32
		{8AB97135-69D8-4452-81CE-407CC6D9CC7C}.Profile|x86.Build.0 = Debug|Win32
		{8AB97135-69D8-4452-81CE-407CC6D9CC7C}.Release|x64.ActiveCfg = Release|x64
		{8AB97135-69D8-4452-81CE-407CC6D9CC7C}.Release|x64.Build.0 = Release|x64
		{8AB97135-69D8-4452-81CE-407CC6D9CC7C}.Release|x86.ActiveCfg = Release|Win32
		{8AB97135-69D8-4452-81CE-407CC6D9CC7C}.Release|x86.Build.0 = Release|Win32
		{454B4344-F953-4C74-9302-D3D26DEE5ADB}.Debug|x64.ActiveCfg = Debug|x64
		{454B4344-F953-4C74-9302-D3D26DEE5ADB}.Debug|x64.Build.0 = Debug|x64
		{454B4344-F953-4C74-9302-D3D26DEE5ADB}.Debug|x86.ActiveCfg = Debug|Win32
		{454B4344-F953-4C74-9302-D3D26DEE5ADB}.Debug|x86.Build.0 = Debug|Win32
		{454B4344-F953-4C74-9302-D3D26DEE5ADB}.Profile|x64.ActiveCfg = Debug|x64
		{454B4344-F953-4C74-9302-D3D26DEE5ADB}.Profile|x64.Build.0 = Debug|x64
		{454B4344-F953-4C74-9302-D3D26DEE5ADB}.Profile|x86.ActiveCfg = Debug|Win32
		{454B4344-F953-4C74-9302-D3D26DEE5ADB}.Profile|x86.Build.0 = Debug|Win32
		{454B4344-F953-4C74-9302-D3D26DEE5ADB}.Release|x64.ActiveCfg = Release|x64
		{454B4344-F953-4C74-9302-D3D26DEE5ADB}.Release|x64.Build.0 = Release|x64
		{454B4344-F953-4C74-9302-D3D26DEE5ADB}.Release|x86.ActiveCfg = Release|Win32
		{454B4344-F953-4C74-9302-D3D26DEE5ADB}.Release|x86.Build.0 = Release|Win32
		{5C95EC5A-716F-4127-AA24-7272D634D5CA}.Debug|x64.ActiveCfg = Debug|x64
		{5C95EC5A-716F-4127-AA24-7272D634D5CA}.Debug|x64.Build.0 = Debug|x64
		{5C95EC5A-716F-4127-AA24-7272D634D5CA}.Debug|x86.ActiveCfg = Debug|Win32
		{5C95EC5A-716F-4127-AA24-7272D634D5CA}.Debug|x86.Build.0 = Debug|Win32
		{5C95EC5A-716F-4127-AA24-7272D634D5CA}.Profile|x64.ActiveCfg = Debug|x64
		{5C95EC5A-716F-4127-AA24-7272D634D5CA}.Profile|x64.Build.0 = Debug|x64
		{5C95EC5A-716F-4127-AA24-7272D634D5CA}.Profile|x86.ActiveCfg = Debug|Win32
		{5C95EC5A-716F-4127-AA24-7272D634D5CA}.Profile|x86.Build.0 = Debug|Win32
		{5C95EC5A-716F-4127-AA24-7272D634D5CA}.Release|x64.ActiveCfg = Release|x64
		{5C95EC5A-716F-4127-AA24-7272D634D5CA}.Release|x64.Build.0 = Release|x64
		{5C95EC5A-716F-4127-AA24-7272D634D5CA}.Release|x86.ActiveCfg = Release|Win32
		{5C95EC5A-716F-4127-AA24-7272D634D5CA}.Release|x86.Build.0 = Release|Win32
		{95E13445-69F2-4B71-8391-194F5C97BBC8}.Debug|x64.ActiveCfg = Debug|x64
		{95E13445-69F2-4B71-8391-194F5C97BBC8}.Debug|x64.Build.0 = Debug|x64
		{95E13445-69F2-4B71-8391-194F5C97BBC8}.Debug|x86.ActiveCfg = Debug|Win32
		{95E13445-69F2-4B71-8391-194F5C97BBC8}.Debug|x86.Build.0 = Debug|Win32
		{95E13445-69F2-4B71-8391-194F5C97BBC8}.Profile|x64.ActiveCfg = Debug|x64
		{95E13445-69F2-4B71-8391-194F5C97BBC8}.Profile|x64.Build.0 = Debug|x64
		{95E13445-69F2-4B71-8391-194F5C97BBC8}.Profile|x86.ActiveCfg = Debug|Win32
		{95E13445-69F2-4B71-8391-194F5C97BBC8}.Profile|x86.Build.0 = Debug|Win32
		{95E13445-69F2-4B71-8391-194F5C97BBC8}.Release|x64.ActiveCfg = Release|x64
		{95E13445-69F2-4B71-8391-194F5C97BBC8}.Release|x64.Build.0 = Release|x64
		{95E13445-69F2-4B71-8391-194F5C97BBC8}.Release|x86.ActiveCfg = Release|Win32
		{95E13445-69F2-4B71-8391-194F5C97BBC8}.Release|x86.Build.0 = Release|Win32
		{DB3BA344-0825-4947-B41F-F3868A64DCC3}.Debug|x64.ActiveCfg = Debug|x64
		{DB3BA344-0825-4947-B41F-F3868A64DCC3}.Debug|x64.Build.0 = Debug|x64
		{DB3BA344-0825-4947-B41F-F3868A64DCC3}.Debug|x86.ActiveCfg = Debug|Win32
		{DB3BA344-0825-4947-B41F-F3868A64DCC3}.Debug|x86.Build.0 = Debug|Win32
		{DB3BA344-0825-4947-B41F-F3868A64DCC3}.Profile|x64.ActiveCfg = Debug|x64
		{DB3BA344-0825-4947-B41F-F3868A64DCC3}.Profile|x64.Build.0 = Debug|x64
		{DB3BA344-0825-4947-B41F-F3868A64DCC3}.Profile|x86.ActiveCfg = Debug|Win32
		{DB3BA344-0825-4947-B41F-F3868A64DCC3}.Profile|x86.Build.0 = Debug|Win32
		{DB3BA344-0825-4947-B41F-F3868A64DCC3}.Release|x64.ActiveCfg = Release|x64
		{DB3BA344-0825-4947-B41F-F3868A64DCC3}.Release|x64.Build.0 = Release|x64
		{DB3BA344-0825-4947-B41F-F3868A64DCC3}.Release|x86.ActiveCfg = Release|Win32
		{DB3BA344-0825-4947-B41F-F3868A64DCC3}.Release|x86.Build.0 = Release|Win32
		{02AF0CC6-64A7-42D2-AB84-32BABDDBB4D0}.Debug|x64.ActiveCfg = Debug|x64
		{02AF0CC6-64A7-42D2-AB84-32BABDDBB4D0}.Debug|x64.Build.0 = Debug|x64
		{02AF0CC6-64A7-42D2-AB84-32BABDDBB4D0}.Debug|x86.ActiveCfg = Debug|Win32
		{02AF0CC6-64A7-42D2-AB84-32BABDDBB4D0}.Debug|x86.Build.0 = Debug|Win32
		{02AF0CC6-64A7-42D2-AB84-32BABDDBB4D0}.Profile|x64.ActiveCfg = Debug|x64
		{02AF0CC6-64A7-42D2-AB84-32BABDDBB4D0}.Profile|x64.Build.0 = Debug|x64
		{02AF0CC6-64A7-42D2-AB84-32BABDDBB4D0}.Profile|x86.ActiveCfg = Debug|Win32
		{02AF0CC6-64A7-42D2-AB84-32BABDDBB4D0}.Profile|x86.Build.0 = Debug|Win32
		{02AF0CC6-64A7-42D2-AB84-32BABDDBB4D0}.Release|x64.ActiveCfg = Release|x64
		{02AF0CC6-64A7-42D2-AB84-32BABDDBB4D0}.Release|x64.Build.0 = Release|x64
		{02AF0CC6-64A7-42D2-AB84-32BABDDBB4D0}.Release|x86.ActiveCfg = Release|Win32
		{02AF0CC6-64A7-42D2-AB84-32BABDDBB4D0}.Release|x86.Build.0 = Release|Win32
		{FBFEED7D-12E7-4A8B-B4AC-2FF891C330C0}.Debug|x64.ActiveCfg = Debug|x64
		{FBFEED7D-12E7-4A8B-B4AC-2FF891C330C0}.Debug|x64.Build.0 = Debug|x64
		{FBFEED7D-12E7-4A8B-B4AC-2FF891C330C0}.Debug|x86.ActiveCfg = Debug|Win32
		{FBFEED7D-12E7-4A8B-B4AC-2FF891C330C0}.Debug|x86.Build.0 = Debug|Win32
		{FBFEED7D-12E7-4A8B-B4AC-2FF891C330C0}.Profile|x64.ActiveCfg = Debug|x64
		{FBFEED7D-12E7-4A8B-B4AC-2FF891C330C0}.Profile|x64.Build.0 = Debug|x64
		{FBFEED7D-12E7-4A8B-B4AC-2FF891C330C0}.Profile|x86.ActiveCfg = Debug|Win32
		{FBFEED7D-12E7-4A8B-B4AC-2FF891C330C0}.Profile|x86.Build.0 = Debug|Win32
		{FBFEED7D-12E7-4A8B-B4AC-2FF891C330C0}.Release|x64.ActiveCfg = Release|x64
		{FBFEED7D-12E7-4A8B-B4AC-2FF891C330C0}.Release|x64.Build.0 = Release|x64
		{FBFEED7D-12E7-4A8B-B4AC-2FF891C330C0}.Release|x86.ActiveCfg = Release|Win32
		{FBFEED7D-12E7-4A8B-B4AC-2FF891C330C0}.Release|x86.Build.0 = Release|Win32
	EndGlobalSection
	GlobalSection(SolutionProperties) = preSolution
		HideSolutionNode = FALSE
	EndGlobalSection
	GlobalSection(NestedProjects) = preSolution
		{9A443CB1-6864-47D4-991D-4D5DA2D8260D} = {101A304B-456D-446E-B9D3-8ADEF7E7FE40}
		{B493F4A1-CD82-465D-8212-FD99FA0145B1} = {101A304B-456D-446E-B9D3-8ADEF7E7FE40}
		{34790377-8689-4E58-8744-DE4E66454DF6} = {9A443CB1-6864-47D4-991D-4D5DA2D8260D}
		{371B9FA9-4C90-4AC6-A123-ACED756D6C77} = {34790377-8689-4E58-8744-DE4E66454DF6}
		{9CF3CAC7-ABFA-4B01-88C3-646827263A73} = {101A304B-456D-446E-B9D3-8ADEF7E7FE40}
		{9A425136-C4D1-48B9-ABAA-E9AA04DC1B2C} = {BEEDEADD-59C0-41CE-B168-8033D6D28B71}
		{494BB523-139D-4782-9878-D09D012BBEA1} = {BEEDEADD-59C0-41CE-B168-8033D6D28B71}
		{6C796121-EB21-4338-9A77-3328B1734820} = {BEEDEADD-59C0-41CE-B168-8033D6D28B71}
		{58162956-50B1-428B-9464-713AF5CB33A6} = {BEEDEADD-59C0-41CE-B168-8033D6D28B71}
		{1FC082AF-8F2D-4D6C-A126-C01B8F6BF4B4} = {58162956-50B1-428B-9464-713AF5CB33A6}
		{EE4E7C07-8457-4F21-8C81-DF489FD1FBA7} = {58162956-50B1-428B-9464-713AF5CB33A6}
		{AE960E0C-1BAD-4D99-8868-CF3A9A69AF68} = {BEEDEADD-59C0-41CE-B168-8033D6D28B71}
		{8ABDB339-15E0-4349-93DE-2DBEF07F4AAB} = {BEEDEADD-59C0-41CE-B168-8033D6D28B71}
		{F8A1077F-69C5-41A6-9318-748D9AD184FE} = {58162956-50B1-428B-9464-713AF5CB33A6}
		{5E8E7AE1-9987-4775-A9C6-853A357869DE} = {58162956-50B1-428B-9464-713AF5CB33A6}
		{B8687A6E-5ADF-485E-8BF9-A6E823E44076} = {101A304B-456D-446E-B9D3-8ADEF7E7FE40}
		{C3FE204D-1C94-4D30-8F1B-8ECAD255DBD5} = {B8687A6E-5ADF-485E-8BF9-A6E823E44076}
		{D9086C44-19F8-40D3-8088-382CD11D7A36} = {B8687A6E-5ADF-485E-8BF9-A6E823E44076}
		{5208E612-251D-45FC-B5C5-BFEA687ABAEF} = {101A304B-456D-446E-B9D3-8ADEF7E7FE40}
		{3C5AA5ED-DCC2-450C-A89B-B2EAA2CA5A3B} = {5208E612-251D-45FC-B5C5-BFEA687ABAEF}
		{1A7AFE1F-2F41-42CE-AC21-AE84CE31BBEE} = {5208E612-251D-45FC-B5C5-BFEA687ABAEF}
		{B9CFE826-2A2F-4CE2-9B0D-4CE0EE8BBB13} = {BEEDEADD-59C0-41CE-B168-8033D6D28B71}
		{BF3E5DD9-823A-4DCE-8CB2-064A57621B24} = {BEEDEADD-59C0-41CE-B168-8033D6D28B71}
		{CE1E3885-CC18-4926-AD19-F60840C6BADD} = {58162956-50B1-428B-9464-713AF5CB33A6}
		{3B8F1E4E-78EA-4E7E-B8FB-B4A86D509481} = {BEEDEADD-59C0-41CE-B168-8033D6D28B71}
		{BCB1F173-8FF9-401B-8A15-2DDF6303D583} = {3B8F1E4E-78EA-4E7E-B8FB-B4A86D509481}
		{99091645-3443-4B07-8664-EE5F48DF9EC5} = {58162956-50B1-428B-9464-713AF5CB33A6}
		{684700A1-79E9-4656-BA44-89B45ADAE58F} = {58162956-50B1-428B-9464-713AF5CB33A6}
		{53592266-EA1B-4B14-8289-963CEB5675C5} = {58162956-50B1-428B-9464-713AF5CB33A6}
		{86DDBCCA-E0DD-4BBD-BF00-0712E2C0DF3E} = {53592266-EA1B-4B14-8289-963CEB5675C5}
		{1B13CC32-ABD0-415C-BDDE-DD7029B2FF7B} = {53592266-EA1B-4B14-8289-963CEB5675C5}
		{8AB97135-69D8-4452-81CE-407CC6D9CC7C} = {99091645-3443-4B07-8664-EE5F48DF9EC5}
		{454B4344-F953-4C74-9302-D3D26DEE5ADB} = {99091645-3443-4B07-8664-EE5F48DF9EC5}
		{5C95EC5A-716F-4127-AA24-7272D634D5CA} = {684700A1-79E9-4656-BA44-89B45ADAE58F}
		{95E13445-69F2-4B71-8391-194F5C97BBC8} = {684700A1-79E9-4656-BA44-89B45ADAE58F}
		{DB3BA344-0825-4947-B41F-F3868A64DCC3} = {53592266-EA1B-4B14-8289-963CEB5675C5}
		{02AF0CC6-64A7-42D2-AB84-32BABDDBB4D0} = {58162956-50B1-428B-9464-713AF5CB33A6}
		{FBFEED7D-12E7-4A8B-B4AC-2FF891C330C0} = {58162956-50B1-428B-9464-713AF5CB33A6}
	EndGlobalSection
	GlobalSection(ExtensibilityGlobals) = postSolution
		SolutionGuid = {46D85E63-7E12-4E3D-8B5C-E5E2CFD04116}
	EndGlobalSection
EndGlobal
