
Microsoft Visual Studio Solution File, Format Version 12.00
# Visual Studio Version 16
VisualStudioVersion = 16.0.31515.178
MinimumVisualStudioVersion = 10.0.40219.1
Project("{2150E333-8FDC-42A3-9474-1A3956D46DE8}") = "Examples", "Examples", "{BEEDEADD-59C0-41CE-B168-8033D6D28B71}"
EndProject
Project("{2150E333-8FDC-42A3-9474-1A3956D46DE8}") = "ING", "ING", "{101A304B-456D-446E-B9D3-8ADEF7E7FE40}"
EndProject
Project("{2150E333-8FDC-42A3-9474-1A3956D46DE8}") = "Dependencies", "Dependencies", "{9A443CB1-6864-47D4-991D-4D5DA2D8260D}"
EndProject
Project("{8BC9CEB8-8B4A-11D0-8D11-00A0C91BC942}") = "ING", "ING\ING\ING.vcxproj", "{B493F4A1-CD82-465D-8212-FD99FA0145B1}"
	ProjectSection(ProjectDependencies) = postProject
		{371B9FA9-4C90-4AC6-A123-ACED756D6C77} = {371B9FA9-4C90-4AC6-A123-ACED756D6C77}
	EndProjectSection
EndProject
Project("{2150E333-8FDC-42A3-9474-1A3956D46DE8}") = "DirectXTex", "DirectXTex", "{34790377-8689-4E58-8744-DE4E66454DF6}"
EndProject
Project("{8BC9CEB8-8B4A-11D0-8D11-00A0C91BC942}") = "DirectXTex", "ING\Dependencies\DirectXTex\DirectXTex\DirectXTex_Desktop_2019.vcxproj", "{371B9FA9-4C90-4AC6-A123-ACED756D6C77}"
EndProject
Project("{8BC9CEB8-8B4A-11D0-8D11-00A0C91BC942}") = "INGEditor", "ING\INGEditor\INGEditor.vcxproj", "{9CF3CAC7-ABFA-4B01-88C3-646827263A73}"
	ProjectSection(ProjectDependencies) = postProject
		{B493F4A1-CD82-465D-8212-FD99FA0145B1} = {B493F4A1-CD82-465D-8212-FD99FA0145B1}
	EndProjectSection
EndProject
Project("{8BC9CEB8-8B4A-11D0-8D11-00A0C91BC942}") = "MultiThreadingExample", "Examples\MultiThreadingExample\MultiThreadingExample.vcxproj", "{5D743394-A4C8-4D91-BA88-4B0AE01DDF38}"
	ProjectSection(ProjectDependencies) = postProject
		{B493F4A1-CD82-465D-8212-FD99FA0145B1} = {B493F4A1-CD82-465D-8212-FD99FA0145B1}
	EndProjectSection
EndProject
Project("{8BC9CEB8-8B4A-11D0-8D11-00A0C91BC942}") = "EventExample", "Examples\EventExample\EventExample.vcxproj", "{9A425136-C4D1-48B9-ABAA-E9AA04DC1B2C}"
	ProjectSection(ProjectDependencies) = postProject
		{B493F4A1-CD82-465D-8212-FD99FA0145B1} = {B493F4A1-CD82-465D-8212-FD99FA0145B1}
	EndProjectSection
EndProject
Project("{8BC9CEB8-8B4A-11D0-8D11-00A0C91BC942}") = "FirstExample", "Examples\FirstExample\FirstExample.vcxproj", "{494BB523-139D-4782-9878-D09D012BBEA1}"
	ProjectSection(ProjectDependencies) = postProject
		{B493F4A1-CD82-465D-8212-FD99FA0145B1} = {B493F4A1-CD82-465D-8212-FD99FA0145B1}
	EndProjectSection
EndProject
Project("{2150E333-8FDC-42A3-9474-1A3956D46DE8}") = "Dependencies", "Dependencies", "{6C796121-EB21-4338-9A77-3328B1734820}"
EndProject
Project("{2150E333-8FDC-42A3-9474-1A3956D46DE8}") = "ING", "ING", "{4AE952CB-5AFF-4FFB-A88B-4063FA173B21}"
EndProject
Global
	GlobalSection(SolutionConfigurationPlatforms) = preSolution
		Debug|x64 = Debug|x64
		Debug|x86 = Debug|x86
		Profile|x64 = Profile|x64
		Profile|x86 = Profile|x86
		Release|x64 = Release|x64
		Release|x86 = Release|x86
	EndGlobalSection
	GlobalSection(ProjectConfigurationPlatforms) = postSolution
		{B493F4A1-CD82-465D-8212-FD99FA0145B1}.Debug|x64.ActiveCfg = Debug|x64
		{B493F4A1-CD82-465D-8212-FD99FA0145B1}.Debug|x64.Build.0 = Debug|x64
		{B493F4A1-CD82-465D-8212-FD99FA0145B1}.Debug|x86.ActiveCfg = Debug|Win32
		{B493F4A1-CD82-465D-8212-FD99FA0145B1}.Debug|x86.Build.0 = Debug|Win32
		{B493F4A1-CD82-465D-8212-FD99FA0145B1}.Profile|x64.ActiveCfg = Debug|x64
		{B493F4A1-CD82-465D-8212-FD99FA0145B1}.Profile|x64.Build.0 = Debug|x64
		{B493F4A1-CD82-465D-8212-FD99FA0145B1}.Profile|x86.ActiveCfg = Debug|Win32
		{B493F4A1-CD82-465D-8212-FD99FA0145B1}.Profile|x86.Build.0 = Debug|Win32
		{B493F4A1-CD82-465D-8212-FD99FA0145B1}.Release|x64.ActiveCfg = Release|x64
		{B493F4A1-CD82-465D-8212-FD99FA0145B1}.Release|x64.Build.0 = Release|x64
		{B493F4A1-CD82-465D-8212-FD99FA0145B1}.Release|x86.ActiveCfg = Release|Win32
		{B493F4A1-CD82-465D-8212-FD99FA0145B1}.Release|x86.Build.0 = Release|Win32
		{371B9FA9-4C90-4AC6-A123-ACED756D6C77}.Debug|x64.ActiveCfg = Debug|x64
		{371B9FA9-4C90-4AC6-A123-ACED756D6C77}.Debug|x64.Build.0 = Debug|x64
		{371B9FA9-4C90-4AC6-A123-ACED756D6C77}.Debug|x86.ActiveCfg = Debug|Win32
		{371B9FA9-4C90-4AC6-A123-ACED756D6C77}.Debug|x86.Build.0 = Debug|Win32
		{371B9FA9-4C90-4AC6-A123-ACED756D6C77}.Profile|x64.ActiveCfg = Profile|x64
		{371B9FA9-4C90-4AC6-A123-ACED756D6C77}.Profile|x64.Build.0 = Profile|x64
		{371B9FA9-4C90-4AC6-A123-ACED756D6C77}.Profile|x86.ActiveCfg = Profile|Win32
		{371B9FA9-4C90-4AC6-A123-ACED756D6C77}.Profile|x86.Build.0 = Profile|Win32
		{371B9FA9-4C90-4AC6-A123-ACED756D6C77}.Release|x64.ActiveCfg = Release|x64
		{371B9FA9-4C90-4AC6-A123-ACED756D6C77}.Release|x64.Build.0 = Release|x64
		{371B9FA9-4C90-4AC6-A123-ACED756D6C77}.Release|x86.ActiveCfg = Release|Win32
		{371B9FA9-4C90-4AC6-A123-ACED756D6C77}.Release|x86.Build.0 = Release|Win32
		{9CF3CAC7-ABFA-4B01-88C3-646827263A73}.Debug|x64.ActiveCfg = Debug|x64
		{9CF3CAC7-ABFA-4B01-88C3-646827263A73}.Debug|x64.Build.0 = Debug|x64
		{9CF3CAC7-ABFA-4B01-88C3-646827263A73}.Debug|x86.ActiveCfg = Debug|Win32
		{9CF3CAC7-ABFA-4B01-88C3-646827263A73}.Debug|x86.Build.0 = Debug|Win32
		{9CF3CAC7-ABFA-4B01-88C3-646827263A73}.Profile|x64.ActiveCfg = Debug|x64
		{9CF3CAC7-ABFA-4B01-88C3-646827263A73}.Profile|x64.Build.0 = Debug|x64
		{9CF3CAC7-ABFA-4B01-88C3-646827263A73}.Profile|x86.ActiveCfg = Debug|Win32
		{9CF3CAC7-ABFA-4B01-88C3-646827263A73}.Profile|x86.Build.0 = Debug|Win32
		{9CF3CAC7-ABFA-4B01-88C3-646827263A73}.Release|x64.ActiveCfg = Release|x64
		{9CF3CAC7-ABFA-4B01-88C3-646827263A73}.Release|x64.Build.0 = Release|x64
		{9CF3CAC7-ABFA-4B01-88C3-646827263A73}.Release|x86.ActiveCfg = Release|Win32
		{9CF3CAC7-ABFA-4B01-88C3-646827263A73}.Release|x86.Build.0 = Release|Win32
		{5D743394-A4C8-4D91-BA88-4B0AE01DDF38}.Debug|x64.ActiveCfg = Debug|x64
		{5D743394-A4C8-4D91-BA88-4B0AE01DDF38}.Debug|x64.Build.0 = Debug|x64
		{5D743394-A4C8-4D91-BA88-4B0AE01DDF38}.Debug|x86.ActiveCfg = Debug|Win32
		{5D743394-A4C8-4D91-BA88-4B0AE01DDF38}.Debug|x86.Build.0 = Debug|Win32
		{5D743394-A4C8-4D91-BA88-4B0AE01DDF38}.Profile|x64.ActiveCfg = Debug|x64
		{5D743394-A4C8-4D91-BA88-4B0AE01DDF38}.Profile|x64.Build.0 = Debug|x64
		{5D743394-A4C8-4D91-BA88-4B0AE01DDF38}.Profile|x86.ActiveCfg = Debug|Win32
		{5D743394-A4C8-4D91-BA88-4B0AE01DDF38}.Profile|x86.Build.0 = Debug|Win32
		{5D743394-A4C8-4D91-BA88-4B0AE01DDF38}.Release|x64.ActiveCfg = Release|x64
		{5D743394-A4C8-4D91-BA88-4B0AE01DDF38}.Release|x64.Build.0 = Release|x64
		{5D743394-A4C8-4D91-BA88-4B0AE01DDF38}.Release|x86.ActiveCfg = Release|Win32
		{5D743394-A4C8-4D91-BA88-4B0AE01DDF38}.Release|x86.Build.0 = Release|Win32
		{9A425136-C4D1-48B9-ABAA-E9AA04DC1B2C}.Debug|x64.ActiveCfg = Debug|x64
		{9A425136-C4D1-48B9-ABAA-E9AA04DC1B2C}.Debug|x64.Build.0 = Debug|x64
		{9A425136-C4D1-48B9-ABAA-E9AA04DC1B2C}.Debug|x86.ActiveCfg = Debug|Win32
		{9A425136-C4D1-48B9-ABAA-E9AA04DC1B2C}.Debug|x86.Build.0 = Debug|Win32
		{9A425136-C4D1-48B9-ABAA-E9AA04DC1B2C}.Profile|x64.ActiveCfg = Debug|x64
		{9A425136-C4D1-48B9-ABAA-E9AA04DC1B2C}.Profile|x64.Build.0 = Debug|x64
		{9A425136-C4D1-48B9-ABAA-E9AA04DC1B2C}.Profile|x86.ActiveCfg = Debug|Win32
		{9A425136-C4D1-48B9-ABAA-E9AA04DC1B2C}.Profile|x86.Build.0 = Debug|Win32
		{9A425136-C4D1-48B9-ABAA-E9AA04DC1B2C}.Release|x64.ActiveCfg = Release|x64
		{9A425136-C4D1-48B9-ABAA-E9AA04DC1B2C}.Release|x64.Build.0 = Release|x64
		{9A425136-C4D1-48B9-ABAA-E9AA04DC1B2C}.Release|x86.ActiveCfg = Release|Win32
		{9A425136-C4D1-48B9-ABAA-E9AA04DC1B2C}.Release|x86.Build.0 = Release|Win32
		{494BB523-139D-4782-9878-D09D012BBEA1}.Debug|x64.ActiveCfg = Debug|x64
		{494BB523-139D-4782-9878-D09D012BBEA1}.Debug|x64.Build.0 = Debug|x64
		{494BB523-139D-4782-9878-D09D012BBEA1}.Debug|x86.ActiveCfg = Debug|Win32
		{494BB523-139D-4782-9878-D09D012BBEA1}.Debug|x86.Build.0 = Debug|Win32
		{494BB523-139D-4782-9878-D09D012BBEA1}.Profile|x64.ActiveCfg = Debug|x64
		{494BB523-139D-4782-9878-D09D012BBEA1}.Profile|x64.Build.0 = Debug|x64
		{494BB523-139D-4782-9878-D09D012BBEA1}.Profile|x86.ActiveCfg = Debug|Win32
		{494BB523-139D-4782-9878-D09D012BBEA1}.Profile|x86.Build.0 = Debug|Win32
		{494BB523-139D-4782-9878-D09D012BBEA1}.Release|x64.ActiveCfg = Release|x64
		{494BB523-139D-4782-9878-D09D012BBEA1}.Release|x64.Build.0 = Release|x64
		{494BB523-139D-4782-9878-D09D012BBEA1}.Release|x86.ActiveCfg = Release|Win32
		{494BB523-139D-4782-9878-D09D012BBEA1}.Release|x86.Build.0 = Release|Win32
	EndGlobalSection
	GlobalSection(SolutionProperties) = preSolution
		HideSolutionNode = FALSE
	EndGlobalSection
	GlobalSection(NestedProjects) = preSolution
		{9A443CB1-6864-47D4-991D-4D5DA2D8260D} = {101A304B-456D-446E-B9D3-8ADEF7E7FE40}
		{B493F4A1-CD82-465D-8212-FD99FA0145B1} = {101A304B-456D-446E-B9D3-8ADEF7E7FE40}
		{34790377-8689-4E58-8744-DE4E66454DF6} = {9A443CB1-6864-47D4-991D-4D5DA2D8260D}
		{371B9FA9-4C90-4AC6-A123-ACED756D6C77} = {34790377-8689-4E58-8744-DE4E66454DF6}
		{9CF3CAC7-ABFA-4B01-88C3-646827263A73} = {101A304B-456D-446E-B9D3-8ADEF7E7FE40}
		{5D743394-A4C8-4D91-BA88-4B0AE01DDF38} = {BEEDEADD-59C0-41CE-B168-8033D6D28B71}
		{9A425136-C4D1-48B9-ABAA-E9AA04DC1B2C} = {BEEDEADD-59C0-41CE-B168-8033D6D28B71}
		{494BB523-139D-4782-9878-D09D012BBEA1} = {BEEDEADD-59C0-41CE-B168-8033D6D28B71}
		{6C796121-EB21-4338-9A77-3328B1734820} = {BEEDEADD-59C0-41CE-B168-8033D6D28B71}
		{4AE952CB-5AFF-4FFB-A88B-4063FA173B21} = {6C796121-EB21-4338-9A77-3328B1734820}
	EndGlobalSection
	GlobalSection(ExtensibilityGlobals) = postSolution
		SolutionGuid = {46D85E63-7E12-4E3D-8B5C-E5E2CFD04116}
	EndGlobalSection
EndGlobal
