
Microsoft Visual Studio Solution File, Format Version 12.00
# Visual Studio Version 16
VisualStudioVersion = 16.0.31515.178
MinimumVisualStudioVersion = 10.0.40219.1
Project("{2150E333-8FDC-42A3-9474-1A3956D46DE8}") = "Examples", "Examples", "{BEEDEADD-59C0-41CE-B168-8033D6D28B71}"
EndProject
Project("{2150E333-8FDC-42A3-9474-1A3956D46DE8}") = "Dependencies", "Dependencies", "{9A443CB1-6864-47D4-991D-4D5DA2D8260D}"
EndProject
Project("{2150E333-8FDC-42A3-9474-1A3956D46DE8}") = "DirectXTex", "DirectXTex", "{34790377-8689-4E58-8744-DE4E66454DF6}"
EndProject
Project("{2150E333-8FDC-42A3-9474-1A3956D46DE8}") = "SDK", "SDK", "{B8687A6E-5ADF-485E-8BF9-A6E823E44076}"
EndProject
Project("{2150E333-8FDC-42A3-9474-1A3956D46DE8}") = "ShaderCompiler", "ShaderCompiler", "{5208E612-251D-45FC-B5C5-BFEA687ABAEF}"
EndProject
Project("{2150E333-8FDC-42A3-9474-1A3956D46DE8}") = "Coder", "Coder", "{9C00F8B3-6D56-41CE-BB4B-F15AF919446F}"
EndProject
Project("{2150E333-8FDC-42A3-9474-1A3956D46DE8}") = "ConfigurationCompiler", "ConfigurationCompiler", "{4070C724-832A-46B2-8A80-BE5C06E6C886}"
EndProject
Project("{8BC9CEB8-8B4A-11D0-8D11-00A0C91BC942}") = "DirectXTex", "Dependencies\DirectXTex\DirectXTex\DirectXTex_Desktop_2019.vcxproj", "{371B9FA9-4C90-4AC6-A123-ACED756D6C77}"
EndProject
Project("{8BC9CEB8-8B4A-11D0-8D11-00A0C91BC942}") = "FirstExample", "Examples\FirstExample\FirstExample_VS2019.vcxproj", "{494BB523-139D-4782-9878-D09D012BBEA1}"
	ProjectSection(ProjectDependencies) = postProject
		{B493F4A1-CD82-465D-8212-FD99FA0145B1} = {B493F4A1-CD82-465D-8212-FD99FA0145B1}
	EndProjectSection
EndProject
Project("{8BC9CEB8-8B4A-11D0-8D11-00A0C91BC942}") = "Engine", "Engine\Engine_VS2019.vcxproj", "{B493F4A1-CD82-465D-8212-FD99FA0145B1}"
	ProjectSection(ProjectDependencies) = postProject
		{371B9FA9-4C90-4AC6-A123-ACED756D6C77} = {371B9FA9-4C90-4AC6-A123-ACED756D6C77}
	EndProjectSection
EndProject
Project("{8BC9CEB8-8B4A-11D0-8D11-00A0C91BC942}") = "Editor", "Editor\Editor_VS2019.vcxproj", "{9CF3CAC7-ABFA-4B01-88C3-646827263A73}"
	ProjectSection(ProjectDependencies) = postProject
		{C3FE204D-1C94-4D30-8F1B-8ECAD255DBD5} = {C3FE204D-1C94-4D30-8F1B-8ECAD255DBD5}
		{B493F4A1-CD82-465D-8212-FD99FA0145B1} = {B493F4A1-CD82-465D-8212-FD99FA0145B1}
	EndProjectSection
EndProject
Project("{8BC9CEB8-8B4A-11D0-8D11-00A0C91BC942}") = "Lib", "SDK\Coder\Lib\Lib_VS2019.vcxproj", "{5235E952-2EB5-4C49-AC05-ABB7EACEB6F6}"
EndProject
Project("{8BC9CEB8-8B4A-11D0-8D11-00A0C91BC942}") = "Runtime", "SDK\Coder\Runtime\Runtime_VS2019.vcxproj", "{433DB825-9B12-48D0-ACA3-820063248B5D}"
	ProjectSection(ProjectDependencies) = postProject
		{5235E952-2EB5-4C49-AC05-ABB7EACEB6F6} = {5235E952-2EB5-4C49-AC05-ABB7EACEB6F6}
	EndProjectSection
EndProject
Project("{8BC9CEB8-8B4A-11D0-8D11-00A0C91BC942}") = "Lib", "SDK\ConfigurationCompiler\Lib\Lib_VS2019.vcxproj", "{2DF9FFEC-3A34-40A8-9A27-AE3B70BB7FED}"
EndProject
Project("{8BC9CEB8-8B4A-11D0-8D11-00A0C91BC942}") = "Runtime", "SDK\ConfigurationCompiler\Runtime\Runtime_VS2019.vcxproj", "{C9792617-85EB-4E0D-91E2-FA1BDBD3FDCB}"
	ProjectSection(ProjectDependencies) = postProject
		{2DF9FFEC-3A34-40A8-9A27-AE3B70BB7FED} = {2DF9FFEC-3A34-40A8-9A27-AE3B70BB7FED}
	EndProjectSection
EndProject
Project("{8BC9CEB8-8B4A-11D0-8D11-00A0C91BC942}") = "Lib", "SDK\ShaderCompiler\Lib\Lib_VS2019.vcxproj", "{3C5AA5ED-DCC2-450C-A89B-B2EAA2CA5A3B}"
EndProject
Project("{8BC9CEB8-8B4A-11D0-8D11-00A0C91BC942}") = "Runtime", "SDK\ShaderCompiler\Runtime\Runtime_VS2019.vcxproj", "{1A7AFE1F-2F41-42CE-AC21-AE84CE31BBEE}"
	ProjectSection(ProjectDependencies) = postProject
		{3C5AA5ED-DCC2-450C-A89B-B2EAA2CA5A3B} = {3C5AA5ED-DCC2-450C-A89B-B2EAA2CA5A3B}
	EndProjectSection
EndProject
Project("{8BC9CEB8-8B4A-11D0-8D11-00A0C91BC942}") = "Lib", "SDK\Lib\Lib_VS2019.vcxproj", "{C3FE204D-1C94-4D30-8F1B-8ECAD255DBD5}"
	ProjectSection(ProjectDependencies) = postProject
		{5235E952-2EB5-4C49-AC05-ABB7EACEB6F6} = {5235E952-2EB5-4C49-AC05-ABB7EACEB6F6}
		{2DF9FFEC-3A34-40A8-9A27-AE3B70BB7FED} = {2DF9FFEC-3A34-40A8-9A27-AE3B70BB7FED}
		{3C5AA5ED-DCC2-450C-A89B-B2EAA2CA5A3B} = {3C5AA5ED-DCC2-450C-A89B-B2EAA2CA5A3B}
	EndProjectSection
EndProject
Project("{8BC9CEB8-8B4A-11D0-8D11-00A0C91BC942}") = "Runtime", "SDK\Runtime\Runtime_VS2019.vcxproj", "{D9086C44-19F8-40D3-8088-382CD11D7A36}"
	ProjectSection(ProjectDependencies) = postProject
		{C3FE204D-1C94-4D30-8F1B-8ECAD255DBD5} = {C3FE204D-1C94-4D30-8F1B-8ECAD255DBD5}
	EndProjectSection
EndProject
Project("{2150E333-8FDC-42A3-9474-1A3956D46DE8}") = "Demos", "Demos", "{93D76721-9AF4-4E48-804D-0A148E420EC4}"
EndProject
Project("{8BC9CEB8-8B4A-11D0-8D11-00A0C91BC942}") = "EngineDemo", "Demos\EngineDemo\EngineDemo_VS2019.vcxproj", "{90D96CED-3682-4A63-A3B8-257E81733CEF}"
	ProjectSection(ProjectDependencies) = postProject
		{B493F4A1-CD82-465D-8212-FD99FA0145B1} = {B493F4A1-CD82-465D-8212-FD99FA0145B1}
	EndProjectSection
EndProject
Global
	GlobalSection(SolutionConfigurationPlatforms) = preSolution
		Debug|x64 = Debug|x64
		Debug|x86 = Debug|x86
		Profile|x64 = Profile|x64
		Profile|x86 = Profile|x86
		Release|x64 = Release|x64
		Release|x86 = Release|x86
	EndGlobalSection
	GlobalSection(ProjectConfigurationPlatforms) = postSolution
		{371B9FA9-4C90-4AC6-A123-ACED756D6C77}.Debug|x64.ActiveCfg = Debug|x64
		{371B9FA9-4C90-4AC6-A123-ACED756D6C77}.Debug|x64.Build.0 = Debug|x64
		{371B9FA9-4C90-4AC6-A123-ACED756D6C77}.Debug|x86.ActiveCfg = Debug|Win32
		{371B9FA9-4C90-4AC6-A123-ACED756D6C77}.Debug|x86.Build.0 = Debug|Win32
		{371B9FA9-4C90-4AC6-A123-ACED756D6C77}.Profile|x64.ActiveCfg = Profile|x64
		{371B9FA9-4C90-4AC6-A123-ACED756D6C77}.Profile|x64.Build.0 = Profile|x64
		{371B9FA9-4C90-4AC6-A123-ACED756D6C77}.Profile|x86.ActiveCfg = Profile|Win32
		{371B9FA9-4C90-4AC6-A123-ACED756D6C77}.Profile|x86.Build.0 = Profile|Win32
		{371B9FA9-4C90-4AC6-A123-ACED756D6C77}.Release|x64.ActiveCfg = Release|x64
		{371B9FA9-4C90-4AC6-A123-ACED756D6C77}.Release|x64.Build.0 = Release|x64
		{371B9FA9-4C90-4AC6-A123-ACED756D6C77}.Release|x86.ActiveCfg = Release|Win32
		{371B9FA9-4C90-4AC6-A123-ACED756D6C77}.Release|x86.Build.0 = Release|Win32
		{494BB523-139D-4782-9878-D09D012BBEA1}.Debug|x64.ActiveCfg = Debug|x64
		{494BB523-139D-4782-9878-D09D012BBEA1}.Debug|x64.Build.0 = Debug|x64
		{494BB523-139D-4782-9878-D09D012BBEA1}.Debug|x86.ActiveCfg = Debug|Win32
		{494BB523-139D-4782-9878-D09D012BBEA1}.Debug|x86.Build.0 = Debug|Win32
		{494BB523-139D-4782-9878-D09D012BBEA1}.Profile|x64.ActiveCfg = Debug|x64
		{494BB523-139D-4782-9878-D09D012BBEA1}.Profile|x64.Build.0 = Debug|x64
		{494BB523-139D-4782-9878-D09D012BBEA1}.Profile|x86.ActiveCfg = Debug|Win32
		{494BB523-139D-4782-9878-D09D012BBEA1}.Profile|x86.Build.0 = Debug|Win32
		{494BB523-139D-4782-9878-D09D012BBEA1}.Release|x64.ActiveCfg = Release|x64
		{494BB523-139D-4782-9878-D09D012BBEA1}.Release|x64.Build.0 = Release|x64
		{494BB523-139D-4782-9878-D09D012BBEA1}.Release|x86.ActiveCfg = Release|Win32
		{494BB523-139D-4782-9878-D09D012BBEA1}.Release|x86.Build.0 = Release|Win32
		{B493F4A1-CD82-465D-8212-FD99FA0145B1}.Debug|x64.ActiveCfg = Debug|x64
		{B493F4A1-CD82-465D-8212-FD99FA0145B1}.Debug|x64.Build.0 = Debug|x64
		{B493F4A1-CD82-465D-8212-FD99FA0145B1}.Debug|x86.ActiveCfg = Debug|Win32
		{B493F4A1-CD82-465D-8212-FD99FA0145B1}.Debug|x86.Build.0 = Debug|Win32
		{B493F4A1-CD82-465D-8212-FD99FA0145B1}.Profile|x64.ActiveCfg = Debug|x64
		{B493F4A1-CD82-465D-8212-FD99FA0145B1}.Profile|x64.Build.0 = Debug|x64
		{B493F4A1-CD82-465D-8212-FD99FA0145B1}.Profile|x86.ActiveCfg = Debug|Win32
		{B493F4A1-CD82-465D-8212-FD99FA0145B1}.Profile|x86.Build.0 = Debug|Win32
		{B493F4A1-CD82-465D-8212-FD99FA0145B1}.Release|x64.ActiveCfg = Release|x64
		{B493F4A1-CD82-465D-8212-FD99FA0145B1}.Release|x64.Build.0 = Release|x64
		{B493F4A1-CD82-465D-8212-FD99FA0145B1}.Release|x86.ActiveCfg = Release|Win32
		{B493F4A1-CD82-465D-8212-FD99FA0145B1}.Release|x86.Build.0 = Release|Win32
		{9CF3CAC7-ABFA-4B01-88C3-646827263A73}.Debug|x64.ActiveCfg = Debug|x64
		{9CF3CAC7-ABFA-4B01-88C3-646827263A73}.Debug|x64.Build.0 = Debug|x64
		{9CF3CAC7-ABFA-4B01-88C3-646827263A73}.Debug|x86.ActiveCfg = Debug|Win32
		{9CF3CAC7-ABFA-4B01-88C3-646827263A73}.Debug|x86.Build.0 = Debug|Win32
		{9CF3CAC7-ABFA-4B01-88C3-646827263A73}.Profile|x64.ActiveCfg = Debug|x64
		{9CF3CAC7-ABFA-4B01-88C3-646827263A73}.Profile|x64.Build.0 = Debug|x64
		{9CF3CAC7-ABFA-4B01-88C3-646827263A73}.Profile|x86.ActiveCfg = Debug|Win32
		{9CF3CAC7-ABFA-4B01-88C3-646827263A73}.Profile|x86.Build.0 = Debug|Win32
		{9CF3CAC7-ABFA-4B01-88C3-646827263A73}.Release|x64.ActiveCfg = Release|x64
		{9CF3CAC7-ABFA-4B01-88C3-646827263A73}.Release|x64.Build.0 = Release|x64
		{9CF3CAC7-ABFA-4B01-88C3-646827263A73}.Release|x86.ActiveCfg = Release|Win32
		{9CF3CAC7-ABFA-4B01-88C3-646827263A73}.Release|x86.Build.0 = Release|Win32
		{5235E952-2EB5-4C49-AC05-ABB7EACEB6F6}.Debug|x64.ActiveCfg = Debug|x64
		{5235E952-2EB5-4C49-AC05-ABB7EACEB6F6}.Debug|x64.Build.0 = Debug|x64
		{5235E952-2EB5-4C49-AC05-ABB7EACEB6F6}.Debug|x86.ActiveCfg = Debug|Win32
		{5235E952-2EB5-4C49-AC05-ABB7EACEB6F6}.Debug|x86.Build.0 = Debug|Win32
		{5235E952-2EB5-4C49-AC05-ABB7EACEB6F6}.Profile|x64.ActiveCfg = Debug|x64
		{5235E952-2EB5-4C49-AC05-ABB7EACEB6F6}.Profile|x64.Build.0 = Debug|x64
		{5235E952-2EB5-4C49-AC05-ABB7EACEB6F6}.Profile|x86.ActiveCfg = Debug|Win32
		{5235E952-2EB5-4C49-AC05-ABB7EACEB6F6}.Profile|x86.Build.0 = Debug|Win32
		{5235E952-2EB5-4C49-AC05-ABB7EACEB6F6}.Release|x64.ActiveCfg = Release|x64
		{5235E952-2EB5-4C49-AC05-ABB7EACEB6F6}.Release|x64.Build.0 = Release|x64
		{5235E952-2EB5-4C49-AC05-ABB7EACEB6F6}.Release|x86.ActiveCfg = Release|Win32
		{5235E952-2EB5-4C49-AC05-ABB7EACEB6F6}.Release|x86.Build.0 = Release|Win32
		{433DB825-9B12-48D0-ACA3-820063248B5D}.Debug|x64.ActiveCfg = Debug|x64
		{433DB825-9B12-48D0-ACA3-820063248B5D}.Debug|x64.Build.0 = Debug|x64
		{433DB825-9B12-48D0-ACA3-820063248B5D}.Debug|x86.ActiveCfg = Debug|Win32
		{433DB825-9B12-48D0-ACA3-820063248B5D}.Debug|x86.Build.0 = Debug|Win32
		{433DB825-9B12-48D0-ACA3-820063248B5D}.Profile|x64.ActiveCfg = Debug|x64
		{433DB825-9B12-48D0-ACA3-820063248B5D}.Profile|x64.Build.0 = Debug|x64
		{433DB825-9B12-48D0-ACA3-820063248B5D}.Profile|x86.ActiveCfg = Debug|Win32
		{433DB825-9B12-48D0-ACA3-820063248B5D}.Profile|x86.Build.0 = Debug|Win32
		{433DB825-9B12-48D0-ACA3-820063248B5D}.Release|x64.ActiveCfg = Release|x64
		{433DB825-9B12-48D0-ACA3-820063248B5D}.Release|x64.Build.0 = Release|x64
		{433DB825-9B12-48D0-ACA3-820063248B5D}.Release|x86.ActiveCfg = Release|Win32
		{433DB825-9B12-48D0-ACA3-820063248B5D}.Release|x86.Build.0 = Release|Win32
		{2DF9FFEC-3A34-40A8-9A27-AE3B70BB7FED}.Debug|x64.ActiveCfg = Debug|x64
		{2DF9FFEC-3A34-40A8-9A27-AE3B70BB7FED}.Debug|x64.Build.0 = Debug|x64
		{2DF9FFEC-3A34-40A8-9A27-AE3B70BB7FED}.Debug|x86.ActiveCfg = Debug|Win32
		{2DF9FFEC-3A34-40A8-9A27-AE3B70BB7FED}.Debug|x86.Build.0 = Debug|Win32
		{2DF9FFEC-3A34-40A8-9A27-AE3B70BB7FED}.Profile|x64.ActiveCfg = Debug|x64
		{2DF9FFEC-3A34-40A8-9A27-AE3B70BB7FED}.Profile|x64.Build.0 = Debug|x64
		{2DF9FFEC-3A34-40A8-9A27-AE3B70BB7FED}.Profile|x86.ActiveCfg = Debug|Win32
		{2DF9FFEC-3A34-40A8-9A27-AE3B70BB7FED}.Profile|x86.Build.0 = Debug|Win32
		{2DF9FFEC-3A34-40A8-9A27-AE3B70BB7FED}.Release|x64.ActiveCfg = Release|x64
		{2DF9FFEC-3A34-40A8-9A27-AE3B70BB7FED}.Release|x64.Build.0 = Release|x64
		{2DF9FFEC-3A34-40A8-9A27-AE3B70BB7FED}.Release|x86.ActiveCfg = Release|Win32
		{2DF9FFEC-3A34-40A8-9A27-AE3B70BB7FED}.Release|x86.Build.0 = Release|Win32
		{C9792617-85EB-4E0D-91E2-FA1BDBD3FDCB}.Debug|x64.ActiveCfg = Debug|x64
		{C9792617-85EB-4E0D-91E2-FA1BDBD3FDCB}.Debug|x64.Build.0 = Debug|x64
		{C9792617-85EB-4E0D-91E2-FA1BDBD3FDCB}.Debug|x86.ActiveCfg = Debug|Win32
		{C9792617-85EB-4E0D-91E2-FA1BDBD3FDCB}.Debug|x86.Build.0 = Debug|Win32
		{C9792617-85EB-4E0D-91E2-FA1BDBD3FDCB}.Profile|x64.ActiveCfg = Debug|x64
		{C9792617-85EB-4E0D-91E2-FA1BDBD3FDCB}.Profile|x64.Build.0 = Debug|x64
		{C9792617-85EB-4E0D-91E2-FA1BDBD3FDCB}.Profile|x86.ActiveCfg = Debug|Win32
		{C9792617-85EB-4E0D-91E2-FA1BDBD3FDCB}.Profile|x86.Build.0 = Debug|Win32
		{C9792617-85EB-4E0D-91E2-FA1BDBD3FDCB}.Release|x64.ActiveCfg = Release|x64
		{C9792617-85EB-4E0D-91E2-FA1BDBD3FDCB}.Release|x64.Build.0 = Release|x64
		{C9792617-85EB-4E0D-91E2-FA1BDBD3FDCB}.Release|x86.ActiveCfg = Release|Win32
		{C9792617-85EB-4E0D-91E2-FA1BDBD3FDCB}.Release|x86.Build.0 = Release|Win32
		{3C5AA5ED-DCC2-450C-A89B-B2EAA2CA5A3B}.Debug|x64.ActiveCfg = Debug|x64
		{3C5AA5ED-DCC2-450C-A89B-B2EAA2CA5A3B}.Debug|x64.Build.0 = Debug|x64
		{3C5AA5ED-DCC2-450C-A89B-B2EAA2CA5A3B}.Debug|x86.ActiveCfg = Debug|Win32
		{3C5AA5ED-DCC2-450C-A89B-B2EAA2CA5A3B}.Debug|x86.Build.0 = Debug|Win32
		{3C5AA5ED-DCC2-450C-A89B-B2EAA2CA5A3B}.Profile|x64.ActiveCfg = Debug|x64
		{3C5AA5ED-DCC2-450C-A89B-B2EAA2CA5A3B}.Profile|x64.Build.0 = Debug|x64
		{3C5AA5ED-DCC2-450C-A89B-B2EAA2CA5A3B}.Profile|x86.ActiveCfg = Debug|Win32
		{3C5AA5ED-DCC2-450C-A89B-B2EAA2CA5A3B}.Profile|x86.Build.0 = Debug|Win32
		{3C5AA5ED-DCC2-450C-A89B-B2EAA2CA5A3B}.Release|x64.ActiveCfg = Release|x64
		{3C5AA5ED-DCC2-450C-A89B-B2EAA2CA5A3B}.Release|x64.Build.0 = Release|x64
		{3C5AA5ED-DCC2-450C-A89B-B2EAA2CA5A3B}.Release|x86.ActiveCfg = Release|Win32
		{3C5AA5ED-DCC2-450C-A89B-B2EAA2CA5A3B}.Release|x86.Build.0 = Release|Win32
		{1A7AFE1F-2F41-42CE-AC21-AE84CE31BBEE}.Debug|x64.ActiveCfg = Debug|x64
		{1A7AFE1F-2F41-42CE-AC21-AE84CE31BBEE}.Debug|x64.Build.0 = Debug|x64
		{1A7AFE1F-2F41-42CE-AC21-AE84CE31BBEE}.Debug|x86.ActiveCfg = Debug|Win32
		{1A7AFE1F-2F41-42CE-AC21-AE84CE31BBEE}.Debug|x86.Build.0 = Debug|Win32
		{1A7AFE1F-2F41-42CE-AC21-AE84CE31BBEE}.Profile|x64.ActiveCfg = Debug|x64
		{1A7AFE1F-2F41-42CE-AC21-AE84CE31BBEE}.Profile|x64.Build.0 = Debug|x64
		{1A7AFE1F-2F41-42CE-AC21-AE84CE31BBEE}.Profile|x86.ActiveCfg = Debug|Win32
		{1A7AFE1F-2F41-42CE-AC21-AE84CE31BBEE}.Profile|x86.Build.0 = Debug|Win32
		{1A7AFE1F-2F41-42CE-AC21-AE84CE31BBEE}.Release|x64.ActiveCfg = Release|x64
		{1A7AFE1F-2F41-42CE-AC21-AE84CE31BBEE}.Release|x64.Build.0 = Release|x64
		{1A7AFE1F-2F41-42CE-AC21-AE84CE31BBEE}.Release|x86.ActiveCfg = Release|Win32
		{1A7AFE1F-2F41-42CE-AC21-AE84CE31BBEE}.Release|x86.Build.0 = Release|Win32
		{C3FE204D-1C94-4D30-8F1B-8ECAD255DBD5}.Debug|x64.ActiveCfg = Debug|x64
		{C3FE204D-1C94-4D30-8F1B-8ECAD255DBD5}.Debug|x64.Build.0 = Debug|x64
		{C3FE204D-1C94-4D30-8F1B-8ECAD255DBD5}.Debug|x86.ActiveCfg = Debug|Win32
		{C3FE204D-1C94-4D30-8F1B-8ECAD255DBD5}.Debug|x86.Build.0 = Debug|Win32
		{C3FE204D-1C94-4D30-8F1B-8ECAD255DBD5}.Profile|x64.ActiveCfg = Debug|x64
		{C3FE204D-1C94-4D30-8F1B-8ECAD255DBD5}.Profile|x64.Build.0 = Debug|x64
		{C3FE204D-1C94-4D30-8F1B-8ECAD255DBD5}.Profile|x86.ActiveCfg = Debug|Win32
		{C3FE204D-1C94-4D30-8F1B-8ECAD255DBD5}.Profile|x86.Build.0 = Debug|Win32
		{C3FE204D-1C94-4D30-8F1B-8ECAD255DBD5}.Release|x64.ActiveCfg = Release|x64
		{C3FE204D-1C94-4D30-8F1B-8ECAD255DBD5}.Release|x64.Build.0 = Release|x64
		{C3FE204D-1C94-4D30-8F1B-8ECAD255DBD5}.Release|x86.ActiveCfg = Release|Win32
		{C3FE204D-1C94-4D30-8F1B-8ECAD255DBD5}.Release|x86.Build.0 = Release|Win32
		{D9086C44-19F8-40D3-8088-382CD11D7A36}.Debug|x64.ActiveCfg = Debug|x64
		{D9086C44-19F8-40D3-8088-382CD11D7A36}.Debug|x64.Build.0 = Debug|x64
		{D9086C44-19F8-40D3-8088-382CD11D7A36}.Debug|x86.ActiveCfg = Debug|Win32
		{D9086C44-19F8-40D3-8088-382CD11D7A36}.Debug|x86.Build.0 = Debug|Win32
		{D9086C44-19F8-40D3-8088-382CD11D7A36}.Profile|x64.ActiveCfg = Debug|x64
		{D9086C44-19F8-40D3-8088-382CD11D7A36}.Profile|x64.Build.0 = Debug|x64
		{D9086C44-19F8-40D3-8088-382CD11D7A36}.Profile|x86.ActiveCfg = Debug|Win32
		{D9086C44-19F8-40D3-8088-382CD11D7A36}.Profile|x86.Build.0 = Debug|Win32
		{D9086C44-19F8-40D3-8088-382CD11D7A36}.Release|x64.ActiveCfg = Release|x64
		{D9086C44-19F8-40D3-8088-382CD11D7A36}.Release|x64.Build.0 = Release|x64
		{D9086C44-19F8-40D3-8088-382CD11D7A36}.Release|x86.ActiveCfg = Release|Win32
		{D9086C44-19F8-40D3-8088-382CD11D7A36}.Release|x86.Build.0 = Release|Win32
		{90D96CED-3682-4A63-A3B8-257E81733CEF}.Debug|x64.ActiveCfg = Debug|x64
		{90D96CED-3682-4A63-A3B8-257E81733CEF}.Debug|x64.Build.0 = Debug|x64
		{90D96CED-3682-4A63-A3B8-257E81733CEF}.Debug|x86.ActiveCfg = Debug|Win32
		{90D96CED-3682-4A63-A3B8-257E81733CEF}.Debug|x86.Build.0 = Debug|Win32
		{90D96CED-3682-4A63-A3B8-257E81733CEF}.Profile|x64.ActiveCfg = Debug|x64
		{90D96CED-3682-4A63-A3B8-257E81733CEF}.Profile|x64.Build.0 = Debug|x64
		{90D96CED-3682-4A63-A3B8-257E81733CEF}.Profile|x86.ActiveCfg = Debug|Win32
		{90D96CED-3682-4A63-A3B8-257E81733CEF}.Profile|x86.Build.0 = Debug|Win32
		{90D96CED-3682-4A63-A3B8-257E81733CEF}.Release|x64.ActiveCfg = Release|x64
		{90D96CED-3682-4A63-A3B8-257E81733CEF}.Release|x64.Build.0 = Release|x64
		{90D96CED-3682-4A63-A3B8-257E81733CEF}.Release|x86.ActiveCfg = Release|Win32
		{90D96CED-3682-4A63-A3B8-257E81733CEF}.Release|x86.Build.0 = Release|Win32
	EndGlobalSection
	GlobalSection(SolutionProperties) = preSolution
		HideSolutionNode = FALSE
	EndGlobalSection
	GlobalSection(NestedProjects) = preSolution
		{34790377-8689-4E58-8744-DE4E66454DF6} = {9A443CB1-6864-47D4-991D-4D5DA2D8260D}
		{5208E612-251D-45FC-B5C5-BFEA687ABAEF} = {B8687A6E-5ADF-485E-8BF9-A6E823E44076}
		{9C00F8B3-6D56-41CE-BB4B-F15AF919446F} = {B8687A6E-5ADF-485E-8BF9-A6E823E44076}
		{4070C724-832A-46B2-8A80-BE5C06E6C886} = {B8687A6E-5ADF-485E-8BF9-A6E823E44076}
		{371B9FA9-4C90-4AC6-A123-ACED756D6C77} = {34790377-8689-4E58-8744-DE4E66454DF6}
		{494BB523-139D-4782-9878-D09D012BBEA1} = {BEEDEADD-59C0-41CE-B168-8033D6D28B71}
		{5235E952-2EB5-4C49-AC05-ABB7EACEB6F6} = {9C00F8B3-6D56-41CE-BB4B-F15AF919446F}
		{433DB825-9B12-48D0-ACA3-820063248B5D} = {9C00F8B3-6D56-41CE-BB4B-F15AF919446F}
		{2DF9FFEC-3A34-40A8-9A27-AE3B70BB7FED} = {4070C724-832A-46B2-8A80-BE5C06E6C886}
		{C9792617-85EB-4E0D-91E2-FA1BDBD3FDCB} = {4070C724-832A-46B2-8A80-BE5C06E6C886}
		{3C5AA5ED-DCC2-450C-A89B-B2EAA2CA5A3B} = {5208E612-251D-45FC-B5C5-BFEA687ABAEF}
		{1A7AFE1F-2F41-42CE-AC21-AE84CE31BBEE} = {5208E612-251D-45FC-B5C5-BFEA687ABAEF}
		{C3FE204D-1C94-4D30-8F1B-8ECAD255DBD5} = {B8687A6E-5ADF-485E-8BF9-A6E823E44076}
		{D9086C44-19F8-40D3-8088-382CD11D7A36} = {B8687A6E-5ADF-485E-8BF9-A6E823E44076}
		{90D96CED-3682-4A63-A3B8-257E81733CEF} = {93D76721-9AF4-4E48-804D-0A148E420EC4}
	EndGlobalSection
	GlobalSection(ExtensibilityGlobals) = postSolution
		SolutionGuid = {46D85E63-7E12-4E3D-8B5C-E5E2CFD04116}
	EndGlobalSection
EndGlobal
